// !$*UTF8*$!
{
	archiveVersion = 1;
	classes = {
	};
	objectVersion = 46;
	objects = {

/* Begin PBXBuildFile section */
		6D0B29D21863929A00A27014 /* EPMainMenuListViewControllerTests.m in Sources */ = {isa = PBXBuildFile; fileRef = 6D0B29D11863929A00A27014 /* EPMainMenuListViewControllerTests.m */; };
		6D268D2515AEB1E300946FE5 /* EPQuestionsTableViewControllerAppTests.m in Sources */ = {isa = PBXBuildFile; fileRef = 6D268D2415AEB1E300946FE5 /* EPQuestionsTableViewControllerAppTests.m */; };
		6D268D2815B0448400946FE5 /* EPAppDelegateTests.m in Sources */ = {isa = PBXBuildFile; fileRef = 6D268D2715B0448400946FE5 /* EPAppDelegateTests.m */; };
		6D268D2915B0497B00946FE5 /* EPAppDelegate.m in Sources */ = {isa = PBXBuildFile; fileRef = D387EF1F1536EF0400635736 /* EPAppDelegate.m */; };
		6D3B883415B0C8FA008EF63B /* EPAddQuestionViewController.m in Sources */ = {isa = PBXBuildFile; fileRef = 6D3B883315B0C8FA008EF63B /* EPAddQuestionViewController.m */; };
		6D3B883715B0D016008EF63B /* EPAddQuestionDelegateProtocol.h in Headers */ = {isa = PBXBuildFile; fileRef = 6D3B883615B0D016008EF63B /* EPAddQuestionDelegateProtocol.h */; };
		6D3B883A15B0D12E008EF63B /* EPAddQuestionViewControllerTests.m in Sources */ = {isa = PBXBuildFile; fileRef = 6D3B883915B0D12E008EF63B /* EPAddQuestionViewControllerTests.m */; };
		6D3B883B15B0D9BB008EF63B /* EPAddQuestionViewController.m in Sources */ = {isa = PBXBuildFile; fileRef = 6D3B883315B0C8FA008EF63B /* EPAddQuestionViewController.m */; };
		6D5421DB1595148A0079061F /* EPQuestionsTableViewController.m in Sources */ = {isa = PBXBuildFile; fileRef = 6D5421DA1595148A0079061F /* EPQuestionsTableViewController.m */; };
		6D5C238115AB94EA005EAEBB /* EPQuestionsSmartTableViewCell.h in Headers */ = {isa = PBXBuildFile; fileRef = 6D5C237F15AB94EA005EAEBB /* EPQuestionsSmartTableViewCell.h */; };
		6D5C238215AB94EA005EAEBB /* EPQuestionsSmartTableViewCell.m in Sources */ = {isa = PBXBuildFile; fileRef = 6D5C238015AB94EA005EAEBB /* EPQuestionsSmartTableViewCell.m */; };
		6D5CC2DB185B84C70017CDD1 /* libLibrary.a in Frameworks */ = {isa = PBXBuildFile; fileRef = D3C1F5E015A4544200F0900D /* libLibrary.a */; };
		6D5CC2DC185B84E40017CDD1 /* libOCMock.a in Frameworks */ = {isa = PBXBuildFile; fileRef = D3972BE3157EBAB0000C1819 /* libOCMock.a */; };
		6D5CC2DD185B84FF0017CDD1 /* XCTest.framework in Frameworks */ = {isa = PBXBuildFile; fileRef = 6DB92145185AA78D00440656 /* XCTest.framework */; };
		6D7FD6D218639B4400988B44 /* XCTest.framework in Frameworks */ = {isa = PBXBuildFile; fileRef = 6DB92145185AA78D00440656 /* XCTest.framework */; };
		6D82D54E185BB3F200CC75D7 /* XCTest.framework in Frameworks */ = {isa = PBXBuildFile; fileRef = 6DB92145185AA78D00440656 /* XCTest.framework */; };
		6D83807D175FA5B400B305A5 /* Default-568h@2x.png in Resources */ = {isa = PBXBuildFile; fileRef = 6D83807C175FA5B400B305A5 /* Default-568h@2x.png */; };
		6D92CA2B15AB4916002602C4 /* EPQuestionsTableViewControllerTests.m in Sources */ = {isa = PBXBuildFile; fileRef = 6D92CA2A15AB4916002602C4 /* EPQuestionsTableViewControllerTests.m */; };
		6D92CA2D15AB4C77002602C4 /* EPQuestionsTableViewController.m in Sources */ = {isa = PBXBuildFile; fileRef = 6D5421DA1595148A0079061F /* EPQuestionsTableViewController.m */; };
		6DB92146185AA78D00440656 /* XCTest.framework in Frameworks */ = {isa = PBXBuildFile; fileRef = 6DB92145185AA78D00440656 /* XCTest.framework */; };
		6DB92147185AA7DC00440656 /* libLibrary.a in Frameworks */ = {isa = PBXBuildFile; fileRef = D3C1F5E015A4544200F0900D /* libLibrary.a */; };
		6DB92148185AA84200440656 /* libLibrary.a in Frameworks */ = {isa = PBXBuildFile; fileRef = D3C1F5E015A4544200F0900D /* libLibrary.a */; };
		D338B77E153B0DE200611765 /* EPPlanningPokerViewController.m in Sources */ = {isa = PBXBuildFile; fileRef = D338B77D153B0DE200611765 /* EPPlanningPokerViewController.m */; };
		D387EF101536EF0400635736 /* UIKit.framework in Frameworks */ = {isa = PBXBuildFile; fileRef = D387EF0F1536EF0400635736 /* UIKit.framework */; };
		D387EF121536EF0400635736 /* Foundation.framework in Frameworks */ = {isa = PBXBuildFile; fileRef = D387EF111536EF0400635736 /* Foundation.framework */; };
		D387EF141536EF0400635736 /* CoreGraphics.framework in Frameworks */ = {isa = PBXBuildFile; fileRef = D387EF131536EF0400635736 /* CoreGraphics.framework */; };
		D387EF1A1536EF0400635736 /* InfoPlist.strings in Resources */ = {isa = PBXBuildFile; fileRef = D387EF181536EF0400635736 /* InfoPlist.strings */; };
		D387EF1C1536EF0400635736 /* main.m in Sources */ = {isa = PBXBuildFile; fileRef = D387EF1B1536EF0400635736 /* main.m */; };
		D387EF201536EF0400635736 /* EPAppDelegate.m in Sources */ = {isa = PBXBuildFile; fileRef = D387EF1F1536EF0400635736 /* EPAppDelegate.m */; };
		D387EF231536EF0400635736 /* MainStoryboard.storyboard in Resources */ = {isa = PBXBuildFile; fileRef = D387EF211536EF0400635736 /* MainStoryboard.storyboard */; };
		D387EF261536EF0400635736 /* EPViewController.m in Sources */ = {isa = PBXBuildFile; fileRef = D387EF251536EF0400635736 /* EPViewController.m */; };
		D387EF2F1536EF0500635736 /* UIKit.framework in Frameworks */ = {isa = PBXBuildFile; fileRef = D387EF0F1536EF0400635736 /* UIKit.framework */; };
		D387EF301536EF0500635736 /* Foundation.framework in Frameworks */ = {isa = PBXBuildFile; fileRef = D387EF111536EF0400635736 /* Foundation.framework */; };
		D387EF381536EF0500635736 /* InfoPlist.strings in Resources */ = {isa = PBXBuildFile; fileRef = D387EF361536EF0500635736 /* InfoPlist.strings */; };
		D387EF3B1536EF0500635736 /* EPMainMenuListViewControllerAppTests.m in Sources */ = {isa = PBXBuildFile; fileRef = D387EF3A1536EF0500635736 /* EPMainMenuListViewControllerAppTests.m */; };
		D387EF461536FADF00635736 /* EPTopicsListViewController.m in Sources */ = {isa = PBXBuildFile; fileRef = D387EF451536FADF00635736 /* EPTopicsListViewController.m */; };
		D387EF491537192600635736 /* EPTopicDetailsViewController.m in Sources */ = {isa = PBXBuildFile; fileRef = D387EF481537192600635736 /* EPTopicDetailsViewController.m */; };
		D39656B115B63676009D082E /* QATiPhoneIcon.png in Resources */ = {isa = PBXBuildFile; fileRef = D39656B015B63676009D082E /* QATiPhoneIcon.png */; };
		D39656B315B6367D009D082E /* QATiPhoneIcon@2x.png in Resources */ = {isa = PBXBuildFile; fileRef = D39656B215B6367D009D082E /* QATiPhoneIcon@2x.png */; };
		D39656B515B639F1009D082E /* Default.png in Resources */ = {isa = PBXBuildFile; fileRef = D39656B415B639F1009D082E /* Default.png */; };
		D39656B715B639F8009D082E /* Default@2x.png in Resources */ = {isa = PBXBuildFile; fileRef = D39656B615B639F8009D082E /* Default@2x.png */; };
		D3972841157D07FC000C1819 /* Concepts.png in Resources */ = {isa = PBXBuildFile; fileRef = D397282F157D07FC000C1819 /* Concepts.png */; };
		D3972842157D07FC000C1819 /* Concepts@2x.png in Resources */ = {isa = PBXBuildFile; fileRef = D3972830157D07FC000C1819 /* Concepts@2x.png */; };
		D3972843157D07FC000C1819 /* ConceptsHighlighted.png in Resources */ = {isa = PBXBuildFile; fileRef = D3972831157D07FC000C1819 /* ConceptsHighlighted.png */; };
		D3972844157D07FC000C1819 /* ConceptsHighlighted@2x.png in Resources */ = {isa = PBXBuildFile; fileRef = D3972832157D07FC000C1819 /* ConceptsHighlighted@2x.png */; };
		D3972845157D07FC000C1819 /* PlanningPoker.png in Resources */ = {isa = PBXBuildFile; fileRef = D3972833157D07FC000C1819 /* PlanningPoker.png */; };
		D3972846157D07FC000C1819 /* PlanningPoker2.png in Resources */ = {isa = PBXBuildFile; fileRef = D3972834157D07FC000C1819 /* PlanningPoker2.png */; };
		D3972847157D07FC000C1819 /* PlanningPoker2@2x.png in Resources */ = {isa = PBXBuildFile; fileRef = D3972835157D07FC000C1819 /* PlanningPoker2@2x.png */; };
		D3972848157D07FC000C1819 /* PlanningPoker2Highlighted.png in Resources */ = {isa = PBXBuildFile; fileRef = D3972836157D07FC000C1819 /* PlanningPoker2Highlighted.png */; };
		D3972849157D07FC000C1819 /* PlanningPoker2Highlighted@2x.png in Resources */ = {isa = PBXBuildFile; fileRef = D3972837157D07FC000C1819 /* PlanningPoker2Highlighted@2x.png */; };
		D397284A157D07FC000C1819 /* PlanningPoker@2x.png in Resources */ = {isa = PBXBuildFile; fileRef = D3972838157D07FC000C1819 /* PlanningPoker@2x.png */; };
		D397284B157D07FC000C1819 /* PlanningPokerCard.png in Resources */ = {isa = PBXBuildFile; fileRef = D3972839157D07FC000C1819 /* PlanningPokerCard.png */; };
		D397284C157D07FC000C1819 /* PlanninPokerCard.png in Resources */ = {isa = PBXBuildFile; fileRef = D397283A157D07FC000C1819 /* PlanninPokerCard.png */; };
		D397284D157D07FC000C1819 /* QATBackground.png in Resources */ = {isa = PBXBuildFile; fileRef = D397283B157D07FC000C1819 /* QATBackground.png */; };
		D397284E157D07FC000C1819 /* QATBackground@2x.png in Resources */ = {isa = PBXBuildFile; fileRef = D397283C157D07FC000C1819 /* QATBackground@2x.png */; };
		D397284F157D07FC000C1819 /* QATBackgroundR.png in Resources */ = {isa = PBXBuildFile; fileRef = D397283D157D07FC000C1819 /* QATBackgroundR.png */; };
		D3972850157D07FC000C1819 /* QATBackgroundR@2x.png in Resources */ = {isa = PBXBuildFile; fileRef = D397283E157D07FC000C1819 /* QATBackgroundR@2x.png */; };
		D3972851157D07FC000C1819 /* QuantumNavigationBarLogo.png in Resources */ = {isa = PBXBuildFile; fileRef = D397283F157D07FC000C1819 /* QuantumNavigationBarLogo.png */; };
		D3972852157D07FC000C1819 /* QuantumNavigationBarLogo@2x.png in Resources */ = {isa = PBXBuildFile; fileRef = D3972840157D07FC000C1819 /* QuantumNavigationBarLogo@2x.png */; };
		D3972859157D0811000C1819 /* ProductOwner.html in Resources */ = {isa = PBXBuildFile; fileRef = D3972856157D0811000C1819 /* ProductOwner.html */; };
		D397285A157D0811000C1819 /* ScrumMaster.html in Resources */ = {isa = PBXBuildFile; fileRef = D3972857157D0811000C1819 /* ScrumMaster.html */; };
		D397285B157D4438000C1819 /* tapDetector.js in Resources */ = {isa = PBXBuildFile; fileRef = D3972855157D0811000C1819 /* tapDetector.js */; };
		D3972B88157D4F91000C1819 /* EPMainMenuListViewController.m in Sources */ = {isa = PBXBuildFile; fileRef = D3972B87157D4F91000C1819 /* EPMainMenuListViewController.m */; };
		D3972B9E157D89C7000C1819 /* UIKit.framework in Frameworks */ = {isa = PBXBuildFile; fileRef = D387EF0F1536EF0400635736 /* UIKit.framework */; };
		D3972B9F157D89C7000C1819 /* Foundation.framework in Frameworks */ = {isa = PBXBuildFile; fileRef = D387EF111536EF0400635736 /* Foundation.framework */; };
		D3972BA5157D89C7000C1819 /* InfoPlist.strings in Resources */ = {isa = PBXBuildFile; fileRef = D3972BA3157D89C7000C1819 /* InfoPlist.strings */; };
		D3972BE4157EBAB0000C1819 /* libOCMock.a in Frameworks */ = {isa = PBXBuildFile; fileRef = D3972BE3157EBAB0000C1819 /* libOCMock.a */; };
		D3972BE5157EBAB0000C1819 /* libOCMock.a in Frameworks */ = {isa = PBXBuildFile; fileRef = D3972BE3157EBAB0000C1819 /* libOCMock.a */; };
		D3A7B49415AAEF5700DD6772 /* EPQuestionsDataSourceDelegateProtocol.h in Headers */ = {isa = PBXBuildFile; fileRef = D3A7B49315AAEF5700DD6772 /* EPQuestionsDataSourceDelegateProtocol.h */; };
		D3A7B49F15AB011C00DD6772 /* UIKit.framework in Frameworks */ = {isa = PBXBuildFile; fileRef = D387EF0F1536EF0400635736 /* UIKit.framework */; };
		D3A7B4A015AB011C00DD6772 /* Foundation.framework in Frameworks */ = {isa = PBXBuildFile; fileRef = D387EF111536EF0400635736 /* Foundation.framework */; };
		D3A7B4A615AB011C00DD6772 /* InfoPlist.strings in Resources */ = {isa = PBXBuildFile; fileRef = D3A7B4A415AB011C00DD6772 /* InfoPlist.strings */; };
		D3A7B4B015AB01E300DD6772 /* libLibrary.a in Frameworks */ = {isa = PBXBuildFile; fileRef = D3C1F5E015A4544200F0900D /* libLibrary.a */; };
		D3A7B4B315AB022800DD6772 /* EPDataSourceChainTests.m in Sources */ = {isa = PBXBuildFile; fileRef = D3A7B4B215AB022800DD6772 /* EPDataSourceChainTests.m */; };
		D3A7B4BA15B37F9400DD6772 /* EPPostURLRequestTests.m in Sources */ = {isa = PBXBuildFile; fileRef = D3A7B4B915B37F9400DD6772 /* EPPostURLRequestTests.m */; };
		D3A7B4BF15B383FD00DD6772 /* EPJSONPostURLRequest.m in Sources */ = {isa = PBXBuildFile; fileRef = D3A7B4BD15B383FD00DD6772 /* EPJSONPostURLRequest.m */; };
		D3A7B4C215B3953E00DD6772 /* EPQuestionPostmanTests.m in Sources */ = {isa = PBXBuildFile; fileRef = D3A7B4C115B3953E00DD6772 /* EPQuestionPostmanTests.m */; };
		D3A7B4C515B4B3DF00DD6772 /* EPQuestionPostman.h in Headers */ = {isa = PBXBuildFile; fileRef = D3A7B4C315B4B3DF00DD6772 /* EPQuestionPostman.h */; };
		D3A7B4C615B4B3DF00DD6772 /* EPQuestionPostman.m in Sources */ = {isa = PBXBuildFile; fileRef = D3A7B4C415B4B3DF00DD6772 /* EPQuestionPostman.m */; };
		D3C1F5E115A4544200F0900D /* Foundation.framework in Frameworks */ = {isa = PBXBuildFile; fileRef = D387EF111536EF0400635736 /* Foundation.framework */; };
		D3C1F5E715A4544200F0900D /* EPConnection.m in Sources */ = {isa = PBXBuildFile; fileRef = D3C1F5E615A4544200F0900D /* EPConnection.m */; };
		D3C1F5EF15A4544300F0900D /* UIKit.framework in Frameworks */ = {isa = PBXBuildFile; fileRef = D387EF0F1536EF0400635736 /* UIKit.framework */; };
		D3C1F5F015A4544300F0900D /* Foundation.framework in Frameworks */ = {isa = PBXBuildFile; fileRef = D387EF111536EF0400635736 /* Foundation.framework */; };
		D3C1F5F915A4544300F0900D /* InfoPlist.strings in Resources */ = {isa = PBXBuildFile; fileRef = D3C1F5F715A4544300F0900D /* InfoPlist.strings */; };
		D3C1F60315A4577E00F0900D /* EPConnectionTests.m in Sources */ = {isa = PBXBuildFile; fileRef = D3C1F5D915A37F3100F0900D /* EPConnectionTests.m */; };
		D3C986E115A7543B007A41D8 /* EPMainMenuListViewController.m in Sources */ = {isa = PBXBuildFile; fileRef = D3972B87157D4F91000C1819 /* EPMainMenuListViewController.m */; };
		D3C986E215A782D8007A41D8 /* UIKit.framework in Frameworks */ = {isa = PBXBuildFile; fileRef = D387EF0F1536EF0400635736 /* UIKit.framework */; };
		D3C986E515A7832F007A41D8 /* EPSmartTableViewCellTest.m in Sources */ = {isa = PBXBuildFile; fileRef = D3C986E415A7832F007A41D8 /* EPSmartTableViewCellTest.m */; };
		D3C986E815A78409007A41D8 /* EPSmartTableViewCell.h in Headers */ = {isa = PBXBuildFile; fileRef = D3C986E615A78409007A41D8 /* EPSmartTableViewCell.h */; };
		D3C986E915A78409007A41D8 /* EPSmartTableViewCell.m in Sources */ = {isa = PBXBuildFile; fileRef = D3C986E715A78409007A41D8 /* EPSmartTableViewCell.m */; };
		D3C986EE15A793E7007A41D8 /* EPMenuListSmartTableViewCellTests.m in Sources */ = {isa = PBXBuildFile; fileRef = D3C986ED15A793E7007A41D8 /* EPMenuListSmartTableViewCellTests.m */; };
		D3C986F115A7955F007A41D8 /* EPMenuListSmartTableViewCell.h in Headers */ = {isa = PBXBuildFile; fileRef = D3C986EF15A7955F007A41D8 /* EPMenuListSmartTableViewCell.h */; };
		D3C986F215A7955F007A41D8 /* EPMenuListSmartTableViewCell.m in Sources */ = {isa = PBXBuildFile; fileRef = D3C986F015A7955F007A41D8 /* EPMenuListSmartTableViewCell.m */; };
		D3C986FA15A89E1C007A41D8 /* EPQuestionsDataSourceTests.m in Sources */ = {isa = PBXBuildFile; fileRef = D3C986F915A89E1C007A41D8 /* EPQuestionsDataSourceTests.m */; };
		D3C986FE15A9E6DE007A41D8 /* EPConnectionProtocol.h in Headers */ = {isa = PBXBuildFile; fileRef = D3C986FD15A9E6DE007A41D8 /* EPConnectionProtocol.h */; };
		D3C9870115A9EB0A007A41D8 /* EPQuestionsDataSource.h in Headers */ = {isa = PBXBuildFile; fileRef = D3C986FF15A9EB0A007A41D8 /* EPQuestionsDataSource.h */; };
		D3C9870215A9EB0A007A41D8 /* EPQuestionsDataSource.m in Sources */ = {isa = PBXBuildFile; fileRef = D3C9870015A9EB0A007A41D8 /* EPQuestionsDataSource.m */; };
		D3C9870415A9F38B007A41D8 /* EPConnectionDelegateProtocol.h in Headers */ = {isa = PBXBuildFile; fileRef = D3C9870315A9F38B007A41D8 /* EPConnectionDelegateProtocol.h */; };
		D3CA100115B4FABA003B2D4E /* EPJSONPostURLRequest.h in Headers */ = {isa = PBXBuildFile; fileRef = D3A7B4BC15B383FD00DD6772 /* EPJSONPostURLRequest.h */; };
		D3CA100315B58600003B2D4E /* EPPostmanDelegateProtocol.h in Headers */ = {isa = PBXBuildFile; fileRef = D3CA100215B585FF003B2D4E /* EPPostmanDelegateProtocol.h */; };
		D3CA100615B58CFD003B2D4E /* EPQuestionPostmanIntegrationTests.m in Sources */ = {isa = PBXBuildFile; fileRef = D3CA100515B58CFD003B2D4E /* EPQuestionPostmanIntegrationTests.m */; };
		D3CA100815B594A3003B2D4E /* EPPostmanProtocol.h in Headers */ = {isa = PBXBuildFile; fileRef = D3CA100715B594A3003B2D4E /* EPPostmanProtocol.h */; };
		D3CA100B15B59E79003B2D4E /* libLibrary.a in Frameworks */ = {isa = PBXBuildFile; fileRef = D3C1F5E015A4544200F0900D /* libLibrary.a */; };
/* End PBXBuildFile section */

/* Begin PBXContainerItemProxy section */
		6D7FD6D018639AFF00988B44 /* PBXContainerItemProxy */ = {
			isa = PBXContainerItemProxy;
			containerPortal = D387EF021536EF0400635736 /* Project object */;
			proxyType = 1;
			remoteGlobalIDString = D387EF0A1536EF0400635736;
			remoteInfo = AgileToolbox;
		};
		6D813856185FE1DA00A5A283 /* PBXContainerItemProxy */ = {
			isa = PBXContainerItemProxy;
			containerPortal = D387EF021536EF0400635736 /* Project object */;
			proxyType = 1;
			remoteGlobalIDString = D387EF0A1536EF0400635736;
			remoteInfo = AgileToolbox;
		};
		6D8579A8186FB52F00DCC000 /* PBXContainerItemProxy */ = {
			isa = PBXContainerItemProxy;
			containerPortal = D387EF021536EF0400635736 /* Project object */;
			proxyType = 1;
			remoteGlobalIDString = D3C1F5DF15A4544200F0900D;
			remoteInfo = Library;
		};
		6DB92149185AA85700440656 /* PBXContainerItemProxy */ = {
			isa = PBXContainerItemProxy;
			containerPortal = D387EF021536EF0400635736 /* Project object */;
			proxyType = 1;
			remoteGlobalIDString = D387EF0A1536EF0400635736;
			remoteInfo = AgileToolbox;
		};
		D387EF311536EF0500635736 /* PBXContainerItemProxy */ = {
			isa = PBXContainerItemProxy;
			containerPortal = D387EF021536EF0400635736 /* Project object */;
			proxyType = 1;
			remoteGlobalIDString = D387EF0A1536EF0400635736;
			remoteInfo = AgileToolbox;
		};
		D3A7B4AE15AB01D700DD6772 /* PBXContainerItemProxy */ = {
			isa = PBXContainerItemProxy;
			containerPortal = D387EF021536EF0400635736 /* Project object */;
			proxyType = 1;
			remoteGlobalIDString = D3C1F5DF15A4544200F0900D;
			remoteInfo = Library;
		};
		D3C986F515A79ECD007A41D8 /* PBXContainerItemProxy */ = {
			isa = PBXContainerItemProxy;
			containerPortal = D387EF021536EF0400635736 /* Project object */;
			proxyType = 1;
			remoteGlobalIDString = D3C1F5DF15A4544200F0900D;
			remoteInfo = Library;
		};
/* End PBXContainerItemProxy section */

/* Begin PBXFileReference section */
		6D0B29D11863929A00A27014 /* EPMainMenuListViewControllerTests.m */ = {isa = PBXFileReference; fileEncoding = 4; lastKnownFileType = sourcecode.c.objc; path = EPMainMenuListViewControllerTests.m; sourceTree = "<group>"; };
		6D268D2415AEB1E300946FE5 /* EPQuestionsTableViewControllerAppTests.m */ = {isa = PBXFileReference; fileEncoding = 4; lastKnownFileType = sourcecode.c.objc; path = EPQuestionsTableViewControllerAppTests.m; sourceTree = "<group>"; };
		6D268D2715B0448400946FE5 /* EPAppDelegateTests.m */ = {isa = PBXFileReference; fileEncoding = 4; lastKnownFileType = sourcecode.c.objc; path = EPAppDelegateTests.m; sourceTree = "<group>"; };
		6D3B883215B0C8FA008EF63B /* EPAddQuestionViewController.h */ = {isa = PBXFileReference; fileEncoding = 4; lastKnownFileType = sourcecode.c.h; path = EPAddQuestionViewController.h; sourceTree = "<group>"; };
		6D3B883315B0C8FA008EF63B /* EPAddQuestionViewController.m */ = {isa = PBXFileReference; fileEncoding = 4; lastKnownFileType = sourcecode.c.objc; path = EPAddQuestionViewController.m; sourceTree = "<group>"; };
		6D3B883615B0D016008EF63B /* EPAddQuestionDelegateProtocol.h */ = {isa = PBXFileReference; fileEncoding = 4; lastKnownFileType = sourcecode.c.h; path = EPAddQuestionDelegateProtocol.h; sourceTree = "<group>"; };
		6D3B883915B0D12E008EF63B /* EPAddQuestionViewControllerTests.m */ = {isa = PBXFileReference; fileEncoding = 4; lastKnownFileType = sourcecode.c.objc; path = EPAddQuestionViewControllerTests.m; sourceTree = "<group>"; };
		6D5421D91595148A0079061F /* EPQuestionsTableViewController.h */ = {isa = PBXFileReference; fileEncoding = 4; lastKnownFileType = sourcecode.c.h; path = EPQuestionsTableViewController.h; sourceTree = "<group>"; };
		6D5421DA1595148A0079061F /* EPQuestionsTableViewController.m */ = {isa = PBXFileReference; fileEncoding = 4; lastKnownFileType = sourcecode.c.objc; path = EPQuestionsTableViewController.m; sourceTree = "<group>"; };
		6D5C237F15AB94EA005EAEBB /* EPQuestionsSmartTableViewCell.h */ = {isa = PBXFileReference; fileEncoding = 4; lastKnownFileType = sourcecode.c.h; path = EPQuestionsSmartTableViewCell.h; sourceTree = "<group>"; };
		6D5C238015AB94EA005EAEBB /* EPQuestionsSmartTableViewCell.m */ = {isa = PBXFileReference; fileEncoding = 4; lastKnownFileType = sourcecode.c.objc; path = EPQuestionsSmartTableViewCell.m; sourceTree = "<group>"; };
		6D83807C175FA5B400B305A5 /* Default-568h@2x.png */ = {isa = PBXFileReference; lastKnownFileType = image.png; path = "Default-568h@2x.png"; sourceTree = "<group>"; };
		6D8579A7186E5E1B00DCC000 /* EPQuestionsDataSourceProtocol.h */ = {isa = PBXFileReference; fileEncoding = 4; lastKnownFileType = sourcecode.c.h; name = EPQuestionsDataSourceProtocol.h; path = ExternalDependenciesProtocols/EPQuestionsDataSourceProtocol.h; sourceTree = "<group>"; };
		6D92CA2A15AB4916002602C4 /* EPQuestionsTableViewControllerTests.m */ = {isa = PBXFileReference; fileEncoding = 4; lastKnownFileType = sourcecode.c.objc; path = EPQuestionsTableViewControllerTests.m; sourceTree = "<group>"; };
		6DB92145185AA78D00440656 /* XCTest.framework */ = {isa = PBXFileReference; lastKnownFileType = wrapper.framework; name = XCTest.framework; path = Library/Frameworks/XCTest.framework; sourceTree = DEVELOPER_DIR; };
		D338B77C153B0DE200611765 /* EPPlanningPokerViewController.h */ = {isa = PBXFileReference; fileEncoding = 4; lastKnownFileType = sourcecode.c.h; path = EPPlanningPokerViewController.h; sourceTree = "<group>"; };
		D338B77D153B0DE200611765 /* EPPlanningPokerViewController.m */ = {isa = PBXFileReference; fileEncoding = 4; lastKnownFileType = sourcecode.c.objc; path = EPPlanningPokerViewController.m; sourceTree = "<group>"; };
		D387EF0B1536EF0400635736 /* AgileToolbox.app */ = {isa = PBXFileReference; explicitFileType = wrapper.application; includeInIndex = 0; path = AgileToolbox.app; sourceTree = BUILT_PRODUCTS_DIR; };
		D387EF0F1536EF0400635736 /* UIKit.framework */ = {isa = PBXFileReference; lastKnownFileType = wrapper.framework; name = UIKit.framework; path = System/Library/Frameworks/UIKit.framework; sourceTree = SDKROOT; };
		D387EF111536EF0400635736 /* Foundation.framework */ = {isa = PBXFileReference; lastKnownFileType = wrapper.framework; name = Foundation.framework; path = System/Library/Frameworks/Foundation.framework; sourceTree = SDKROOT; };
		D387EF131536EF0400635736 /* CoreGraphics.framework */ = {isa = PBXFileReference; lastKnownFileType = wrapper.framework; name = CoreGraphics.framework; path = System/Library/Frameworks/CoreGraphics.framework; sourceTree = SDKROOT; };
		D387EF171536EF0400635736 /* AgileToolbox-Info.plist */ = {isa = PBXFileReference; lastKnownFileType = text.plist.xml; path = "AgileToolbox-Info.plist"; sourceTree = "<group>"; };
		D387EF191536EF0400635736 /* en */ = {isa = PBXFileReference; lastKnownFileType = text.plist.strings; name = en; path = en.lproj/InfoPlist.strings; sourceTree = "<group>"; };
		D387EF1B1536EF0400635736 /* main.m */ = {isa = PBXFileReference; lastKnownFileType = sourcecode.c.objc; path = main.m; sourceTree = "<group>"; };
		D387EF1D1536EF0400635736 /* AgileToolbox-Prefix.pch */ = {isa = PBXFileReference; lastKnownFileType = sourcecode.c.h; path = "AgileToolbox-Prefix.pch"; sourceTree = "<group>"; };
		D387EF1E1536EF0400635736 /* EPAppDelegate.h */ = {isa = PBXFileReference; lastKnownFileType = sourcecode.c.h; path = EPAppDelegate.h; sourceTree = "<group>"; };
		D387EF1F1536EF0400635736 /* EPAppDelegate.m */ = {isa = PBXFileReference; lastKnownFileType = sourcecode.c.objc; path = EPAppDelegate.m; sourceTree = "<group>"; };
		D387EF221536EF0400635736 /* en */ = {isa = PBXFileReference; lastKnownFileType = file.storyboard; name = en; path = en.lproj/MainStoryboard.storyboard; sourceTree = "<group>"; };
		D387EF241536EF0400635736 /* EPViewController.h */ = {isa = PBXFileReference; lastKnownFileType = sourcecode.c.h; path = EPViewController.h; sourceTree = "<group>"; };
		D387EF251536EF0400635736 /* EPViewController.m */ = {isa = PBXFileReference; lastKnownFileType = sourcecode.c.objc; path = EPViewController.m; sourceTree = "<group>"; };
		D387EF2C1536EF0400635736 /* ApplicationUnitTests.xctest */ = {isa = PBXFileReference; explicitFileType = wrapper.cfbundle; includeInIndex = 0; path = ApplicationUnitTests.xctest; sourceTree = BUILT_PRODUCTS_DIR; };
		D387EF351536EF0500635736 /* AgileToolboxTests-Info.plist */ = {isa = PBXFileReference; lastKnownFileType = text.plist.xml; path = "AgileToolboxTests-Info.plist"; sourceTree = "<group>"; };
		D387EF371536EF0500635736 /* en */ = {isa = PBXFileReference; lastKnownFileType = text.plist.strings; name = en; path = en.lproj/InfoPlist.strings; sourceTree = "<group>"; };
		D387EF3A1536EF0500635736 /* EPMainMenuListViewControllerAppTests.m */ = {isa = PBXFileReference; lastKnownFileType = sourcecode.c.objc; path = EPMainMenuListViewControllerAppTests.m; sourceTree = "<group>"; };
		D387EF441536FADF00635736 /* EPTopicsListViewController.h */ = {isa = PBXFileReference; fileEncoding = 4; lastKnownFileType = sourcecode.c.h; path = EPTopicsListViewController.h; sourceTree = "<group>"; };
		D387EF451536FADF00635736 /* EPTopicsListViewController.m */ = {isa = PBXFileReference; fileEncoding = 4; lastKnownFileType = sourcecode.c.objc; path = EPTopicsListViewController.m; sourceTree = "<group>"; };
		D387EF471537192600635736 /* EPTopicDetailsViewController.h */ = {isa = PBXFileReference; fileEncoding = 4; lastKnownFileType = sourcecode.c.h; path = EPTopicDetailsViewController.h; sourceTree = "<group>"; };
		D387EF481537192600635736 /* EPTopicDetailsViewController.m */ = {isa = PBXFileReference; fileEncoding = 4; lastKnownFileType = sourcecode.c.objc; path = EPTopicDetailsViewController.m; sourceTree = "<group>"; };
		D39656B015B63676009D082E /* QATiPhoneIcon.png */ = {isa = PBXFileReference; lastKnownFileType = image.png; name = QATiPhoneIcon.png; path = ../../QATiPhoneIcon.png; sourceTree = "<group>"; };
		D39656B215B6367D009D082E /* QATiPhoneIcon@2x.png */ = {isa = PBXFileReference; lastKnownFileType = image.png; name = "QATiPhoneIcon@2x.png"; path = "../../QATiPhoneIcon@2x.png"; sourceTree = "<group>"; };
		D39656B415B639F1009D082E /* Default.png */ = {isa = PBXFileReference; lastKnownFileType = image.png; name = Default.png; path = ../../Default.png; sourceTree = "<group>"; };
		D39656B615B639F8009D082E /* Default@2x.png */ = {isa = PBXFileReference; lastKnownFileType = image.png; name = "Default@2x.png"; path = "../../Default@2x.png"; sourceTree = "<group>"; };
		D397282F157D07FC000C1819 /* Concepts.png */ = {isa = PBXFileReference; lastKnownFileType = image.png; path = Concepts.png; sourceTree = "<group>"; };
		D3972830157D07FC000C1819 /* Concepts@2x.png */ = {isa = PBXFileReference; lastKnownFileType = image.png; path = "Concepts@2x.png"; sourceTree = "<group>"; };
		D3972831157D07FC000C1819 /* ConceptsHighlighted.png */ = {isa = PBXFileReference; lastKnownFileType = image.png; path = ConceptsHighlighted.png; sourceTree = "<group>"; };
		D3972832157D07FC000C1819 /* ConceptsHighlighted@2x.png */ = {isa = PBXFileReference; lastKnownFileType = image.png; path = "ConceptsHighlighted@2x.png"; sourceTree = "<group>"; };
		D3972833157D07FC000C1819 /* PlanningPoker.png */ = {isa = PBXFileReference; lastKnownFileType = image.png; path = PlanningPoker.png; sourceTree = "<group>"; };
		D3972834157D07FC000C1819 /* PlanningPoker2.png */ = {isa = PBXFileReference; lastKnownFileType = image.png; path = PlanningPoker2.png; sourceTree = "<group>"; };
		D3972835157D07FC000C1819 /* PlanningPoker2@2x.png */ = {isa = PBXFileReference; lastKnownFileType = image.png; path = "PlanningPoker2@2x.png"; sourceTree = "<group>"; };
		D3972836157D07FC000C1819 /* PlanningPoker2Highlighted.png */ = {isa = PBXFileReference; lastKnownFileType = image.png; path = PlanningPoker2Highlighted.png; sourceTree = "<group>"; };
		D3972837157D07FC000C1819 /* PlanningPoker2Highlighted@2x.png */ = {isa = PBXFileReference; lastKnownFileType = image.png; path = "PlanningPoker2Highlighted@2x.png"; sourceTree = "<group>"; };
		D3972838157D07FC000C1819 /* PlanningPoker@2x.png */ = {isa = PBXFileReference; lastKnownFileType = image.png; path = "PlanningPoker@2x.png"; sourceTree = "<group>"; };
		D3972839157D07FC000C1819 /* PlanningPokerCard.png */ = {isa = PBXFileReference; lastKnownFileType = image.png; path = PlanningPokerCard.png; sourceTree = "<group>"; };
		D397283A157D07FC000C1819 /* PlanninPokerCard.png */ = {isa = PBXFileReference; lastKnownFileType = image.png; path = PlanninPokerCard.png; sourceTree = "<group>"; };
		D397283B157D07FC000C1819 /* QATBackground.png */ = {isa = PBXFileReference; lastKnownFileType = image.png; path = QATBackground.png; sourceTree = "<group>"; };
		D397283C157D07FC000C1819 /* QATBackground@2x.png */ = {isa = PBXFileReference; lastKnownFileType = image.png; path = "QATBackground@2x.png"; sourceTree = "<group>"; };
		D397283D157D07FC000C1819 /* QATBackgroundR.png */ = {isa = PBXFileReference; lastKnownFileType = image.png; path = QATBackgroundR.png; sourceTree = "<group>"; };
		D397283E157D07FC000C1819 /* QATBackgroundR@2x.png */ = {isa = PBXFileReference; lastKnownFileType = image.png; path = "QATBackgroundR@2x.png"; sourceTree = "<group>"; };
		D397283F157D07FC000C1819 /* QuantumNavigationBarLogo.png */ = {isa = PBXFileReference; lastKnownFileType = image.png; path = QuantumNavigationBarLogo.png; sourceTree = "<group>"; };
		D3972840157D07FC000C1819 /* QuantumNavigationBarLogo@2x.png */ = {isa = PBXFileReference; lastKnownFileType = image.png; path = "QuantumNavigationBarLogo@2x.png"; sourceTree = "<group>"; };
		D3972855157D0811000C1819 /* tapDetector.js */ = {isa = PBXFileReference; fileEncoding = 4; lastKnownFileType = sourcecode.javascript; path = tapDetector.js; sourceTree = "<group>"; };
		D3972856157D0811000C1819 /* ProductOwner.html */ = {isa = PBXFileReference; fileEncoding = 4; lastKnownFileType = text.html; path = ProductOwner.html; sourceTree = "<group>"; };
		D3972857157D0811000C1819 /* ScrumMaster.html */ = {isa = PBXFileReference; fileEncoding = 4; lastKnownFileType = text.html; path = ScrumMaster.html; sourceTree = "<group>"; };
		D3972B86157D4F91000C1819 /* EPMainMenuListViewController.h */ = {isa = PBXFileReference; fileEncoding = 4; lastKnownFileType = sourcecode.c.h; path = EPMainMenuListViewController.h; sourceTree = "<group>"; };
		D3972B87157D4F91000C1819 /* EPMainMenuListViewController.m */ = {isa = PBXFileReference; fileEncoding = 4; lastKnownFileType = sourcecode.c.objc; path = EPMainMenuListViewController.m; sourceTree = "<group>"; };
		D3972B9C157D89C7000C1819 /* LogicUnitTests.xctest */ = {isa = PBXFileReference; explicitFileType = wrapper.cfbundle; includeInIndex = 0; path = LogicUnitTests.xctest; sourceTree = BUILT_PRODUCTS_DIR; };
		D3972BA2157D89C7000C1819 /* LogicUnitTests-Info.plist */ = {isa = PBXFileReference; lastKnownFileType = text.plist.xml; path = "LogicUnitTests-Info.plist"; sourceTree = "<group>"; };
		D3972BA4157D89C7000C1819 /* en */ = {isa = PBXFileReference; lastKnownFileType = text.plist.strings; name = en; path = en.lproj/InfoPlist.strings; sourceTree = "<group>"; };
		D3972BA9157D89C7000C1819 /* LogicUnitTests-Prefix.pch */ = {isa = PBXFileReference; lastKnownFileType = sourcecode.c.h; path = "LogicUnitTests-Prefix.pch"; sourceTree = "<group>"; };
		D3972BDC157EBAB0000C1819 /* NSNotificationCenter+OCMAdditions.h */ = {isa = PBXFileReference; fileEncoding = 4; lastKnownFileType = sourcecode.c.h; path = "NSNotificationCenter+OCMAdditions.h"; sourceTree = "<group>"; };
		D3972BDD157EBAB0000C1819 /* OCMArg.h */ = {isa = PBXFileReference; fileEncoding = 4; lastKnownFileType = sourcecode.c.h; path = OCMArg.h; sourceTree = "<group>"; };
		D3972BDE157EBAB0000C1819 /* OCMConstraint.h */ = {isa = PBXFileReference; fileEncoding = 4; lastKnownFileType = sourcecode.c.h; path = OCMConstraint.h; sourceTree = "<group>"; };
		D3972BDF157EBAB0000C1819 /* OCMock.h */ = {isa = PBXFileReference; fileEncoding = 4; lastKnownFileType = sourcecode.c.h; path = OCMock.h; sourceTree = "<group>"; };
		D3972BE0157EBAB0000C1819 /* OCMockObject.h */ = {isa = PBXFileReference; fileEncoding = 4; lastKnownFileType = sourcecode.c.h; path = OCMockObject.h; sourceTree = "<group>"; };
		D3972BE1157EBAB0000C1819 /* OCMockRecorder.h */ = {isa = PBXFileReference; fileEncoding = 4; lastKnownFileType = sourcecode.c.h; path = OCMockRecorder.h; sourceTree = "<group>"; };
		D3972BE3157EBAB0000C1819 /* libOCMock.a */ = {isa = PBXFileReference; lastKnownFileType = archive.ar; path = libOCMock.a; sourceTree = "<group>"; };
		D3A7B49315AAEF5700DD6772 /* EPQuestionsDataSourceDelegateProtocol.h */ = {isa = PBXFileReference; fileEncoding = 4; lastKnownFileType = sourcecode.c.h; path = EPQuestionsDataSourceDelegateProtocol.h; sourceTree = "<group>"; };
		D3A7B49D15AB011C00DD6772 /* IntegrationTests.xctest */ = {isa = PBXFileReference; explicitFileType = wrapper.cfbundle; includeInIndex = 0; path = IntegrationTests.xctest; sourceTree = BUILT_PRODUCTS_DIR; };
		D3A7B4A315AB011C00DD6772 /* IntegrationTests-Info.plist */ = {isa = PBXFileReference; lastKnownFileType = text.plist.xml; path = "IntegrationTests-Info.plist"; sourceTree = "<group>"; };
		D3A7B4A515AB011C00DD6772 /* en */ = {isa = PBXFileReference; lastKnownFileType = text.plist.strings; name = en; path = en.lproj/InfoPlist.strings; sourceTree = "<group>"; };
		D3A7B4AA15AB011C00DD6772 /* IntegrationTests-Prefix.pch */ = {isa = PBXFileReference; lastKnownFileType = sourcecode.c.h; path = "IntegrationTests-Prefix.pch"; sourceTree = "<group>"; };
		D3A7B4B215AB022800DD6772 /* EPDataSourceChainTests.m */ = {isa = PBXFileReference; fileEncoding = 4; lastKnownFileType = sourcecode.c.objc; path = EPDataSourceChainTests.m; sourceTree = "<group>"; };
		D3A7B4B915B37F9400DD6772 /* EPPostURLRequestTests.m */ = {isa = PBXFileReference; fileEncoding = 4; lastKnownFileType = sourcecode.c.objc; path = EPPostURLRequestTests.m; sourceTree = "<group>"; };
		D3A7B4BC15B383FD00DD6772 /* EPJSONPostURLRequest.h */ = {isa = PBXFileReference; fileEncoding = 4; lastKnownFileType = sourcecode.c.h; path = EPJSONPostURLRequest.h; sourceTree = "<group>"; };
		D3A7B4BD15B383FD00DD6772 /* EPJSONPostURLRequest.m */ = {isa = PBXFileReference; fileEncoding = 4; lastKnownFileType = sourcecode.c.objc; path = EPJSONPostURLRequest.m; sourceTree = "<group>"; };
		D3A7B4C115B3953E00DD6772 /* EPQuestionPostmanTests.m */ = {isa = PBXFileReference; fileEncoding = 4; lastKnownFileType = sourcecode.c.objc; path = EPQuestionPostmanTests.m; sourceTree = "<group>"; };
		D3A7B4C315B4B3DF00DD6772 /* EPQuestionPostman.h */ = {isa = PBXFileReference; fileEncoding = 4; lastKnownFileType = sourcecode.c.h; path = EPQuestionPostman.h; sourceTree = "<group>"; };
		D3A7B4C415B4B3DF00DD6772 /* EPQuestionPostman.m */ = {isa = PBXFileReference; fileEncoding = 4; lastKnownFileType = sourcecode.c.objc; path = EPQuestionPostman.m; sourceTree = "<group>"; };
		D3C1F5D915A37F3100F0900D /* EPConnectionTests.m */ = {isa = PBXFileReference; fileEncoding = 4; lastKnownFileType = sourcecode.c.objc; name = EPConnectionTests.m; path = ../LogicUnitTests/EPConnectionTests.m; sourceTree = "<group>"; };
		D3C1F5E015A4544200F0900D /* libLibrary.a */ = {isa = PBXFileReference; explicitFileType = archive.ar; includeInIndex = 0; path = libLibrary.a; sourceTree = BUILT_PRODUCTS_DIR; };
		D3C1F5E415A4544200F0900D /* Library-Prefix.pch */ = {isa = PBXFileReference; lastKnownFileType = sourcecode.c.h; path = "Library-Prefix.pch"; sourceTree = "<group>"; };
		D3C1F5E515A4544200F0900D /* EPConnection.h */ = {isa = PBXFileReference; lastKnownFileType = sourcecode.c.h; path = EPConnection.h; sourceTree = "<group>"; };
		D3C1F5E615A4544200F0900D /* EPConnection.m */ = {isa = PBXFileReference; lastKnownFileType = sourcecode.c.objc; path = EPConnection.m; sourceTree = "<group>"; };
		D3C1F5ED15A4544200F0900D /* LibraryTests.xctest */ = {isa = PBXFileReference; explicitFileType = wrapper.cfbundle; includeInIndex = 0; path = LibraryTests.xctest; sourceTree = BUILT_PRODUCTS_DIR; };
		D3C1F5F615A4544300F0900D /* LibraryTests-Info.plist */ = {isa = PBXFileReference; lastKnownFileType = text.plist.xml; path = "LibraryTests-Info.plist"; sourceTree = "<group>"; };
		D3C1F5F815A4544300F0900D /* en */ = {isa = PBXFileReference; lastKnownFileType = text.plist.strings; name = en; path = en.lproj/InfoPlist.strings; sourceTree = "<group>"; };
		D3C986E415A7832F007A41D8 /* EPSmartTableViewCellTest.m */ = {isa = PBXFileReference; fileEncoding = 4; lastKnownFileType = sourcecode.c.objc; path = EPSmartTableViewCellTest.m; sourceTree = "<group>"; };
		D3C986E615A78409007A41D8 /* EPSmartTableViewCell.h */ = {isa = PBXFileReference; fileEncoding = 4; lastKnownFileType = sourcecode.c.h; path = EPSmartTableViewCell.h; sourceTree = "<group>"; };
		D3C986E715A78409007A41D8 /* EPSmartTableViewCell.m */ = {isa = PBXFileReference; fileEncoding = 4; lastKnownFileType = sourcecode.c.objc; path = EPSmartTableViewCell.m; sourceTree = "<group>"; };
		D3C986ED15A793E7007A41D8 /* EPMenuListSmartTableViewCellTests.m */ = {isa = PBXFileReference; fileEncoding = 4; lastKnownFileType = sourcecode.c.objc; path = EPMenuListSmartTableViewCellTests.m; sourceTree = "<group>"; };
		D3C986EF15A7955F007A41D8 /* EPMenuListSmartTableViewCell.h */ = {isa = PBXFileReference; fileEncoding = 4; lastKnownFileType = sourcecode.c.h; path = EPMenuListSmartTableViewCell.h; sourceTree = "<group>"; };
		D3C986F015A7955F007A41D8 /* EPMenuListSmartTableViewCell.m */ = {isa = PBXFileReference; fileEncoding = 4; lastKnownFileType = sourcecode.c.objc; path = EPMenuListSmartTableViewCell.m; sourceTree = "<group>"; };
		D3C986F915A89E1C007A41D8 /* EPQuestionsDataSourceTests.m */ = {isa = PBXFileReference; fileEncoding = 4; lastKnownFileType = sourcecode.c.objc; path = EPQuestionsDataSourceTests.m; sourceTree = "<group>"; };
		D3C986FD15A9E6DE007A41D8 /* EPConnectionProtocol.h */ = {isa = PBXFileReference; fileEncoding = 4; lastKnownFileType = sourcecode.c.h; path = EPConnectionProtocol.h; sourceTree = "<group>"; };
		D3C986FF15A9EB0A007A41D8 /* EPQuestionsDataSource.h */ = {isa = PBXFileReference; fileEncoding = 4; lastKnownFileType = sourcecode.c.h; path = EPQuestionsDataSource.h; sourceTree = "<group>"; };
		D3C9870015A9EB0A007A41D8 /* EPQuestionsDataSource.m */ = {isa = PBXFileReference; fileEncoding = 4; lastKnownFileType = sourcecode.c.objc; path = EPQuestionsDataSource.m; sourceTree = "<group>"; };
		D3C9870315A9F38B007A41D8 /* EPConnectionDelegateProtocol.h */ = {isa = PBXFileReference; fileEncoding = 4; lastKnownFileType = sourcecode.c.h; path = EPConnectionDelegateProtocol.h; sourceTree = "<group>"; };
		D3CA100215B585FF003B2D4E /* EPPostmanDelegateProtocol.h */ = {isa = PBXFileReference; fileEncoding = 4; lastKnownFileType = sourcecode.c.h; path = EPPostmanDelegateProtocol.h; sourceTree = "<group>"; };
		D3CA100515B58CFD003B2D4E /* EPQuestionPostmanIntegrationTests.m */ = {isa = PBXFileReference; fileEncoding = 4; lastKnownFileType = sourcecode.c.objc; path = EPQuestionPostmanIntegrationTests.m; sourceTree = "<group>"; };
		D3CA100715B594A3003B2D4E /* EPPostmanProtocol.h */ = {isa = PBXFileReference; fileEncoding = 4; lastKnownFileType = sourcecode.c.h; path = EPPostmanProtocol.h; sourceTree = "<group>"; };
/* End PBXFileReference section */

/* Begin PBXFrameworksBuildPhase section */
		D387EF081536EF0400635736 /* Frameworks */ = {
			isa = PBXFrameworksBuildPhase;
			buildActionMask = 2147483647;
			files = (
				6DB92148185AA84200440656 /* libLibrary.a in Frameworks */,
				D387EF101536EF0400635736 /* UIKit.framework in Frameworks */,
				D387EF121536EF0400635736 /* Foundation.framework in Frameworks */,
				D387EF141536EF0400635736 /* CoreGraphics.framework in Frameworks */,
			);
			runOnlyForDeploymentPostprocessing = 0;
		};
		D387EF281536EF0400635736 /* Frameworks */ = {
			isa = PBXFrameworksBuildPhase;
			buildActionMask = 2147483647;
			files = (
				D3CA100B15B59E79003B2D4E /* libLibrary.a in Frameworks */,
				D387EF2F1536EF0500635736 /* UIKit.framework in Frameworks */,
				D387EF301536EF0500635736 /* Foundation.framework in Frameworks */,
				6D82D54E185BB3F200CC75D7 /* XCTest.framework in Frameworks */,
				D3972BE4157EBAB0000C1819 /* libOCMock.a in Frameworks */,
			);
			runOnlyForDeploymentPostprocessing = 0;
		};
		D3972B98157D89C7000C1819 /* Frameworks */ = {
			isa = PBXFrameworksBuildPhase;
			buildActionMask = 2147483647;
			files = (
				6DB92147185AA7DC00440656 /* libLibrary.a in Frameworks */,
				6DB92146185AA78D00440656 /* XCTest.framework in Frameworks */,
				D3972B9E157D89C7000C1819 /* UIKit.framework in Frameworks */,
				D3972B9F157D89C7000C1819 /* Foundation.framework in Frameworks */,
				D3972BE5157EBAB0000C1819 /* libOCMock.a in Frameworks */,
			);
			runOnlyForDeploymentPostprocessing = 0;
		};
		D3A7B49915AB011C00DD6772 /* Frameworks */ = {
			isa = PBXFrameworksBuildPhase;
			buildActionMask = 2147483647;
			files = (
				D3A7B4B015AB01E300DD6772 /* libLibrary.a in Frameworks */,
				D3A7B49F15AB011C00DD6772 /* UIKit.framework in Frameworks */,
				D3A7B4A015AB011C00DD6772 /* Foundation.framework in Frameworks */,
				6D7FD6D218639B4400988B44 /* XCTest.framework in Frameworks */,
			);
			runOnlyForDeploymentPostprocessing = 0;
		};
		D3C1F5DD15A4544200F0900D /* Frameworks */ = {
			isa = PBXFrameworksBuildPhase;
			buildActionMask = 2147483647;
			files = (
				D3C986E215A782D8007A41D8 /* UIKit.framework in Frameworks */,
				D3C1F5E115A4544200F0900D /* Foundation.framework in Frameworks */,
			);
			runOnlyForDeploymentPostprocessing = 0;
		};
		D3C1F5E915A4544200F0900D /* Frameworks */ = {
			isa = PBXFrameworksBuildPhase;
			buildActionMask = 2147483647;
			files = (
				6D5CC2DB185B84C70017CDD1 /* libLibrary.a in Frameworks */,
				D3C1F5EF15A4544300F0900D /* UIKit.framework in Frameworks */,
				D3C1F5F015A4544300F0900D /* Foundation.framework in Frameworks */,
				6D5CC2DD185B84FF0017CDD1 /* XCTest.framework in Frameworks */,
				6D5CC2DC185B84E40017CDD1 /* libOCMock.a in Frameworks */,
			);
			runOnlyForDeploymentPostprocessing = 0;
		};
/* End PBXFrameworksBuildPhase section */

/* Begin PBXGroup section */
		6D52A373185CAE120039C6C0 /* EPPostman */ = {
			isa = PBXGroup;
			children = (
				D3CA100215B585FF003B2D4E /* EPPostmanDelegateProtocol.h */,
				D3CA100715B594A3003B2D4E /* EPPostmanProtocol.h */,
				D3A7B4C315B4B3DF00DD6772 /* EPQuestionPostman.h */,
				D3A7B4C415B4B3DF00DD6772 /* EPQuestionPostman.m */,
			);
			name = EPPostman;
			sourceTree = "<group>";
		};
		6D52A374185CAE5E0039C6C0 /* EPDataSource */ = {
			isa = PBXGroup;
			children = (
				D3A7B49315AAEF5700DD6772 /* EPQuestionsDataSourceDelegateProtocol.h */,
				D3C986FF15A9EB0A007A41D8 /* EPQuestionsDataSource.h */,
				D3C9870015A9EB0A007A41D8 /* EPQuestionsDataSource.m */,
			);
			name = EPDataSource;
			sourceTree = "<group>";
		};
		6D52A375185CAEE90039C6C0 /* EPSmartTableViewCell */ = {
			isa = PBXGroup;
			children = (
				D3C986E615A78409007A41D8 /* EPSmartTableViewCell.h */,
				D3C986E715A78409007A41D8 /* EPSmartTableViewCell.m */,
				D3C986EF15A7955F007A41D8 /* EPMenuListSmartTableViewCell.h */,
				D3C986F015A7955F007A41D8 /* EPMenuListSmartTableViewCell.m */,
				6D5C237F15AB94EA005EAEBB /* EPQuestionsSmartTableViewCell.h */,
				6D5C238015AB94EA005EAEBB /* EPQuestionsSmartTableViewCell.m */,
			);
			name = EPSmartTableViewCell;
			sourceTree = "<group>";
		};
		6D52A376185CAF270039C6C0 /* EPConnections */ = {
			isa = PBXGroup;
			children = (
				D3C986FD15A9E6DE007A41D8 /* EPConnectionProtocol.h */,
				D3C9870315A9F38B007A41D8 /* EPConnectionDelegateProtocol.h */,
				D3A7B4BC15B383FD00DD6772 /* EPJSONPostURLRequest.h */,
				D3A7B4BD15B383FD00DD6772 /* EPJSONPostURLRequest.m */,
				D3C1F5E515A4544200F0900D /* EPConnection.h */,
				D3C1F5E615A4544200F0900D /* EPConnection.m */,
			);
			name = EPConnections;
			sourceTree = "<group>";
		};
		6D8579A6186E58F200DCC000 /* ExternalDependenciesProtocols */ = {
			isa = PBXGroup;
			children = (
				6D8579A7186E5E1B00DCC000 /* EPQuestionsDataSourceProtocol.h */,
			);
			name = ExternalDependenciesProtocols;
			sourceTree = "<group>";
		};
		D387EF001536EF0400635736 = {
			isa = PBXGroup;
			children = (
				6D83807C175FA5B400B305A5 /* Default-568h@2x.png */,
				D3972BD9157EBAB0000C1819 /* OCMock */,
				D387EF151536EF0400635736 /* AgileToolbox */,
				D387EF331536EF0500635736 /* ApplicationUnitTests */,
				D3972BA0157D89C7000C1819 /* LogicUnitTests */,
				D3C1F5E215A4544200F0900D /* Library */,
				D3C1F5F415A4544300F0900D /* LibraryTests */,
				D3A7B4A115AB011C00DD6772 /* IntegrationTests */,
				D387EF0E1536EF0400635736 /* Frameworks */,
				D387EF0C1536EF0400635736 /* Products */,
			);
			sourceTree = "<group>";
		};
		D387EF0C1536EF0400635736 /* Products */ = {
			isa = PBXGroup;
			children = (
				D387EF0B1536EF0400635736 /* AgileToolbox.app */,
				D387EF2C1536EF0400635736 /* ApplicationUnitTests.xctest */,
				D3972B9C157D89C7000C1819 /* LogicUnitTests.xctest */,
				D3C1F5E015A4544200F0900D /* libLibrary.a */,
				D3C1F5ED15A4544200F0900D /* LibraryTests.xctest */,
				D3A7B49D15AB011C00DD6772 /* IntegrationTests.xctest */,
			);
			name = Products;
			sourceTree = "<group>";
		};
		D387EF0E1536EF0400635736 /* Frameworks */ = {
			isa = PBXGroup;
			children = (
				6DB92145185AA78D00440656 /* XCTest.framework */,
				D387EF0F1536EF0400635736 /* UIKit.framework */,
				D387EF111536EF0400635736 /* Foundation.framework */,
				D387EF131536EF0400635736 /* CoreGraphics.framework */,
			);
			name = Frameworks;
			sourceTree = "<group>";
		};
		D387EF151536EF0400635736 /* AgileToolbox */ = {
			isa = PBXGroup;
			children = (
				6D8579A6186E58F200DCC000 /* ExternalDependenciesProtocols */,
				D3972853157D0811000C1819 /* topics */,
				D397282E157D07FC000C1819 /* images */,
				D387EF161536EF0400635736 /* Supporting Files */,
				D387EF1E1536EF0400635736 /* EPAppDelegate.h */,
				D387EF1F1536EF0400635736 /* EPAppDelegate.m */,
				D387EF211536EF0400635736 /* MainStoryboard.storyboard */,
				6D3B883215B0C8FA008EF63B /* EPAddQuestionViewController.h */,
				6D3B883315B0C8FA008EF63B /* EPAddQuestionViewController.m */,
				D3972B86157D4F91000C1819 /* EPMainMenuListViewController.h */,
				D3972B87157D4F91000C1819 /* EPMainMenuListViewController.m */,
				D387EF241536EF0400635736 /* EPViewController.h */,
				D387EF251536EF0400635736 /* EPViewController.m */,
				D387EF441536FADF00635736 /* EPTopicsListViewController.h */,
				D387EF451536FADF00635736 /* EPTopicsListViewController.m */,
				D387EF471537192600635736 /* EPTopicDetailsViewController.h */,
				D387EF481537192600635736 /* EPTopicDetailsViewController.m */,
				D338B77C153B0DE200611765 /* EPPlanningPokerViewController.h */,
				D338B77D153B0DE200611765 /* EPPlanningPokerViewController.m */,
				6D5421D91595148A0079061F /* EPQuestionsTableViewController.h */,
				6D5421DA1595148A0079061F /* EPQuestionsTableViewController.m */,
			);
			path = AgileToolbox;
			sourceTree = "<group>";
		};
		D387EF161536EF0400635736 /* Supporting Files */ = {
			isa = PBXGroup;
			children = (
				D387EF171536EF0400635736 /* AgileToolbox-Info.plist */,
				D387EF181536EF0400635736 /* InfoPlist.strings */,
				D387EF1B1536EF0400635736 /* main.m */,
				D387EF1D1536EF0400635736 /* AgileToolbox-Prefix.pch */,
			);
			name = "Supporting Files";
			sourceTree = "<group>";
		};
		D387EF331536EF0500635736 /* ApplicationUnitTests */ = {
			isa = PBXGroup;
			children = (
				D387EF3A1536EF0500635736 /* EPMainMenuListViewControllerAppTests.m */,
				6D268D2415AEB1E300946FE5 /* EPQuestionsTableViewControllerAppTests.m */,
				D387EF341536EF0500635736 /* Supporting Files */,
			);
			name = ApplicationUnitTests;
			path = AgileToolboxTests;
			sourceTree = "<group>";
		};
		D387EF341536EF0500635736 /* Supporting Files */ = {
			isa = PBXGroup;
			children = (
				D387EF351536EF0500635736 /* AgileToolboxTests-Info.plist */,
				D387EF361536EF0500635736 /* InfoPlist.strings */,
			);
			name = "Supporting Files";
			sourceTree = "<group>";
		};
		D397282E157D07FC000C1819 /* images */ = {
			isa = PBXGroup;
			children = (
				D39656B615B639F8009D082E /* Default@2x.png */,
				D39656B415B639F1009D082E /* Default.png */,
				D39656B215B6367D009D082E /* QATiPhoneIcon@2x.png */,
				D39656B015B63676009D082E /* QATiPhoneIcon.png */,
				D397282F157D07FC000C1819 /* Concepts.png */,
				D3972830157D07FC000C1819 /* Concepts@2x.png */,
				D3972831157D07FC000C1819 /* ConceptsHighlighted.png */,
				D3972832157D07FC000C1819 /* ConceptsHighlighted@2x.png */,
				D3972833157D07FC000C1819 /* PlanningPoker.png */,
				D3972834157D07FC000C1819 /* PlanningPoker2.png */,
				D3972835157D07FC000C1819 /* PlanningPoker2@2x.png */,
				D3972836157D07FC000C1819 /* PlanningPoker2Highlighted.png */,
				D3972837157D07FC000C1819 /* PlanningPoker2Highlighted@2x.png */,
				D3972838157D07FC000C1819 /* PlanningPoker@2x.png */,
				D3972839157D07FC000C1819 /* PlanningPokerCard.png */,
				D397283A157D07FC000C1819 /* PlanninPokerCard.png */,
				D397283B157D07FC000C1819 /* QATBackground.png */,
				D397283C157D07FC000C1819 /* QATBackground@2x.png */,
				D397283D157D07FC000C1819 /* QATBackgroundR.png */,
				D397283E157D07FC000C1819 /* QATBackgroundR@2x.png */,
				D397283F157D07FC000C1819 /* QuantumNavigationBarLogo.png */,
				D3972840157D07FC000C1819 /* QuantumNavigationBarLogo@2x.png */,
			);
			path = images;
			sourceTree = "<group>";
		};
		D3972853157D0811000C1819 /* topics */ = {
			isa = PBXGroup;
			children = (
				D3972854157D0811000C1819 /* javascript */,
				D3972856157D0811000C1819 /* ProductOwner.html */,
				D3972857157D0811000C1819 /* ScrumMaster.html */,
			);
			path = topics;
			sourceTree = "<group>";
		};
		D3972854157D0811000C1819 /* javascript */ = {
			isa = PBXGroup;
			children = (
				D3972855157D0811000C1819 /* tapDetector.js */,
			);
			path = javascript;
			sourceTree = "<group>";
		};
		D3972BA0157D89C7000C1819 /* LogicUnitTests */ = {
			isa = PBXGroup;
			children = (
				6D0B29D11863929A00A27014 /* EPMainMenuListViewControllerTests.m */,
				6D92CA2A15AB4916002602C4 /* EPQuestionsTableViewControllerTests.m */,
				6D268D2715B0448400946FE5 /* EPAppDelegateTests.m */,
				6D3B883915B0D12E008EF63B /* EPAddQuestionViewControllerTests.m */,
				D3972BA1157D89C7000C1819 /* Supporting Files */,
			);
			path = LogicUnitTests;
			sourceTree = "<group>";
		};
		D3972BA1157D89C7000C1819 /* Supporting Files */ = {
			isa = PBXGroup;
			children = (
				D3972BA2157D89C7000C1819 /* LogicUnitTests-Info.plist */,
				D3972BA3157D89C7000C1819 /* InfoPlist.strings */,
				D3972BA9157D89C7000C1819 /* LogicUnitTests-Prefix.pch */,
			);
			name = "Supporting Files";
			sourceTree = "<group>";
		};
		D3972BD9157EBAB0000C1819 /* OCMock */ = {
			isa = PBXGroup;
			children = (
				D3972BDA157EBAB0000C1819 /* include */,
				D3972BE2157EBAB0000C1819 /* lib */,
			);
			path = OCMock;
			sourceTree = "<group>";
		};
		D3972BDA157EBAB0000C1819 /* include */ = {
			isa = PBXGroup;
			children = (
				D3972BDB157EBAB0000C1819 /* OCMock */,
			);
			path = include;
			sourceTree = "<group>";
		};
		D3972BDB157EBAB0000C1819 /* OCMock */ = {
			isa = PBXGroup;
			children = (
				D3972BDC157EBAB0000C1819 /* NSNotificationCenter+OCMAdditions.h */,
				D3972BDD157EBAB0000C1819 /* OCMArg.h */,
				D3972BDE157EBAB0000C1819 /* OCMConstraint.h */,
				D3972BDF157EBAB0000C1819 /* OCMock.h */,
				D3972BE0157EBAB0000C1819 /* OCMockObject.h */,
				D3972BE1157EBAB0000C1819 /* OCMockRecorder.h */,
			);
			path = OCMock;
			sourceTree = "<group>";
		};
		D3972BE2157EBAB0000C1819 /* lib */ = {
			isa = PBXGroup;
			children = (
				D3972BE3157EBAB0000C1819 /* libOCMock.a */,
			);
			path = lib;
			sourceTree = "<group>";
		};
		D3A7B4A115AB011C00DD6772 /* IntegrationTests */ = {
			isa = PBXGroup;
			children = (
				D3CA100515B58CFD003B2D4E /* EPQuestionPostmanIntegrationTests.m */,
				D3A7B4B215AB022800DD6772 /* EPDataSourceChainTests.m */,
				D3A7B4A215AB011C00DD6772 /* Supporting Files */,
			);
			name = IntegrationTests;
			path = IntegrationTests;
			sourceTree = "<group>";
		};
		D3A7B4A215AB011C00DD6772 /* Supporting Files */ = {
			isa = PBXGroup;
			children = (
				D3A7B4A315AB011C00DD6772 /* IntegrationTests-Info.plist */,
				D3A7B4A415AB011C00DD6772 /* InfoPlist.strings */,
				D3A7B4AA15AB011C00DD6772 /* IntegrationTests-Prefix.pch */,
			);
			name = "Supporting Files";
			sourceTree = "<group>";
		};
		D3C1F5E215A4544200F0900D /* Library */ = {
			isa = PBXGroup;
			children = (
				6D3B883615B0D016008EF63B /* EPAddQuestionDelegateProtocol.h */,
				6D52A376185CAF270039C6C0 /* EPConnections */,
				6D52A375185CAEE90039C6C0 /* EPSmartTableViewCell */,
				6D52A374185CAE5E0039C6C0 /* EPDataSource */,
				6D52A373185CAE120039C6C0 /* EPPostman */,
				D3C1F5E315A4544200F0900D /* Supporting Files */,
			);
			name = Library;
			path = Library;
			sourceTree = "<group>";
		};
		D3C1F5E315A4544200F0900D /* Supporting Files */ = {
			isa = PBXGroup;
			children = (
				D3C1F5E415A4544200F0900D /* Library-Prefix.pch */,
			);
			name = "Supporting Files";
			sourceTree = "<group>";
		};
		D3C1F5F415A4544300F0900D /* LibraryTests */ = {
			isa = PBXGroup;
			children = (
				D3C1F5D915A37F3100F0900D /* EPConnectionTests.m */,
				D3C986E415A7832F007A41D8 /* EPSmartTableViewCellTest.m */,
				D3C986ED15A793E7007A41D8 /* EPMenuListSmartTableViewCellTests.m */,
				D3C986F915A89E1C007A41D8 /* EPQuestionsDataSourceTests.m */,
				D3A7B4B915B37F9400DD6772 /* EPPostURLRequestTests.m */,
				D3A7B4C115B3953E00DD6772 /* EPQuestionPostmanTests.m */,
				D3C1F5F515A4544300F0900D /* Supporting Files */,
			);
			name = LibraryTests;
			path = LibraryTests;
			sourceTree = "<group>";
		};
		D3C1F5F515A4544300F0900D /* Supporting Files */ = {
			isa = PBXGroup;
			children = (
				D3C1F5F615A4544300F0900D /* LibraryTests-Info.plist */,
				D3C1F5F715A4544300F0900D /* InfoPlist.strings */,
			);
			name = "Supporting Files";
			sourceTree = "<group>";
		};
/* End PBXGroup section */

/* Begin PBXHeadersBuildPhase section */
		D3C1F5DE15A4544200F0900D /* Headers */ = {
			isa = PBXHeadersBuildPhase;
			buildActionMask = 2147483647;
			files = (
				D3C986E815A78409007A41D8 /* EPSmartTableViewCell.h in Headers */,
				D3C986F115A7955F007A41D8 /* EPMenuListSmartTableViewCell.h in Headers */,
				D3C986FE15A9E6DE007A41D8 /* EPConnectionProtocol.h in Headers */,
				D3C9870115A9EB0A007A41D8 /* EPQuestionsDataSource.h in Headers */,
				D3C9870415A9F38B007A41D8 /* EPConnectionDelegateProtocol.h in Headers */,
				D3A7B49415AAEF5700DD6772 /* EPQuestionsDataSourceDelegateProtocol.h in Headers */,
				6D5C238115AB94EA005EAEBB /* EPQuestionsSmartTableViewCell.h in Headers */,
				6D3B883715B0D016008EF63B /* EPAddQuestionDelegateProtocol.h in Headers */,
				D3A7B4C515B4B3DF00DD6772 /* EPQuestionPostman.h in Headers */,
				D3CA100115B4FABA003B2D4E /* EPJSONPostURLRequest.h in Headers */,
				D3CA100315B58600003B2D4E /* EPPostmanDelegateProtocol.h in Headers */,
				D3CA100815B594A3003B2D4E /* EPPostmanProtocol.h in Headers */,
			);
			runOnlyForDeploymentPostprocessing = 0;
		};
/* End PBXHeadersBuildPhase section */

/* Begin PBXNativeTarget section */
		D387EF0A1536EF0400635736 /* AgileToolbox */ = {
			isa = PBXNativeTarget;
			buildConfigurationList = D387EF3E1536EF0500635736 /* Build configuration list for PBXNativeTarget "AgileToolbox" */;
			buildPhases = (
				D387EF071536EF0400635736 /* Sources */,
				D387EF081536EF0400635736 /* Frameworks */,
				D387EF091536EF0400635736 /* Resources */,
			);
			buildRules = (
			);
			dependencies = (
				D3C986F615A79ECD007A41D8 /* PBXTargetDependency */,
			);
			name = AgileToolbox;
			productName = AgileToolbox;
			productReference = D387EF0B1536EF0400635736 /* AgileToolbox.app */;
			productType = "com.apple.product-type.application";
		};
		D387EF2B1536EF0400635736 /* ApplicationUnitTests */ = {
			isa = PBXNativeTarget;
			buildConfigurationList = D387EF411536EF0500635736 /* Build configuration list for PBXNativeTarget "ApplicationUnitTests" */;
			buildPhases = (
				D387EF271536EF0400635736 /* Sources */,
				D387EF281536EF0400635736 /* Frameworks */,
				D387EF291536EF0400635736 /* Resources */,
			);
			buildRules = (
			);
			dependencies = (
				D387EF321536EF0500635736 /* PBXTargetDependency */,
			);
			name = ApplicationUnitTests;
			productName = AgileToolboxTests;
			productReference = D387EF2C1536EF0400635736 /* ApplicationUnitTests.xctest */;
			productType = "com.apple.product-type.bundle.unit-test";
		};
		D3972B9B157D89C7000C1819 /* LogicUnitTests */ = {
			isa = PBXNativeTarget;
			buildConfigurationList = D3972BAA157D89C7000C1819 /* Build configuration list for PBXNativeTarget "LogicUnitTests" */;
			buildPhases = (
				D3972B97157D89C7000C1819 /* Sources */,
				D3972B98157D89C7000C1819 /* Frameworks */,
				D3972B99157D89C7000C1819 /* Resources */,
			);
			buildRules = (
			);
			dependencies = (
				6DB9214A185AA85700440656 /* PBXTargetDependency */,
			);
			name = LogicUnitTests;
			productName = LogicUnitTests;
			productReference = D3972B9C157D89C7000C1819 /* LogicUnitTests.xctest */;
			productType = "com.apple.product-type.bundle.unit-test";
		};
		D3A7B49C15AB011C00DD6772 /* IntegrationTests */ = {
			isa = PBXNativeTarget;
			buildConfigurationList = D3A7B4AB15AB011C00DD6772 /* Build configuration list for PBXNativeTarget "IntegrationTests" */;
			buildPhases = (
				D3A7B49815AB011C00DD6772 /* Sources */,
				D3A7B49915AB011C00DD6772 /* Frameworks */,
				D3A7B49A15AB011C00DD6772 /* Resources */,
			);
			buildRules = (
			);
			dependencies = (
				6D7FD6D118639AFF00988B44 /* PBXTargetDependency */,
				D3A7B4AF15AB01D700DD6772 /* PBXTargetDependency */,
			);
			name = IntegrationTests;
			productName = IntegrationTests;
			productReference = D3A7B49D15AB011C00DD6772 /* IntegrationTests.xctest */;
			productType = "com.apple.product-type.bundle.unit-test";
		};
		D3C1F5DF15A4544200F0900D /* Library */ = {
			isa = PBXNativeTarget;
			buildConfigurationList = D3C1F5FD15A4544300F0900D /* Build configuration list for PBXNativeTarget "Library" */;
			buildPhases = (
				D3C1F5DC15A4544200F0900D /* Sources */,
				D3C1F5DD15A4544200F0900D /* Frameworks */,
				D3C1F5DE15A4544200F0900D /* Headers */,
			);
			buildRules = (
			);
			dependencies = (
			);
			name = Library;
			productName = Library;
			productReference = D3C1F5E015A4544200F0900D /* libLibrary.a */;
			productType = "com.apple.product-type.library.static";
		};
		D3C1F5EC15A4544200F0900D /* LibraryTests */ = {
			isa = PBXNativeTarget;
			buildConfigurationList = D3C1F60015A4544300F0900D /* Build configuration list for PBXNativeTarget "LibraryTests" */;
			buildPhases = (
				D3C1F5E815A4544200F0900D /* Sources */,
				D3C1F5E915A4544200F0900D /* Frameworks */,
				D3C1F5EA15A4544200F0900D /* Resources */,
			);
			buildRules = (
			);
			dependencies = (
				6D813857185FE1DA00A5A283 /* PBXTargetDependency */,
				6D8579A9186FB52F00DCC000 /* PBXTargetDependency */,
			);
			name = LibraryTests;
			productName = LibraryTests;
			productReference = D3C1F5ED15A4544200F0900D /* LibraryTests.xctest */;
			productType = "com.apple.product-type.bundle.unit-test";
		};
/* End PBXNativeTarget section */

/* Begin PBXProject section */
		D387EF021536EF0400635736 /* Project object */ = {
			isa = PBXProject;
			attributes = {
				CLASSPREFIX = EP;
				LastUpgradeCheck = 0500;
				TargetAttributes = {
					D387EF0A1536EF0400635736 = {
						DevelopmentTeam = K4TD7CWPF4;
					};
					D387EF2B1536EF0400635736 = {
						TestTargetID = D387EF0A1536EF0400635736;
					};
					D3972B9B157D89C7000C1819 = {
						TestTargetID = D387EF0A1536EF0400635736;
					};
					D3A7B49C15AB011C00DD6772 = {
						TestTargetID = D387EF0A1536EF0400635736;
					};
					D3C1F5EC15A4544200F0900D = {
						TestTargetID = D387EF0A1536EF0400635736;
					};
				};
			};
			buildConfigurationList = D387EF051536EF0400635736 /* Build configuration list for PBXProject "AgileToolbox" */;
			compatibilityVersion = "Xcode 3.2";
			developmentRegion = English;
			hasScannedForEncodings = 0;
			knownRegions = (
				en,
			);
			mainGroup = D387EF001536EF0400635736;
			productRefGroup = D387EF0C1536EF0400635736 /* Products */;
			projectDirPath = "";
			projectRoot = "";
			targets = (
				D387EF0A1536EF0400635736 /* AgileToolbox */,
				D387EF2B1536EF0400635736 /* ApplicationUnitTests */,
				D3972B9B157D89C7000C1819 /* LogicUnitTests */,
				D3C1F5DF15A4544200F0900D /* Library */,
				D3C1F5EC15A4544200F0900D /* LibraryTests */,
				D3A7B49C15AB011C00DD6772 /* IntegrationTests */,
			);
		};
/* End PBXProject section */

/* Begin PBXResourcesBuildPhase section */
		D387EF091536EF0400635736 /* Resources */ = {
			isa = PBXResourcesBuildPhase;
			buildActionMask = 2147483647;
			files = (
				D397285B157D4438000C1819 /* tapDetector.js in Resources */,
				D387EF1A1536EF0400635736 /* InfoPlist.strings in Resources */,
				D387EF231536EF0400635736 /* MainStoryboard.storyboard in Resources */,
				D3972841157D07FC000C1819 /* Concepts.png in Resources */,
				D3972842157D07FC000C1819 /* Concepts@2x.png in Resources */,
				D3972843157D07FC000C1819 /* ConceptsHighlighted.png in Resources */,
				D3972844157D07FC000C1819 /* ConceptsHighlighted@2x.png in Resources */,
				D3972845157D07FC000C1819 /* PlanningPoker.png in Resources */,
				D3972846157D07FC000C1819 /* PlanningPoker2.png in Resources */,
				D3972847157D07FC000C1819 /* PlanningPoker2@2x.png in Resources */,
				D3972848157D07FC000C1819 /* PlanningPoker2Highlighted.png in Resources */,
				D3972849157D07FC000C1819 /* PlanningPoker2Highlighted@2x.png in Resources */,
				D397284A157D07FC000C1819 /* PlanningPoker@2x.png in Resources */,
				D397284B157D07FC000C1819 /* PlanningPokerCard.png in Resources */,
				D397284C157D07FC000C1819 /* PlanninPokerCard.png in Resources */,
				D397284D157D07FC000C1819 /* QATBackground.png in Resources */,
				D397284E157D07FC000C1819 /* QATBackground@2x.png in Resources */,
				D397284F157D07FC000C1819 /* QATBackgroundR.png in Resources */,
				D3972850157D07FC000C1819 /* QATBackgroundR@2x.png in Resources */,
				D3972851157D07FC000C1819 /* QuantumNavigationBarLogo.png in Resources */,
				D3972852157D07FC000C1819 /* QuantumNavigationBarLogo@2x.png in Resources */,
				D3972859157D0811000C1819 /* ProductOwner.html in Resources */,
				D397285A157D0811000C1819 /* ScrumMaster.html in Resources */,
				D39656B115B63676009D082E /* QATiPhoneIcon.png in Resources */,
				D39656B315B6367D009D082E /* QATiPhoneIcon@2x.png in Resources */,
				D39656B515B639F1009D082E /* Default.png in Resources */,
				D39656B715B639F8009D082E /* Default@2x.png in Resources */,
				6D83807D175FA5B400B305A5 /* Default-568h@2x.png in Resources */,
			);
			runOnlyForDeploymentPostprocessing = 0;
		};
		D387EF291536EF0400635736 /* Resources */ = {
			isa = PBXResourcesBuildPhase;
			buildActionMask = 2147483647;
			files = (
				D387EF381536EF0500635736 /* InfoPlist.strings in Resources */,
			);
			runOnlyForDeploymentPostprocessing = 0;
		};
		D3972B99157D89C7000C1819 /* Resources */ = {
			isa = PBXResourcesBuildPhase;
			buildActionMask = 2147483647;
			files = (
				D3972BA5157D89C7000C1819 /* InfoPlist.strings in Resources */,
			);
			runOnlyForDeploymentPostprocessing = 0;
		};
		D3A7B49A15AB011C00DD6772 /* Resources */ = {
			isa = PBXResourcesBuildPhase;
			buildActionMask = 2147483647;
			files = (
				D3A7B4A615AB011C00DD6772 /* InfoPlist.strings in Resources */,
			);
			runOnlyForDeploymentPostprocessing = 0;
		};
		D3C1F5EA15A4544200F0900D /* Resources */ = {
			isa = PBXResourcesBuildPhase;
			buildActionMask = 2147483647;
			files = (
				D3C1F5F915A4544300F0900D /* InfoPlist.strings in Resources */,
			);
			runOnlyForDeploymentPostprocessing = 0;
		};
/* End PBXResourcesBuildPhase section */

/* Begin PBXSourcesBuildPhase section */
		D387EF071536EF0400635736 /* Sources */ = {
			isa = PBXSourcesBuildPhase;
			buildActionMask = 2147483647;
			files = (
				D387EF1C1536EF0400635736 /* main.m in Sources */,
				D387EF201536EF0400635736 /* EPAppDelegate.m in Sources */,
				D387EF261536EF0400635736 /* EPViewController.m in Sources */,
				D387EF461536FADF00635736 /* EPTopicsListViewController.m in Sources */,
				D387EF491537192600635736 /* EPTopicDetailsViewController.m in Sources */,
				D338B77E153B0DE200611765 /* EPPlanningPokerViewController.m in Sources */,
				D3972B88157D4F91000C1819 /* EPMainMenuListViewController.m in Sources */,
				6D5421DB1595148A0079061F /* EPQuestionsTableViewController.m in Sources */,
				6D3B883415B0C8FA008EF63B /* EPAddQuestionViewController.m in Sources */,
			);
			runOnlyForDeploymentPostprocessing = 0;
		};
		D387EF271536EF0400635736 /* Sources */ = {
			isa = PBXSourcesBuildPhase;
			buildActionMask = 2147483647;
			files = (
				D387EF3B1536EF0500635736 /* EPMainMenuListViewControllerAppTests.m in Sources */,
				6D268D2515AEB1E300946FE5 /* EPQuestionsTableViewControllerAppTests.m in Sources */,
			);
			runOnlyForDeploymentPostprocessing = 0;
		};
		D3972B97157D89C7000C1819 /* Sources */ = {
			isa = PBXSourcesBuildPhase;
			buildActionMask = 2147483647;
			files = (
				6D0B29D21863929A00A27014 /* EPMainMenuListViewControllerTests.m in Sources */,
				D3C986E115A7543B007A41D8 /* EPMainMenuListViewController.m in Sources */,
				6D92CA2B15AB4916002602C4 /* EPQuestionsTableViewControllerTests.m in Sources */,
				6D92CA2D15AB4C77002602C4 /* EPQuestionsTableViewController.m in Sources */,
				6D268D2815B0448400946FE5 /* EPAppDelegateTests.m in Sources */,
				6D268D2915B0497B00946FE5 /* EPAppDelegate.m in Sources */,
				6D3B883A15B0D12E008EF63B /* EPAddQuestionViewControllerTests.m in Sources */,
				6D3B883B15B0D9BB008EF63B /* EPAddQuestionViewController.m in Sources */,
			);
			runOnlyForDeploymentPostprocessing = 0;
		};
		D3A7B49815AB011C00DD6772 /* Sources */ = {
			isa = PBXSourcesBuildPhase;
			buildActionMask = 2147483647;
			files = (
				D3A7B4B315AB022800DD6772 /* EPDataSourceChainTests.m in Sources */,
				D3CA100615B58CFD003B2D4E /* EPQuestionPostmanIntegrationTests.m in Sources */,
			);
			runOnlyForDeploymentPostprocessing = 0;
		};
		D3C1F5DC15A4544200F0900D /* Sources */ = {
			isa = PBXSourcesBuildPhase;
			buildActionMask = 2147483647;
			files = (
				D3C1F5E715A4544200F0900D /* EPConnection.m in Sources */,
				D3C986E915A78409007A41D8 /* EPSmartTableViewCell.m in Sources */,
				D3C986F215A7955F007A41D8 /* EPMenuListSmartTableViewCell.m in Sources */,
				D3C9870215A9EB0A007A41D8 /* EPQuestionsDataSource.m in Sources */,
				6D5C238215AB94EA005EAEBB /* EPQuestionsSmartTableViewCell.m in Sources */,
				D3A7B4BF15B383FD00DD6772 /* EPJSONPostURLRequest.m in Sources */,
				D3A7B4C615B4B3DF00DD6772 /* EPQuestionPostman.m in Sources */,
			);
			runOnlyForDeploymentPostprocessing = 0;
		};
		D3C1F5E815A4544200F0900D /* Sources */ = {
			isa = PBXSourcesBuildPhase;
			buildActionMask = 2147483647;
			files = (
				D3C1F60315A4577E00F0900D /* EPConnectionTests.m in Sources */,
				D3C986E515A7832F007A41D8 /* EPSmartTableViewCellTest.m in Sources */,
				D3C986EE15A793E7007A41D8 /* EPMenuListSmartTableViewCellTests.m in Sources */,
				D3C986FA15A89E1C007A41D8 /* EPQuestionsDataSourceTests.m in Sources */,
				D3A7B4BA15B37F9400DD6772 /* EPPostURLRequestTests.m in Sources */,
				D3A7B4C215B3953E00DD6772 /* EPQuestionPostmanTests.m in Sources */,
			);
			runOnlyForDeploymentPostprocessing = 0;
		};
/* End PBXSourcesBuildPhase section */

/* Begin PBXTargetDependency section */
		6D7FD6D118639AFF00988B44 /* PBXTargetDependency */ = {
			isa = PBXTargetDependency;
			target = D387EF0A1536EF0400635736 /* AgileToolbox */;
			targetProxy = 6D7FD6D018639AFF00988B44 /* PBXContainerItemProxy */;
		};
		6D813857185FE1DA00A5A283 /* PBXTargetDependency */ = {
			isa = PBXTargetDependency;
			target = D387EF0A1536EF0400635736 /* AgileToolbox */;
			targetProxy = 6D813856185FE1DA00A5A283 /* PBXContainerItemProxy */;
		};
		6D8579A9186FB52F00DCC000 /* PBXTargetDependency */ = {
			isa = PBXTargetDependency;
			target = D3C1F5DF15A4544200F0900D /* Library */;
			targetProxy = 6D8579A8186FB52F00DCC000 /* PBXContainerItemProxy */;
		};
		6DB9214A185AA85700440656 /* PBXTargetDependency */ = {
			isa = PBXTargetDependency;
			target = D387EF0A1536EF0400635736 /* AgileToolbox */;
			targetProxy = 6DB92149185AA85700440656 /* PBXContainerItemProxy */;
		};
		D387EF321536EF0500635736 /* PBXTargetDependency */ = {
			isa = PBXTargetDependency;
			target = D387EF0A1536EF0400635736 /* AgileToolbox */;
			targetProxy = D387EF311536EF0500635736 /* PBXContainerItemProxy */;
		};
		D3A7B4AF15AB01D700DD6772 /* PBXTargetDependency */ = {
			isa = PBXTargetDependency;
			target = D3C1F5DF15A4544200F0900D /* Library */;
			targetProxy = D3A7B4AE15AB01D700DD6772 /* PBXContainerItemProxy */;
		};
		D3C986F615A79ECD007A41D8 /* PBXTargetDependency */ = {
			isa = PBXTargetDependency;
			target = D3C1F5DF15A4544200F0900D /* Library */;
			targetProxy = D3C986F515A79ECD007A41D8 /* PBXContainerItemProxy */;
		};
/* End PBXTargetDependency section */

/* Begin PBXVariantGroup section */
		D387EF181536EF0400635736 /* InfoPlist.strings */ = {
			isa = PBXVariantGroup;
			children = (
				D387EF191536EF0400635736 /* en */,
			);
			name = InfoPlist.strings;
			sourceTree = "<group>";
		};
		D387EF211536EF0400635736 /* MainStoryboard.storyboard */ = {
			isa = PBXVariantGroup;
			children = (
				D387EF221536EF0400635736 /* en */,
			);
			name = MainStoryboard.storyboard;
			sourceTree = "<group>";
		};
		D387EF361536EF0500635736 /* InfoPlist.strings */ = {
			isa = PBXVariantGroup;
			children = (
				D387EF371536EF0500635736 /* en */,
			);
			name = InfoPlist.strings;
			sourceTree = "<group>";
		};
		D3972BA3157D89C7000C1819 /* InfoPlist.strings */ = {
			isa = PBXVariantGroup;
			children = (
				D3972BA4157D89C7000C1819 /* en */,
			);
			name = InfoPlist.strings;
			sourceTree = "<group>";
		};
		D3A7B4A415AB011C00DD6772 /* InfoPlist.strings */ = {
			isa = PBXVariantGroup;
			children = (
				D3A7B4A515AB011C00DD6772 /* en */,
			);
			name = InfoPlist.strings;
			sourceTree = "<group>";
		};
		D3C1F5F715A4544300F0900D /* InfoPlist.strings */ = {
			isa = PBXVariantGroup;
			children = (
				D3C1F5F815A4544300F0900D /* en */,
			);
			name = InfoPlist.strings;
			sourceTree = "<group>";
		};
/* End PBXVariantGroup section */

/* Begin XCBuildConfiguration section */
		D387EF3C1536EF0500635736 /* Debug */ = {
			isa = XCBuildConfiguration;
			buildSettings = {
				ALWAYS_SEARCH_USER_PATHS = NO;
				ARCHS = "$(ARCHS_STANDARD_INCLUDING_64_BIT)";
				CLANG_ENABLE_OBJC_ARC = YES;
				CLANG_WARN_BOOL_CONVERSION = YES;
				CLANG_WARN_CONSTANT_CONVERSION = YES;
				CLANG_WARN_EMPTY_BODY = YES;
				CLANG_WARN_ENUM_CONVERSION = YES;
				CLANG_WARN_INT_CONVERSION = YES;
				CLANG_WARN__DUPLICATE_METHOD_MATCH = YES;
				"CODE_SIGN_IDENTITY[sdk=*]" = "iPhone Developer";
				COPY_PHASE_STRIP = NO;
				GCC_C_LANGUAGE_STANDARD = gnu99;
				GCC_DYNAMIC_NO_PIC = NO;
				GCC_OPTIMIZATION_LEVEL = 0;
				GCC_PREPROCESSOR_DEFINITIONS = (
					"DEBUG=1",
					"$(inherited)",
				);
				GCC_SYMBOLS_PRIVATE_EXTERN = NO;
				GCC_VERSION = "";
				GCC_WARN_64_TO_32_BIT_CONVERSION = YES;
				GCC_WARN_ABOUT_RETURN_TYPE = YES;
				GCC_WARN_UNDECLARED_SELECTOR = YES;
				GCC_WARN_UNINITIALIZED_AUTOS = YES;
				GCC_WARN_UNUSED_FUNCTION = YES;
				GCC_WARN_UNUSED_VARIABLE = YES;
				HEADER_SEARCH_PATHS = (
					"$(inherited)",
					/Applications/Xcode.app/Contents/Developer/Toolchains/XcodeDefault.xctoolchain/usr/include,
					"$(SRCROOT)/AgileToolbox/ExternalDependenciesProtocols",
				);
				IPHONEOS_DEPLOYMENT_TARGET = 7.0;
				ONLY_ACTIVE_ARCH = YES;
				"PROVISIONING_PROFILE[sdk=*]" = "";
				SDKROOT = iphoneos;
			};
			name = Debug;
		};
		D387EF3D1536EF0500635736 /* Release */ = {
			isa = XCBuildConfiguration;
			buildSettings = {
				ALWAYS_SEARCH_USER_PATHS = NO;
				ARCHS = "$(ARCHS_STANDARD_INCLUDING_64_BIT)";
				CLANG_ENABLE_OBJC_ARC = YES;
				CLANG_WARN_BOOL_CONVERSION = YES;
				CLANG_WARN_CONSTANT_CONVERSION = YES;
				CLANG_WARN_EMPTY_BODY = YES;
				CLANG_WARN_ENUM_CONVERSION = YES;
				CLANG_WARN_INT_CONVERSION = YES;
				CLANG_WARN__DUPLICATE_METHOD_MATCH = YES;
				CODE_SIGN_IDENTITY = "iPhone Distribution: Everyday Productive (K4TD7CWPF4)";
				"CODE_SIGN_IDENTITY[sdk=iphoneos*]" = "iPhone Distribution: Everyday Productive (K4TD7CWPF4)";
				COPY_PHASE_STRIP = YES;
				GCC_C_LANGUAGE_STANDARD = gnu99;
				GCC_VERSION = "";
				GCC_WARN_64_TO_32_BIT_CONVERSION = YES;
				GCC_WARN_ABOUT_RETURN_TYPE = YES;
				GCC_WARN_UNDECLARED_SELECTOR = YES;
				GCC_WARN_UNINITIALIZED_AUTOS = YES;
				GCC_WARN_UNUSED_FUNCTION = YES;
				GCC_WARN_UNUSED_VARIABLE = YES;
				HEADER_SEARCH_PATHS = (
					"$(inherited)",
					/Applications/Xcode.app/Contents/Developer/Toolchains/XcodeDefault.xctoolchain/usr/include,
					"$(SRCROOT)/AgileToolbox/ExternalDependenciesProtocols",
				);
				IPHONEOS_DEPLOYMENT_TARGET = 7.0;
				OTHER_CFLAGS = "-DNS_BLOCK_ASSERTIONS=1";
				PROVISIONING_PROFILE = "9F2F3156-6380-4A90-AFA5-A63BD2781949";
				"PROVISIONING_PROFILE[sdk=iphoneos*]" = "9F2F3156-6380-4A90-AFA5-A63BD2781949";
				SDKROOT = iphoneos;
				VALIDATE_PRODUCT = YES;
			};
			name = Release;
		};
		D387EF3F1536EF0500635736 /* Debug */ = {
			isa = XCBuildConfiguration;
			buildSettings = {
				ARCHS = "$(ARCHS_STANDARD_INCLUDING_64_BIT)";
				CLANG_CXX_LANGUAGE_STANDARD = "gnu++0x";
				CLANG_CXX_LIBRARY = "libc++";
				CLANG_ENABLE_MODULES = YES;
				CLANG_WARN_DIRECT_OBJC_ISA_USAGE = YES_ERROR;
				CODE_SIGN_IDENTITY = "iPhone Developer";
				"CODE_SIGN_IDENTITY[sdk=iphoneos*]" = "iPhone Developer";
				GCC_PRECOMPILE_PREFIX_HEADER = YES;
				GCC_PREFIX_HEADER = "AgileToolbox/AgileToolbox-Prefix.pch";
				GCC_VERSION = "";
				GCC_WARN_ABOUT_RETURN_TYPE = YES_ERROR;
				INFOPLIST_FILE = "AgileToolbox/AgileToolbox-Info.plist";
				IPHONEOS_DEPLOYMENT_TARGET = 7.0;
				PRODUCT_NAME = "$(TARGET_NAME)";
				PROVISIONING_PROFILE = "";
				"PROVISIONING_PROFILE[sdk=*]" = "";
				WRAPPER_EXTENSION = app;
			};
			name = Debug;
		};
		D387EF401536EF0500635736 /* Release */ = {
			isa = XCBuildConfiguration;
			buildSettings = {
				ARCHS = "$(ARCHS_STANDARD_INCLUDING_64_BIT)";
				CLANG_CXX_LANGUAGE_STANDARD = "gnu++0x";
				CLANG_CXX_LIBRARY = "libc++";
				CLANG_ENABLE_MODULES = YES;
				CLANG_WARN_DIRECT_OBJC_ISA_USAGE = YES_ERROR;
				CODE_SIGN_IDENTITY = "iPhone Distribution: Everyday Productive (K4TD7CWPF4)";
				"CODE_SIGN_IDENTITY[sdk=iphoneos*]" = "iPhone Distribution: Everyday Productive (K4TD7CWPF4)";
				GCC_PRECOMPILE_PREFIX_HEADER = YES;
				GCC_PREFIX_HEADER = "AgileToolbox/AgileToolbox-Prefix.pch";
				GCC_VERSION = "";
				GCC_WARN_ABOUT_RETURN_TYPE = YES_ERROR;
				INFOPLIST_FILE = "AgileToolbox/AgileToolbox-Info.plist";
				IPHONEOS_DEPLOYMENT_TARGET = 7.0;
				PRODUCT_NAME = "$(TARGET_NAME)";
				PROVISIONING_PROFILE = "9F2F3156-6380-4A90-AFA5-A63BD2781949";
				"PROVISIONING_PROFILE[sdk=iphoneos*]" = "9F2F3156-6380-4A90-AFA5-A63BD2781949";
				WRAPPER_EXTENSION = app;
			};
			name = Release;
		};
		D387EF421536EF0500635736 /* Debug */ = {
			isa = XCBuildConfiguration;
			buildSettings = {
				ARCHS = "$(ARCHS_STANDARD_INCLUDING_64_BIT)";
				BUNDLE_LOADER = "$(BUILT_PRODUCTS_DIR)/AgileToolbox.app/AgileToolbox";
				CLANG_CXX_LANGUAGE_STANDARD = "gnu++0x";
				CLANG_CXX_LIBRARY = "libc++";
				CLANG_ENABLE_MODULES = YES;
				CLANG_WARN_DIRECT_OBJC_ISA_USAGE = YES_ERROR;
				FRAMEWORK_SEARCH_PATHS = (
					"$(SDKROOT)/Developer/Library/Frameworks",
					"$(inherited)",
					"$(DEVELOPER_FRAMEWORKS_DIR)",
				);
				GCC_PRECOMPILE_PREFIX_HEADER = YES;
				GCC_PREFIX_HEADER = "AgileToolbox/AgileToolbox-Prefix.pch";
				GCC_VERSION = "";
				GCC_WARN_ABOUT_RETURN_TYPE = YES_ERROR;
				HEADER_SEARCH_PATHS = "\"$(PROJECT_DIR)/OCMock/include\"";
				INFOPLIST_FILE = "AgileToolboxTests/AgileToolboxTests-Info.plist";
				IPHONEOS_DEPLOYMENT_TARGET = 7.0;
				LIBRARY_SEARCH_PATHS = (
					"$(inherited)",
					"\"$(SRCROOT)/OCMock/lib\"",
				);
				OTHER_LDFLAGS = (
					"$(inherited)",
					"-force_load",
					"\"$(SRCROOT)/OCMock/lib/libOCMock.a\"",
				);
				PRODUCT_NAME = "$(TARGET_NAME)";
				TEST_HOST = "$(BUNDLE_LOADER)";
			};
			name = Debug;
		};
		D387EF431536EF0500635736 /* Release */ = {
			isa = XCBuildConfiguration;
			buildSettings = {
				ARCHS = "$(ARCHS_STANDARD_INCLUDING_64_BIT)";
				BUNDLE_LOADER = "$(BUILT_PRODUCTS_DIR)/AgileToolbox.app/AgileToolbox";
				CLANG_CXX_LANGUAGE_STANDARD = "gnu++0x";
				CLANG_CXX_LIBRARY = "libc++";
				CLANG_ENABLE_MODULES = YES;
				CLANG_WARN_DIRECT_OBJC_ISA_USAGE = YES_ERROR;
				FRAMEWORK_SEARCH_PATHS = (
					"$(SDKROOT)/Developer/Library/Frameworks",
					"$(inherited)",
					"$(DEVELOPER_FRAMEWORKS_DIR)",
				);
				GCC_PRECOMPILE_PREFIX_HEADER = YES;
				GCC_PREFIX_HEADER = "AgileToolbox/AgileToolbox-Prefix.pch";
				GCC_VERSION = "";
				GCC_WARN_ABOUT_RETURN_TYPE = YES_ERROR;
				HEADER_SEARCH_PATHS = "\"$(PROJECT_DIR)/OCMock/include\"";
				INFOPLIST_FILE = "AgileToolboxTests/AgileToolboxTests-Info.plist";
				IPHONEOS_DEPLOYMENT_TARGET = 7.0;
				LIBRARY_SEARCH_PATHS = (
					"$(inherited)",
					"\"$(SRCROOT)/OCMock/lib\"",
				);
				OTHER_LDFLAGS = (
					"$(inherited)",
					"-force_load",
					"\"$(SRCROOT)/OCMock/lib/libOCMock.a\"",
				);
				PRODUCT_NAME = "$(TARGET_NAME)";
				TEST_HOST = "$(BUNDLE_LOADER)";
			};
			name = Release;
		};
		D3972BAB157D89C7000C1819 /* Debug */ = {
			isa = XCBuildConfiguration;
			buildSettings = {
				ARCHS = "$(ARCHS_STANDARD_INCLUDING_64_BIT)";
				BUNDLE_LOADER = "$(BUILT_PRODUCTS_DIR)/AgileToolbox.app/AgileToolbox";
				CLANG_CXX_LANGUAGE_STANDARD = "gnu++0x";
				CLANG_CXX_LIBRARY = "libc++";
				CLANG_ENABLE_MODULES = YES;
				CODE_SIGN_IDENTITY = "";
				"CODE_SIGN_IDENTITY[sdk=iphoneos*]" = "iPhone Developer";
				FRAMEWORK_SEARCH_PATHS = (
					"$(SDKROOT)/Developer/Library/Frameworks",
					"$(inherited)",
					"$(DEVELOPER_FRAMEWORKS_DIR)",
				);
				GCC_PRECOMPILE_PREFIX_HEADER = YES;
				GCC_PREFIX_HEADER = "LogicUnitTests/LogicUnitTests-Prefix.pch";
				GCC_VERSION = "";
				GCC_WARN_ABOUT_RETURN_TYPE = YES_ERROR;
				HEADER_SEARCH_PATHS = "\"$(PROJECT_DIR)/OCMock/include\"";
				INFOPLIST_FILE = "LogicUnitTests/LogicUnitTests-Info.plist";
				IPHONEOS_DEPLOYMENT_TARGET = 7.0;
				LIBRARY_SEARCH_PATHS = (
					"$(inherited)",
					"\"$(SRCROOT)/OCMock/lib\"",
				);
				OTHER_LDFLAGS = (
					"$(inherited)",
					"-force_load",
					"\"$(SRCROOT)/OCMock/lib/libOCMock.a\"",
				);
				PRODUCT_NAME = "$(TARGET_NAME)";
				TEST_HOST = "$(BUNDLE_LOADER)";
			};
			name = Debug;
		};
		D3972BAC157D89C7000C1819 /* Release */ = {
			isa = XCBuildConfiguration;
			buildSettings = {
				ARCHS = "$(ARCHS_STANDARD_INCLUDING_64_BIT)";
				BUNDLE_LOADER = "$(BUILT_PRODUCTS_DIR)/AgileToolbox.app/AgileToolbox";
				CLANG_CXX_LANGUAGE_STANDARD = "gnu++0x";
				CLANG_CXX_LIBRARY = "libc++";
				CLANG_ENABLE_MODULES = YES;
				FRAMEWORK_SEARCH_PATHS = (
					"$(SDKROOT)/Developer/Library/Frameworks",
					"$(inherited)",
					"$(DEVELOPER_FRAMEWORKS_DIR)",
				);
				GCC_PRECOMPILE_PREFIX_HEADER = YES;
				GCC_PREFIX_HEADER = "LogicUnitTests/LogicUnitTests-Prefix.pch";
				GCC_VERSION = "";
				GCC_WARN_ABOUT_RETURN_TYPE = YES_ERROR;
				HEADER_SEARCH_PATHS = "\"$(PROJECT_DIR)/OCMock/include\"";
				INFOPLIST_FILE = "LogicUnitTests/LogicUnitTests-Info.plist";
				IPHONEOS_DEPLOYMENT_TARGET = 7.0;
				LIBRARY_SEARCH_PATHS = (
					"$(inherited)",
					"\"$(SRCROOT)/OCMock/lib\"",
				);
				OTHER_CFLAGS = "";
				OTHER_LDFLAGS = (
					"$(inherited)",
					"-force_load",
					"\"$(SRCROOT)/OCMock/lib/libOCMock.a\"",
				);
				PRODUCT_NAME = "$(TARGET_NAME)";
				TEST_HOST = "$(BUNDLE_LOADER)";
			};
			name = Release;
		};
		D3A7B4AC15AB011C00DD6772 /* Debug */ = {
			isa = XCBuildConfiguration;
			buildSettings = {
				BUNDLE_LOADER = "$(BUILT_PRODUCTS_DIR)/AgileToolbox.app/AgileToolbox";
				FRAMEWORK_SEARCH_PATHS = (
					"$(SDKROOT)/Developer/Library/Frameworks",
					"$(inherited)",
					"$(DEVELOPER_FRAMEWORKS_DIR)",
				);
				GCC_PRECOMPILE_PREFIX_HEADER = YES;
				GCC_PREFIX_HEADER = "IntegrationTests/IntegrationTests-Prefix.pch";
				GCC_VERSION = "";
				HEADER_SEARCH_PATHS = "\"$(PROJECT_DIR)/OCMock/include\"";
				INFOPLIST_FILE = "IntegrationTests/IntegrationTests-Info.plist";
				IPHONEOS_DEPLOYMENT_TARGET = 7.0;
				LIBRARY_SEARCH_PATHS = (
					"$(inherited)",
					"\"$(SRCROOT)/OCMock/lib\"",
				);
				OTHER_LDFLAGS = (
					"-force_load",
					"\"$(SRCROOT)/OCMock/lib/libOCMock.a\"",
					"-ObjC",
				);
				PRODUCT_NAME = "$(TARGET_NAME)";
				TEST_HOST = "$(BUNDLE_LOADER)";
			};
			name = Debug;
		};
		D3A7B4AD15AB011C00DD6772 /* Release */ = {
			isa = XCBuildConfiguration;
			buildSettings = {
				BUNDLE_LOADER = "$(BUILT_PRODUCTS_DIR)/AgileToolbox.app/AgileToolbox";
				FRAMEWORK_SEARCH_PATHS = (
					"$(SDKROOT)/Developer/Library/Frameworks",
					"$(inherited)",
					"$(DEVELOPER_FRAMEWORKS_DIR)",
				);
				GCC_PRECOMPILE_PREFIX_HEADER = YES;
				GCC_PREFIX_HEADER = "IntegrationTests/IntegrationTests-Prefix.pch";
				GCC_VERSION = "";
				HEADER_SEARCH_PATHS = "\"$(PROJECT_DIR)/OCMock/include\"";
				INFOPLIST_FILE = "IntegrationTests/IntegrationTests-Info.plist";
				IPHONEOS_DEPLOYMENT_TARGET = 7.0;
				LIBRARY_SEARCH_PATHS = (
					"$(inherited)",
					"\"$(SRCROOT)/OCMock/lib\"",
				);
				OTHER_LDFLAGS = (
					"-force_load",
					"\"$(SRCROOT)/OCMock/lib/libOCMock.a\"",
					"-ObjC",
				);
				PRODUCT_NAME = "$(TARGET_NAME)";
				TEST_HOST = "$(BUNDLE_LOADER)";
			};
			name = Release;
		};
		D3C1F5FE15A4544300F0900D /* Debug */ = {
			isa = XCBuildConfiguration;
			buildSettings = {
				ARCHS = "$(ARCHS_STANDARD_INCLUDING_64_BIT)";
				CLANG_CXX_LANGUAGE_STANDARD = "gnu++0x";
				CLANG_CXX_LIBRARY = "libc++";
				DSTROOT = /tmp/Library.dst;
				GCC_PRECOMPILE_PREFIX_HEADER = YES;
				GCC_PREFIX_HEADER = "Library/Library-Prefix.pch";
				GCC_VERSION = "";
				IPHONEOS_DEPLOYMENT_TARGET = 7.0;
				OTHER_LDFLAGS = "-ObjC";
				PRODUCT_NAME = "$(TARGET_NAME)";
				SKIP_INSTALL = YES;
			};
			name = Debug;
		};
		D3C1F5FF15A4544300F0900D /* Release */ = {
			isa = XCBuildConfiguration;
			buildSettings = {
				ARCHS = "$(ARCHS_STANDARD_INCLUDING_64_BIT)";
				CLANG_CXX_LANGUAGE_STANDARD = "gnu++0x";
				CLANG_CXX_LIBRARY = "libc++";
				DSTROOT = /tmp/Library.dst;
				GCC_PRECOMPILE_PREFIX_HEADER = YES;
				GCC_PREFIX_HEADER = "Library/Library-Prefix.pch";
				GCC_VERSION = "";
				IPHONEOS_DEPLOYMENT_TARGET = 7.0;
				OTHER_LDFLAGS = "-ObjC";
				PRODUCT_NAME = "$(TARGET_NAME)";
				SKIP_INSTALL = YES;
			};
			name = Release;
		};
		D3C1F60115A4544300F0900D /* Debug */ = {
			isa = XCBuildConfiguration;
			buildSettings = {
				ARCHS = "$(ARCHS_STANDARD_INCLUDING_64_BIT)";
				BUNDLE_LOADER = "$(BUILT_PRODUCTS_DIR)/AgileToolbox.app/AgileToolbox";
				CLANG_CXX_LANGUAGE_STANDARD = "gnu++0x";
				CLANG_CXX_LIBRARY = "libc++";
				CLANG_ENABLE_MODULES = YES;
				CLANG_WARN_DIRECT_OBJC_ISA_USAGE = YES_ERROR;
				FRAMEWORK_SEARCH_PATHS = (
					"$(SDKROOT)/Developer/Library/Frameworks",
					"$(inherited)",
					"$(DEVELOPER_FRAMEWORKS_DIR)",
				);
				GCC_PRECOMPILE_PREFIX_HEADER = YES;
				GCC_PREFIX_HEADER = "Library/Library-Prefix.pch";
				GCC_VERSION = "";
				GCC_WARN_ABOUT_RETURN_TYPE = YES_ERROR;
				HEADER_SEARCH_PATHS = "\"$(PROJECT_DIR)/OCMock/include\"";
				INFOPLIST_FILE = "LibraryTests/LibraryTests-Info.plist";
				IPHONEOS_DEPLOYMENT_TARGET = 7.0;
				LIBRARY_SEARCH_PATHS = (
					"$(inherited)",
					"$(SRCROOT)/OCMock/lib",
				);
				OTHER_CFLAGS = "";
				OTHER_LDFLAGS = (
					"$(inherited)",
					"-force_load",
					"\"$(SRCROOT)/OCMock/lib/libOCMock.a\"",
					"-ObjC",
				);
				PRODUCT_NAME = "$(TARGET_NAME)";
				TEST_HOST = "$(BUNDLE_LOADER)";
			};
			name = Debug;
		};
		D3C1F60215A4544300F0900D /* Release */ = {
			isa = XCBuildConfiguration;
			buildSettings = {
				ARCHS = "$(ARCHS_STANDARD_INCLUDING_64_BIT)";
				BUNDLE_LOADER = "$(BUILT_PRODUCTS_DIR)/AgileToolbox.app/AgileToolbox";
				CLANG_CXX_LANGUAGE_STANDARD = "gnu++0x";
				CLANG_CXX_LIBRARY = "libc++";
				CLANG_ENABLE_MODULES = YES;
				CLANG_WARN_DIRECT_OBJC_ISA_USAGE = YES_ERROR;
				ENABLE_NS_ASSERTIONS = NO;
				FRAMEWORK_SEARCH_PATHS = (
					"$(SDKROOT)/Developer/Library/Frameworks",
					"$(inherited)",
					"$(DEVELOPER_FRAMEWORKS_DIR)",
				);
				GCC_PRECOMPILE_PREFIX_HEADER = YES;
				GCC_PREFIX_HEADER = "Library/Library-Prefix.pch";
				GCC_VERSION = "";
				GCC_WARN_ABOUT_RETURN_TYPE = YES_ERROR;
				HEADER_SEARCH_PATHS = "\"$(PROJECT_DIR)/OCMock/include\"";
				INFOPLIST_FILE = "LibraryTests/LibraryTests-Info.plist";
				IPHONEOS_DEPLOYMENT_TARGET = 7.0;
				LIBRARY_SEARCH_PATHS = (
					"$(inherited)",
					"$(SRCROOT)/OCMock/lib",
				);
				OTHER_CFLAGS = "";
				OTHER_LDFLAGS = (
					"$(inherited)",
					"-force_load",
					"\"$(SRCROOT)/OCMock/lib/libOCMock.a\"",
					"-ObjC",
				);
				PRODUCT_NAME = "$(TARGET_NAME)";
				TEST_HOST = "$(BUNDLE_LOADER)";
			};
			name = Release;
		};
/* End XCBuildConfiguration section */

/* Begin XCConfigurationList section */
		D387EF051536EF0400635736 /* Build configuration list for PBXProject "AgileToolbox" */ = {
			isa = XCConfigurationList;
			buildConfigurations = (
				D387EF3C1536EF0500635736 /* Debug */,
				D387EF3D1536EF0500635736 /* Release */,
			);
			defaultConfigurationIsVisible = 0;
			defaultConfigurationName = Release;
		};
		D387EF3E1536EF0500635736 /* Build configuration list for PBXNativeTarget "AgileToolbox" */ = {
			isa = XCConfigurationList;
			buildConfigurations = (
				D387EF3F1536EF0500635736 /* Debug */,
				D387EF401536EF0500635736 /* Release */,
			);
			defaultConfigurationIsVisible = 0;
			defaultConfigurationName = Release;
		};
		D387EF411536EF0500635736 /* Build configuration list for PBXNativeTarget "ApplicationUnitTests" */ = {
			isa = XCConfigurationList;
			buildConfigurations = (
				D387EF421536EF0500635736 /* Debug */,
				D387EF431536EF0500635736 /* Release */,
			);
			defaultConfigurationIsVisible = 0;
			defaultConfigurationName = Release;
		};
		D3972BAA157D89C7000C1819 /* Build configuration list for PBXNativeTarget "LogicUnitTests" */ = {
			isa = XCConfigurationList;
			buildConfigurations = (
				D3972BAB157D89C7000C1819 /* Debug */,
				D3972BAC157D89C7000C1819 /* Release */,
			);
			defaultConfigurationIsVisible = 0;
			defaultConfigurationName = Release;
		};
		D3A7B4AB15AB011C00DD6772 /* Build configuration list for PBXNativeTarget "IntegrationTests" */ = {
			isa = XCConfigurationList;
			buildConfigurations = (
				D3A7B4AC15AB011C00DD6772 /* Debug */,
				D3A7B4AD15AB011C00DD6772 /* Release */,
			);
			defaultConfigurationIsVisible = 0;
			defaultConfigurationName = Release;
		};
		D3C1F5FD15A4544300F0900D /* Build configuration list for PBXNativeTarget "Library" */ = {
			isa = XCConfigurationList;
			buildConfigurations = (
				D3C1F5FE15A4544300F0900D /* Debug */,
				D3C1F5FF15A4544300F0900D /* Release */,
			);
			defaultConfigurationIsVisible = 0;
			defaultConfigurationName = Release;
		};
		D3C1F60015A4544300F0900D /* Build configuration list for PBXNativeTarget "LibraryTests" */ = {
			isa = XCConfigurationList;
			buildConfigurations = (
				D3C1F60115A4544300F0900D /* Debug */,
				D3C1F60215A4544300F0900D /* Release */,
			);
			defaultConfigurationIsVisible = 0;
			defaultConfigurationName = Release;
		};
/* End XCConfigurationList section */
	};
	rootObject = D387EF021536EF0400635736 /* Project object */;
}
