// !$*UTF8*$!
{
	archiveVersion = 1;
	classes = {
	};
	objectVersion = 46;
	objects = {

/* Begin PBXBuildFile section */
		6D5421DB1595148A0079061F /* QATQuestionsTableViewController.m in Sources */ = {isa = PBXBuildFile; fileRef = 6D5421DA1595148A0079061F /* QATQuestionsTableViewController.m */; };
		D338B77E153B0DE200611765 /* QATPlanningPokerViewController.m in Sources */ = {isa = PBXBuildFile; fileRef = D338B77D153B0DE200611765 /* QATPlanningPokerViewController.m */; };
		D387EF101536EF0400635736 /* UIKit.framework in Frameworks */ = {isa = PBXBuildFile; fileRef = D387EF0F1536EF0400635736 /* UIKit.framework */; };
		D387EF121536EF0400635736 /* Foundation.framework in Frameworks */ = {isa = PBXBuildFile; fileRef = D387EF111536EF0400635736 /* Foundation.framework */; };
		D387EF141536EF0400635736 /* CoreGraphics.framework in Frameworks */ = {isa = PBXBuildFile; fileRef = D387EF131536EF0400635736 /* CoreGraphics.framework */; };
		D387EF1A1536EF0400635736 /* InfoPlist.strings in Resources */ = {isa = PBXBuildFile; fileRef = D387EF181536EF0400635736 /* InfoPlist.strings */; };
		D387EF1C1536EF0400635736 /* main.m in Sources */ = {isa = PBXBuildFile; fileRef = D387EF1B1536EF0400635736 /* main.m */; };
		D387EF201536EF0400635736 /* QATAppDelegate.m in Sources */ = {isa = PBXBuildFile; fileRef = D387EF1F1536EF0400635736 /* QATAppDelegate.m */; };
		D387EF231536EF0400635736 /* MainStoryboard.storyboard in Resources */ = {isa = PBXBuildFile; fileRef = D387EF211536EF0400635736 /* MainStoryboard.storyboard */; };
		D387EF261536EF0400635736 /* QATViewController.m in Sources */ = {isa = PBXBuildFile; fileRef = D387EF251536EF0400635736 /* QATViewController.m */; };
		D387EF2E1536EF0400635736 /* SenTestingKit.framework in Frameworks */ = {isa = PBXBuildFile; fileRef = D387EF2D1536EF0400635736 /* SenTestingKit.framework */; };
		D387EF2F1536EF0500635736 /* UIKit.framework in Frameworks */ = {isa = PBXBuildFile; fileRef = D387EF0F1536EF0400635736 /* UIKit.framework */; };
		D387EF301536EF0500635736 /* Foundation.framework in Frameworks */ = {isa = PBXBuildFile; fileRef = D387EF111536EF0400635736 /* Foundation.framework */; };
		D387EF381536EF0500635736 /* InfoPlist.strings in Resources */ = {isa = PBXBuildFile; fileRef = D387EF361536EF0500635736 /* InfoPlist.strings */; };
		D387EF3B1536EF0500635736 /* AgileToolboxTests.m in Sources */ = {isa = PBXBuildFile; fileRef = D387EF3A1536EF0500635736 /* AgileToolboxTests.m */; };
		D387EF461536FADF00635736 /* QATTopicsListViewController.m in Sources */ = {isa = PBXBuildFile; fileRef = D387EF451536FADF00635736 /* QATTopicsListViewController.m */; };
		D387EF491537192600635736 /* QATTopicDetailsViewController.m in Sources */ = {isa = PBXBuildFile; fileRef = D387EF481537192600635736 /* QATTopicDetailsViewController.m */; };
		D3972841157D07FC000C1819 /* Concepts.png in Resources */ = {isa = PBXBuildFile; fileRef = D397282F157D07FC000C1819 /* Concepts.png */; };
		D3972842157D07FC000C1819 /* Concepts@2x.png in Resources */ = {isa = PBXBuildFile; fileRef = D3972830157D07FC000C1819 /* Concepts@2x.png */; };
		D3972843157D07FC000C1819 /* ConceptsHighlighted.png in Resources */ = {isa = PBXBuildFile; fileRef = D3972831157D07FC000C1819 /* ConceptsHighlighted.png */; };
		D3972844157D07FC000C1819 /* ConceptsHighlighted@2x.png in Resources */ = {isa = PBXBuildFile; fileRef = D3972832157D07FC000C1819 /* ConceptsHighlighted@2x.png */; };
		D3972845157D07FC000C1819 /* PlanningPoker.png in Resources */ = {isa = PBXBuildFile; fileRef = D3972833157D07FC000C1819 /* PlanningPoker.png */; };
		D3972846157D07FC000C1819 /* PlanningPoker2.png in Resources */ = {isa = PBXBuildFile; fileRef = D3972834157D07FC000C1819 /* PlanningPoker2.png */; };
		D3972847157D07FC000C1819 /* PlanningPoker2@2x.png in Resources */ = {isa = PBXBuildFile; fileRef = D3972835157D07FC000C1819 /* PlanningPoker2@2x.png */; };
		D3972848157D07FC000C1819 /* PlanningPoker2Highlighted.png in Resources */ = {isa = PBXBuildFile; fileRef = D3972836157D07FC000C1819 /* PlanningPoker2Highlighted.png */; };
		D3972849157D07FC000C1819 /* PlanningPoker2Highlighted@2x.png in Resources */ = {isa = PBXBuildFile; fileRef = D3972837157D07FC000C1819 /* PlanningPoker2Highlighted@2x.png */; };
		D397284A157D07FC000C1819 /* PlanningPoker@2x.png in Resources */ = {isa = PBXBuildFile; fileRef = D3972838157D07FC000C1819 /* PlanningPoker@2x.png */; };
		D397284B157D07FC000C1819 /* PlanningPokerCard.png in Resources */ = {isa = PBXBuildFile; fileRef = D3972839157D07FC000C1819 /* PlanningPokerCard.png */; };
		D397284C157D07FC000C1819 /* PlanninPokerCard.png in Resources */ = {isa = PBXBuildFile; fileRef = D397283A157D07FC000C1819 /* PlanninPokerCard.png */; };
		D397284D157D07FC000C1819 /* QATBackground.png in Resources */ = {isa = PBXBuildFile; fileRef = D397283B157D07FC000C1819 /* QATBackground.png */; };
		D397284E157D07FC000C1819 /* QATBackground@2x.png in Resources */ = {isa = PBXBuildFile; fileRef = D397283C157D07FC000C1819 /* QATBackground@2x.png */; };
		D397284F157D07FC000C1819 /* QATBackgroundR.png in Resources */ = {isa = PBXBuildFile; fileRef = D397283D157D07FC000C1819 /* QATBackgroundR.png */; };
		D3972850157D07FC000C1819 /* QATBackgroundR@2x.png in Resources */ = {isa = PBXBuildFile; fileRef = D397283E157D07FC000C1819 /* QATBackgroundR@2x.png */; };
		D3972851157D07FC000C1819 /* QuantumNavigationBarLogo.png in Resources */ = {isa = PBXBuildFile; fileRef = D397283F157D07FC000C1819 /* QuantumNavigationBarLogo.png */; };
		D3972852157D07FC000C1819 /* QuantumNavigationBarLogo@2x.png in Resources */ = {isa = PBXBuildFile; fileRef = D3972840157D07FC000C1819 /* QuantumNavigationBarLogo@2x.png */; };
		D3972859157D0811000C1819 /* ProductOwner.html in Resources */ = {isa = PBXBuildFile; fileRef = D3972856157D0811000C1819 /* ProductOwner.html */; };
		D397285A157D0811000C1819 /* ScrumMaster.html in Resources */ = {isa = PBXBuildFile; fileRef = D3972857157D0811000C1819 /* ScrumMaster.html */; };
		D397285B157D4438000C1819 /* tapDetector.js in Resources */ = {isa = PBXBuildFile; fileRef = D3972855157D0811000C1819 /* tapDetector.js */; };
		D3972B88157D4F91000C1819 /* QATMainMenuListViewController.m in Sources */ = {isa = PBXBuildFile; fileRef = D3972B87157D4F91000C1819 /* QATMainMenuListViewController.m */; };
		D3972B9D157D89C7000C1819 /* SenTestingKit.framework in Frameworks */ = {isa = PBXBuildFile; fileRef = D387EF2D1536EF0400635736 /* SenTestingKit.framework */; };
		D3972B9E157D89C7000C1819 /* UIKit.framework in Frameworks */ = {isa = PBXBuildFile; fileRef = D387EF0F1536EF0400635736 /* UIKit.framework */; };
		D3972B9F157D89C7000C1819 /* Foundation.framework in Frameworks */ = {isa = PBXBuildFile; fileRef = D387EF111536EF0400635736 /* Foundation.framework */; };
		D3972BA5157D89C7000C1819 /* InfoPlist.strings in Resources */ = {isa = PBXBuildFile; fileRef = D3972BA3157D89C7000C1819 /* InfoPlist.strings */; };
		D3972BA8157D89C7000C1819 /* LogicUnitTests.m in Sources */ = {isa = PBXBuildFile; fileRef = D3972BA7157D89C7000C1819 /* LogicUnitTests.m */; };
		D3972BE4157EBAB0000C1819 /* libOCMock.a in Frameworks */ = {isa = PBXBuildFile; fileRef = D3972BE3157EBAB0000C1819 /* libOCMock.a */; };
		D3972BE5157EBAB0000C1819 /* libOCMock.a in Frameworks */ = {isa = PBXBuildFile; fileRef = D3972BE3157EBAB0000C1819 /* libOCMock.a */; };
		D3C1F5E115A4544200F0900D /* Foundation.framework in Frameworks */ = {isa = PBXBuildFile; fileRef = D387EF111536EF0400635736 /* Foundation.framework */; };
		D3C1F5E715A4544200F0900D /* QATConnection.m in Sources */ = {isa = PBXBuildFile; fileRef = D3C1F5E615A4544200F0900D /* QATConnection.m */; };
		D3C1F5EE15A4544300F0900D /* SenTestingKit.framework in Frameworks */ = {isa = PBXBuildFile; fileRef = D387EF2D1536EF0400635736 /* SenTestingKit.framework */; };
		D3C1F5EF15A4544300F0900D /* UIKit.framework in Frameworks */ = {isa = PBXBuildFile; fileRef = D387EF0F1536EF0400635736 /* UIKit.framework */; };
		D3C1F5F015A4544300F0900D /* Foundation.framework in Frameworks */ = {isa = PBXBuildFile; fileRef = D387EF111536EF0400635736 /* Foundation.framework */; };
		D3C1F5F315A4544300F0900D /* libQATLibrary.a in Frameworks */ = {isa = PBXBuildFile; fileRef = D3C1F5E015A4544200F0900D /* libQATLibrary.a */; };
		D3C1F5F915A4544300F0900D /* InfoPlist.strings in Resources */ = {isa = PBXBuildFile; fileRef = D3C1F5F715A4544300F0900D /* InfoPlist.strings */; };
		D3C1F60315A4577E00F0900D /* QATConnectionTests.m in Sources */ = {isa = PBXBuildFile; fileRef = D3C1F5D915A37F3100F0900D /* QATConnectionTests.m */; };
		D3C986DF15A74FC8007A41D8 /* QATMainMenuListViewControllerTests.m in Sources */ = {isa = PBXBuildFile; fileRef = D3C986DE15A74FC8007A41D8 /* QATMainMenuListViewControllerTests.m */; };
		D3C986E115A7543B007A41D8 /* QATMainMenuListViewController.m in Sources */ = {isa = PBXBuildFile; fileRef = D3972B87157D4F91000C1819 /* QATMainMenuListViewController.m */; };
		D3C986E215A782D8007A41D8 /* UIKit.framework in Frameworks */ = {isa = PBXBuildFile; fileRef = D387EF0F1536EF0400635736 /* UIKit.framework */; };
		D3C986E515A7832F007A41D8 /* QATSmartTableViewCellTest.m in Sources */ = {isa = PBXBuildFile; fileRef = D3C986E415A7832F007A41D8 /* QATSmartTableViewCellTest.m */; };
		D3C986E815A78409007A41D8 /* QATSmartTableViewCell.h in Headers */ = {isa = PBXBuildFile; fileRef = D3C986E615A78409007A41D8 /* QATSmartTableViewCell.h */; };
		D3C986E915A78409007A41D8 /* QATSmartTableViewCell.m in Sources */ = {isa = PBXBuildFile; fileRef = D3C986E715A78409007A41D8 /* QATSmartTableViewCell.m */; };
		D3C986EA15A79182007A41D8 /* libQATLibrary.a in Frameworks */ = {isa = PBXBuildFile; fileRef = D3C1F5E015A4544200F0900D /* libQATLibrary.a */; };
		D3C986EE15A793E7007A41D8 /* QATMenuListSmartTableViewCellTests.m in Sources */ = {isa = PBXBuildFile; fileRef = D3C986ED15A793E7007A41D8 /* QATMenuListSmartTableViewCellTests.m */; };
		D3C986F115A7955F007A41D8 /* QATMenuListSmartTableViewCell.h in Headers */ = {isa = PBXBuildFile; fileRef = D3C986EF15A7955F007A41D8 /* QATMenuListSmartTableViewCell.h */; };
		D3C986F215A7955F007A41D8 /* QATMenuListSmartTableViewCell.m in Sources */ = {isa = PBXBuildFile; fileRef = D3C986F015A7955F007A41D8 /* QATMenuListSmartTableViewCell.m */; };
		D3C986F715A79ED3007A41D8 /* libQATLibrary.a in Frameworks */ = {isa = PBXBuildFile; fileRef = D3C1F5E015A4544200F0900D /* libQATLibrary.a */; };
		D3C986FA15A89E1C007A41D8 /* QATQuestionsDataSourceTests.m in Sources */ = {isa = PBXBuildFile; fileRef = D3C986F915A89E1C007A41D8 /* QATQuestionsDataSourceTests.m */; };
		D3C986FE15A9E6DE007A41D8 /* QATConnectionProtocol.h in Headers */ = {isa = PBXBuildFile; fileRef = D3C986FD15A9E6DE007A41D8 /* QATConnectionProtocol.h */; };
		D3C9870115A9EB0A007A41D8 /* QATQuestionsDataSource.h in Headers */ = {isa = PBXBuildFile; fileRef = D3C986FF15A9EB0A007A41D8 /* QATQuestionsDataSource.h */; };
		D3C9870215A9EB0A007A41D8 /* QATQuestionsDataSource.m in Sources */ = {isa = PBXBuildFile; fileRef = D3C9870015A9EB0A007A41D8 /* QATQuestionsDataSource.m */; };
		D3C9870415A9F38B007A41D8 /* QATConnectionDelegateProtocol.h in Headers */ = {isa = PBXBuildFile; fileRef = D3C9870315A9F38B007A41D8 /* QATConnectionDelegateProtocol.h */; };
/* End PBXBuildFile section */

/* Begin PBXContainerItemProxy section */
		D387EF311536EF0500635736 /* PBXContainerItemProxy */ = {
			isa = PBXContainerItemProxy;
			containerPortal = D387EF021536EF0400635736 /* Project object */;
			proxyType = 1;
			remoteGlobalIDString = D387EF0A1536EF0400635736;
			remoteInfo = AgileToolbox;
		};
		D3C1F5F115A4544300F0900D /* PBXContainerItemProxy */ = {
			isa = PBXContainerItemProxy;
			containerPortal = D387EF021536EF0400635736 /* Project object */;
			proxyType = 1;
			remoteGlobalIDString = D3C1F5DF15A4544200F0900D;
			remoteInfo = QATLibrary;
		};
		D3C986F515A79ECD007A41D8 /* PBXContainerItemProxy */ = {
			isa = PBXContainerItemProxy;
			containerPortal = D387EF021536EF0400635736 /* Project object */;
			proxyType = 1;
			remoteGlobalIDString = D3C1F5DF15A4544200F0900D;
			remoteInfo = QATLibrary;
		};
/* End PBXContainerItemProxy section */

/* Begin PBXFileReference section */
		6D5421D91595148A0079061F /* QATQuestionsTableViewController.h */ = {isa = PBXFileReference; fileEncoding = 4; lastKnownFileType = sourcecode.c.h; path = QATQuestionsTableViewController.h; sourceTree = "<group>"; };
		6D5421DA1595148A0079061F /* QATQuestionsTableViewController.m */ = {isa = PBXFileReference; fileEncoding = 4; lastKnownFileType = sourcecode.c.objc; path = QATQuestionsTableViewController.m; sourceTree = "<group>"; };
		D338B77C153B0DE200611765 /* QATPlanningPokerViewController.h */ = {isa = PBXFileReference; fileEncoding = 4; lastKnownFileType = sourcecode.c.h; path = QATPlanningPokerViewController.h; sourceTree = "<group>"; };
		D338B77D153B0DE200611765 /* QATPlanningPokerViewController.m */ = {isa = PBXFileReference; fileEncoding = 4; lastKnownFileType = sourcecode.c.objc; path = QATPlanningPokerViewController.m; sourceTree = "<group>"; };
		D387EF0B1536EF0400635736 /* AgileToolbox.app */ = {isa = PBXFileReference; explicitFileType = wrapper.application; includeInIndex = 0; path = AgileToolbox.app; sourceTree = BUILT_PRODUCTS_DIR; };
		D387EF0F1536EF0400635736 /* UIKit.framework */ = {isa = PBXFileReference; lastKnownFileType = wrapper.framework; name = UIKit.framework; path = System/Library/Frameworks/UIKit.framework; sourceTree = SDKROOT; };
		D387EF111536EF0400635736 /* Foundation.framework */ = {isa = PBXFileReference; lastKnownFileType = wrapper.framework; name = Foundation.framework; path = System/Library/Frameworks/Foundation.framework; sourceTree = SDKROOT; };
		D387EF131536EF0400635736 /* CoreGraphics.framework */ = {isa = PBXFileReference; lastKnownFileType = wrapper.framework; name = CoreGraphics.framework; path = System/Library/Frameworks/CoreGraphics.framework; sourceTree = SDKROOT; };
		D387EF171536EF0400635736 /* AgileToolbox-Info.plist */ = {isa = PBXFileReference; lastKnownFileType = text.plist.xml; path = "AgileToolbox-Info.plist"; sourceTree = "<group>"; };
		D387EF191536EF0400635736 /* en */ = {isa = PBXFileReference; lastKnownFileType = text.plist.strings; name = en; path = en.lproj/InfoPlist.strings; sourceTree = "<group>"; };
		D387EF1B1536EF0400635736 /* main.m */ = {isa = PBXFileReference; lastKnownFileType = sourcecode.c.objc; path = main.m; sourceTree = "<group>"; };
		D387EF1D1536EF0400635736 /* AgileToolbox-Prefix.pch */ = {isa = PBXFileReference; lastKnownFileType = sourcecode.c.h; path = "AgileToolbox-Prefix.pch"; sourceTree = "<group>"; };
		D387EF1E1536EF0400635736 /* QATAppDelegate.h */ = {isa = PBXFileReference; lastKnownFileType = sourcecode.c.h; path = QATAppDelegate.h; sourceTree = "<group>"; };
		D387EF1F1536EF0400635736 /* QATAppDelegate.m */ = {isa = PBXFileReference; lastKnownFileType = sourcecode.c.objc; path = QATAppDelegate.m; sourceTree = "<group>"; };
		D387EF221536EF0400635736 /* en */ = {isa = PBXFileReference; lastKnownFileType = file.storyboard; name = en; path = en.lproj/MainStoryboard.storyboard; sourceTree = "<group>"; };
		D387EF241536EF0400635736 /* QATViewController.h */ = {isa = PBXFileReference; lastKnownFileType = sourcecode.c.h; path = QATViewController.h; sourceTree = "<group>"; };
		D387EF251536EF0400635736 /* QATViewController.m */ = {isa = PBXFileReference; lastKnownFileType = sourcecode.c.objc; path = QATViewController.m; sourceTree = "<group>"; };
		D387EF2C1536EF0400635736 /* ApplicationUnitTests.octest */ = {isa = PBXFileReference; explicitFileType = wrapper.cfbundle; includeInIndex = 0; path = ApplicationUnitTests.octest; sourceTree = BUILT_PRODUCTS_DIR; };
		D387EF2D1536EF0400635736 /* SenTestingKit.framework */ = {isa = PBXFileReference; lastKnownFileType = wrapper.framework; name = SenTestingKit.framework; path = Library/Frameworks/SenTestingKit.framework; sourceTree = DEVELOPER_DIR; };
		D387EF351536EF0500635736 /* AgileToolboxTests-Info.plist */ = {isa = PBXFileReference; lastKnownFileType = text.plist.xml; path = "AgileToolboxTests-Info.plist"; sourceTree = "<group>"; };
		D387EF371536EF0500635736 /* en */ = {isa = PBXFileReference; lastKnownFileType = text.plist.strings; name = en; path = en.lproj/InfoPlist.strings; sourceTree = "<group>"; };
		D387EF391536EF0500635736 /* AgileToolboxTests.h */ = {isa = PBXFileReference; lastKnownFileType = sourcecode.c.h; path = AgileToolboxTests.h; sourceTree = "<group>"; };
		D387EF3A1536EF0500635736 /* AgileToolboxTests.m */ = {isa = PBXFileReference; lastKnownFileType = sourcecode.c.objc; path = AgileToolboxTests.m; sourceTree = "<group>"; };
		D387EF441536FADF00635736 /* QATTopicsListViewController.h */ = {isa = PBXFileReference; fileEncoding = 4; lastKnownFileType = sourcecode.c.h; path = QATTopicsListViewController.h; sourceTree = "<group>"; };
		D387EF451536FADF00635736 /* QATTopicsListViewController.m */ = {isa = PBXFileReference; fileEncoding = 4; lastKnownFileType = sourcecode.c.objc; path = QATTopicsListViewController.m; sourceTree = "<group>"; };
		D387EF471537192600635736 /* QATTopicDetailsViewController.h */ = {isa = PBXFileReference; fileEncoding = 4; lastKnownFileType = sourcecode.c.h; path = QATTopicDetailsViewController.h; sourceTree = "<group>"; };
		D387EF481537192600635736 /* QATTopicDetailsViewController.m */ = {isa = PBXFileReference; fileEncoding = 4; lastKnownFileType = sourcecode.c.objc; path = QATTopicDetailsViewController.m; sourceTree = "<group>"; };
		D397282F157D07FC000C1819 /* Concepts.png */ = {isa = PBXFileReference; lastKnownFileType = image.png; path = Concepts.png; sourceTree = "<group>"; };
		D3972830157D07FC000C1819 /* Concepts@2x.png */ = {isa = PBXFileReference; lastKnownFileType = image.png; path = "Concepts@2x.png"; sourceTree = "<group>"; };
		D3972831157D07FC000C1819 /* ConceptsHighlighted.png */ = {isa = PBXFileReference; lastKnownFileType = image.png; path = ConceptsHighlighted.png; sourceTree = "<group>"; };
		D3972832157D07FC000C1819 /* ConceptsHighlighted@2x.png */ = {isa = PBXFileReference; lastKnownFileType = image.png; path = "ConceptsHighlighted@2x.png"; sourceTree = "<group>"; };
		D3972833157D07FC000C1819 /* PlanningPoker.png */ = {isa = PBXFileReference; lastKnownFileType = image.png; path = PlanningPoker.png; sourceTree = "<group>"; };
		D3972834157D07FC000C1819 /* PlanningPoker2.png */ = {isa = PBXFileReference; lastKnownFileType = image.png; path = PlanningPoker2.png; sourceTree = "<group>"; };
		D3972835157D07FC000C1819 /* PlanningPoker2@2x.png */ = {isa = PBXFileReference; lastKnownFileType = image.png; path = "PlanningPoker2@2x.png"; sourceTree = "<group>"; };
		D3972836157D07FC000C1819 /* PlanningPoker2Highlighted.png */ = {isa = PBXFileReference; lastKnownFileType = image.png; path = PlanningPoker2Highlighted.png; sourceTree = "<group>"; };
		D3972837157D07FC000C1819 /* PlanningPoker2Highlighted@2x.png */ = {isa = PBXFileReference; lastKnownFileType = image.png; path = "PlanningPoker2Highlighted@2x.png"; sourceTree = "<group>"; };
		D3972838157D07FC000C1819 /* PlanningPoker@2x.png */ = {isa = PBXFileReference; lastKnownFileType = image.png; path = "PlanningPoker@2x.png"; sourceTree = "<group>"; };
		D3972839157D07FC000C1819 /* PlanningPokerCard.png */ = {isa = PBXFileReference; lastKnownFileType = image.png; path = PlanningPokerCard.png; sourceTree = "<group>"; };
		D397283A157D07FC000C1819 /* PlanninPokerCard.png */ = {isa = PBXFileReference; lastKnownFileType = image.png; path = PlanninPokerCard.png; sourceTree = "<group>"; };
		D397283B157D07FC000C1819 /* QATBackground.png */ = {isa = PBXFileReference; lastKnownFileType = image.png; path = QATBackground.png; sourceTree = "<group>"; };
		D397283C157D07FC000C1819 /* QATBackground@2x.png */ = {isa = PBXFileReference; lastKnownFileType = image.png; path = "QATBackground@2x.png"; sourceTree = "<group>"; };
		D397283D157D07FC000C1819 /* QATBackgroundR.png */ = {isa = PBXFileReference; lastKnownFileType = image.png; path = QATBackgroundR.png; sourceTree = "<group>"; };
		D397283E157D07FC000C1819 /* QATBackgroundR@2x.png */ = {isa = PBXFileReference; lastKnownFileType = image.png; path = "QATBackgroundR@2x.png"; sourceTree = "<group>"; };
		D397283F157D07FC000C1819 /* QuantumNavigationBarLogo.png */ = {isa = PBXFileReference; lastKnownFileType = image.png; path = QuantumNavigationBarLogo.png; sourceTree = "<group>"; };
		D3972840157D07FC000C1819 /* QuantumNavigationBarLogo@2x.png */ = {isa = PBXFileReference; lastKnownFileType = image.png; path = "QuantumNavigationBarLogo@2x.png"; sourceTree = "<group>"; };
		D3972855157D0811000C1819 /* tapDetector.js */ = {isa = PBXFileReference; fileEncoding = 4; lastKnownFileType = sourcecode.javascript; path = tapDetector.js; sourceTree = "<group>"; };
		D3972856157D0811000C1819 /* ProductOwner.html */ = {isa = PBXFileReference; fileEncoding = 4; lastKnownFileType = text.html; path = ProductOwner.html; sourceTree = "<group>"; };
		D3972857157D0811000C1819 /* ScrumMaster.html */ = {isa = PBXFileReference; fileEncoding = 4; lastKnownFileType = text.html; path = ScrumMaster.html; sourceTree = "<group>"; };
		D3972B86157D4F91000C1819 /* QATMainMenuListViewController.h */ = {isa = PBXFileReference; fileEncoding = 4; lastKnownFileType = sourcecode.c.h; path = QATMainMenuListViewController.h; sourceTree = "<group>"; };
		D3972B87157D4F91000C1819 /* QATMainMenuListViewController.m */ = {isa = PBXFileReference; fileEncoding = 4; lastKnownFileType = sourcecode.c.objc; path = QATMainMenuListViewController.m; sourceTree = "<group>"; };
		D3972B9C157D89C7000C1819 /* LogicUnitTests.octest */ = {isa = PBXFileReference; explicitFileType = wrapper.cfbundle; includeInIndex = 0; path = LogicUnitTests.octest; sourceTree = BUILT_PRODUCTS_DIR; };
		D3972BA2157D89C7000C1819 /* LogicUnitTests-Info.plist */ = {isa = PBXFileReference; lastKnownFileType = text.plist.xml; path = "LogicUnitTests-Info.plist"; sourceTree = "<group>"; };
		D3972BA4157D89C7000C1819 /* en */ = {isa = PBXFileReference; lastKnownFileType = text.plist.strings; name = en; path = en.lproj/InfoPlist.strings; sourceTree = "<group>"; };
		D3972BA7157D89C7000C1819 /* LogicUnitTests.m */ = {isa = PBXFileReference; lastKnownFileType = sourcecode.c.objc; path = LogicUnitTests.m; sourceTree = "<group>"; };
		D3972BA9157D89C7000C1819 /* LogicUnitTests-Prefix.pch */ = {isa = PBXFileReference; lastKnownFileType = sourcecode.c.h; path = "LogicUnitTests-Prefix.pch"; sourceTree = "<group>"; };
		D3972BDC157EBAB0000C1819 /* NSNotificationCenter+OCMAdditions.h */ = {isa = PBXFileReference; fileEncoding = 4; lastKnownFileType = sourcecode.c.h; path = "NSNotificationCenter+OCMAdditions.h"; sourceTree = "<group>"; };
		D3972BDD157EBAB0000C1819 /* OCMArg.h */ = {isa = PBXFileReference; fileEncoding = 4; lastKnownFileType = sourcecode.c.h; path = OCMArg.h; sourceTree = "<group>"; };
		D3972BDE157EBAB0000C1819 /* OCMConstraint.h */ = {isa = PBXFileReference; fileEncoding = 4; lastKnownFileType = sourcecode.c.h; path = OCMConstraint.h; sourceTree = "<group>"; };
		D3972BDF157EBAB0000C1819 /* OCMock.h */ = {isa = PBXFileReference; fileEncoding = 4; lastKnownFileType = sourcecode.c.h; path = OCMock.h; sourceTree = "<group>"; };
		D3972BE0157EBAB0000C1819 /* OCMockObject.h */ = {isa = PBXFileReference; fileEncoding = 4; lastKnownFileType = sourcecode.c.h; path = OCMockObject.h; sourceTree = "<group>"; };
		D3972BE1157EBAB0000C1819 /* OCMockRecorder.h */ = {isa = PBXFileReference; fileEncoding = 4; lastKnownFileType = sourcecode.c.h; path = OCMockRecorder.h; sourceTree = "<group>"; };
		D3972BE3157EBAB0000C1819 /* libOCMock.a */ = {isa = PBXFileReference; lastKnownFileType = archive.ar; path = libOCMock.a; sourceTree = "<group>"; };
		D3C1F5D915A37F3100F0900D /* QATConnectionTests.m */ = {isa = PBXFileReference; fileEncoding = 4; lastKnownFileType = sourcecode.c.objc; name = QATConnectionTests.m; path = ../LogicUnitTests/QATConnectionTests.m; sourceTree = "<group>"; };
		D3C1F5E015A4544200F0900D /* libQATLibrary.a */ = {isa = PBXFileReference; explicitFileType = archive.ar; includeInIndex = 0; path = libQATLibrary.a; sourceTree = BUILT_PRODUCTS_DIR; };
		D3C1F5E415A4544200F0900D /* QATLibrary-Prefix.pch */ = {isa = PBXFileReference; lastKnownFileType = sourcecode.c.h; path = "QATLibrary-Prefix.pch"; sourceTree = "<group>"; };
		D3C1F5E515A4544200F0900D /* QATConnection.h */ = {isa = PBXFileReference; lastKnownFileType = sourcecode.c.h; path = QATConnection.h; sourceTree = "<group>"; };
		D3C1F5E615A4544200F0900D /* QATConnection.m */ = {isa = PBXFileReference; lastKnownFileType = sourcecode.c.objc; path = QATConnection.m; sourceTree = "<group>"; };
		D3C1F5ED15A4544200F0900D /* QATLibraryTests.octest */ = {isa = PBXFileReference; explicitFileType = wrapper.cfbundle; includeInIndex = 0; path = QATLibraryTests.octest; sourceTree = BUILT_PRODUCTS_DIR; };
		D3C1F5F615A4544300F0900D /* QATLibraryTests-Info.plist */ = {isa = PBXFileReference; lastKnownFileType = text.plist.xml; path = "QATLibraryTests-Info.plist"; sourceTree = "<group>"; };
		D3C1F5F815A4544300F0900D /* en */ = {isa = PBXFileReference; lastKnownFileType = text.plist.strings; name = en; path = en.lproj/InfoPlist.strings; sourceTree = "<group>"; };
		D3C986DE15A74FC8007A41D8 /* QATMainMenuListViewControllerTests.m */ = {isa = PBXFileReference; fileEncoding = 4; lastKnownFileType = sourcecode.c.objc; name = QATMainMenuListViewControllerTests.m; path = ../AgileToolbox/QATMainMenuListViewControllerTests.m; sourceTree = "<group>"; };
		D3C986E415A7832F007A41D8 /* QATSmartTableViewCellTest.m */ = {isa = PBXFileReference; fileEncoding = 4; lastKnownFileType = sourcecode.c.objc; path = QATSmartTableViewCellTest.m; sourceTree = "<group>"; };
		D3C986E615A78409007A41D8 /* QATSmartTableViewCell.h */ = {isa = PBXFileReference; fileEncoding = 4; lastKnownFileType = sourcecode.c.h; path = QATSmartTableViewCell.h; sourceTree = "<group>"; };
		D3C986E715A78409007A41D8 /* QATSmartTableViewCell.m */ = {isa = PBXFileReference; fileEncoding = 4; lastKnownFileType = sourcecode.c.objc; path = QATSmartTableViewCell.m; sourceTree = "<group>"; };
		D3C986ED15A793E7007A41D8 /* QATMenuListSmartTableViewCellTests.m */ = {isa = PBXFileReference; fileEncoding = 4; lastKnownFileType = sourcecode.c.objc; path = QATMenuListSmartTableViewCellTests.m; sourceTree = "<group>"; };
		D3C986EF15A7955F007A41D8 /* QATMenuListSmartTableViewCell.h */ = {isa = PBXFileReference; fileEncoding = 4; lastKnownFileType = sourcecode.c.h; path = QATMenuListSmartTableViewCell.h; sourceTree = "<group>"; };
		D3C986F015A7955F007A41D8 /* QATMenuListSmartTableViewCell.m */ = {isa = PBXFileReference; fileEncoding = 4; lastKnownFileType = sourcecode.c.objc; path = QATMenuListSmartTableViewCell.m; sourceTree = "<group>"; };
		D3C986F915A89E1C007A41D8 /* QATQuestionsDataSourceTests.m */ = {isa = PBXFileReference; fileEncoding = 4; lastKnownFileType = sourcecode.c.objc; path = QATQuestionsDataSourceTests.m; sourceTree = "<group>"; };
		D3C986FD15A9E6DE007A41D8 /* QATConnectionProtocol.h */ = {isa = PBXFileReference; fileEncoding = 4; lastKnownFileType = sourcecode.c.h; path = QATConnectionProtocol.h; sourceTree = "<group>"; };
		D3C986FF15A9EB0A007A41D8 /* QATQuestionsDataSource.h */ = {isa = PBXFileReference; fileEncoding = 4; lastKnownFileType = sourcecode.c.h; path = QATQuestionsDataSource.h; sourceTree = "<group>"; };
		D3C9870015A9EB0A007A41D8 /* QATQuestionsDataSource.m */ = {isa = PBXFileReference; fileEncoding = 4; lastKnownFileType = sourcecode.c.objc; path = QATQuestionsDataSource.m; sourceTree = "<group>"; };
		D3C9870315A9F38B007A41D8 /* QATConnectionDelegateProtocol.h */ = {isa = PBXFileReference; fileEncoding = 4; lastKnownFileType = sourcecode.c.h; path = QATConnectionDelegateProtocol.h; sourceTree = "<group>"; };
/* End PBXFileReference section */

/* Begin PBXFrameworksBuildPhase section */
		D387EF081536EF0400635736 /* Frameworks */ = {
			isa = PBXFrameworksBuildPhase;
			buildActionMask = 2147483647;
			files = (
				D3C986F715A79ED3007A41D8 /* libQATLibrary.a in Frameworks */,
				D387EF101536EF0400635736 /* UIKit.framework in Frameworks */,
				D387EF121536EF0400635736 /* Foundation.framework in Frameworks */,
				D387EF141536EF0400635736 /* CoreGraphics.framework in Frameworks */,
			);
			runOnlyForDeploymentPostprocessing = 0;
		};
		D387EF281536EF0400635736 /* Frameworks */ = {
			isa = PBXFrameworksBuildPhase;
			buildActionMask = 2147483647;
			files = (
				D387EF2E1536EF0400635736 /* SenTestingKit.framework in Frameworks */,
				D387EF2F1536EF0500635736 /* UIKit.framework in Frameworks */,
				D387EF301536EF0500635736 /* Foundation.framework in Frameworks */,
				D3972BE4157EBAB0000C1819 /* libOCMock.a in Frameworks */,
			);
			runOnlyForDeploymentPostprocessing = 0;
		};
		D3972B98157D89C7000C1819 /* Frameworks */ = {
			isa = PBXFrameworksBuildPhase;
			buildActionMask = 2147483647;
			files = (
				D3972B9D157D89C7000C1819 /* SenTestingKit.framework in Frameworks */,
				D3972B9E157D89C7000C1819 /* UIKit.framework in Frameworks */,
				D3972B9F157D89C7000C1819 /* Foundation.framework in Frameworks */,
				D3C986EA15A79182007A41D8 /* libQATLibrary.a in Frameworks */,
				D3972BE5157EBAB0000C1819 /* libOCMock.a in Frameworks */,
			);
			runOnlyForDeploymentPostprocessing = 0;
		};
		D3C1F5DD15A4544200F0900D /* Frameworks */ = {
			isa = PBXFrameworksBuildPhase;
			buildActionMask = 2147483647;
			files = (
				D3C986E215A782D8007A41D8 /* UIKit.framework in Frameworks */,
				D3C1F5E115A4544200F0900D /* Foundation.framework in Frameworks */,
			);
			runOnlyForDeploymentPostprocessing = 0;
		};
		D3C1F5E915A4544200F0900D /* Frameworks */ = {
			isa = PBXFrameworksBuildPhase;
			buildActionMask = 2147483647;
			files = (
				D3C1F5EE15A4544300F0900D /* SenTestingKit.framework in Frameworks */,
				D3C1F5EF15A4544300F0900D /* UIKit.framework in Frameworks */,
				D3C1F5F015A4544300F0900D /* Foundation.framework in Frameworks */,
				D3C1F5F315A4544300F0900D /* libQATLibrary.a in Frameworks */,
			);
			runOnlyForDeploymentPostprocessing = 0;
		};
/* End PBXFrameworksBuildPhase section */

/* Begin PBXGroup section */
		D387EF001536EF0400635736 = {
			isa = PBXGroup;
			children = (
				D3972BD9157EBAB0000C1819 /* OCMock */,
				D387EF151536EF0400635736 /* AgileToolbox */,
				D387EF331536EF0500635736 /* ApplicationUnitTests */,
				D3972BA0157D89C7000C1819 /* LogicUnitTests */,
				D3C1F5E215A4544200F0900D /* QATLibrary */,
				D3C1F5F415A4544300F0900D /* QATLibraryTests */,
				D387EF0E1536EF0400635736 /* Frameworks */,
				D387EF0C1536EF0400635736 /* Products */,
			);
			sourceTree = "<group>";
		};
		D387EF0C1536EF0400635736 /* Products */ = {
			isa = PBXGroup;
			children = (
				D387EF0B1536EF0400635736 /* AgileToolbox.app */,
				D387EF2C1536EF0400635736 /* ApplicationUnitTests.octest */,
				D3972B9C157D89C7000C1819 /* LogicUnitTests.octest */,
				D3C1F5E015A4544200F0900D /* libQATLibrary.a */,
				D3C1F5ED15A4544200F0900D /* QATLibraryTests.octest */,
			);
			name = Products;
			sourceTree = "<group>";
		};
		D387EF0E1536EF0400635736 /* Frameworks */ = {
			isa = PBXGroup;
			children = (
				D387EF0F1536EF0400635736 /* UIKit.framework */,
				D387EF111536EF0400635736 /* Foundation.framework */,
				D387EF131536EF0400635736 /* CoreGraphics.framework */,
				D387EF2D1536EF0400635736 /* SenTestingKit.framework */,
			);
			name = Frameworks;
			sourceTree = "<group>";
		};
		D387EF151536EF0400635736 /* AgileToolbox */ = {
			isa = PBXGroup;
			children = (
				D3972853157D0811000C1819 /* topics */,
				D397282E157D07FC000C1819 /* images */,
				D387EF161536EF0400635736 /* Supporting Files */,
				D387EF1E1536EF0400635736 /* QATAppDelegate.h */,
				D387EF1F1536EF0400635736 /* QATAppDelegate.m */,
				D387EF211536EF0400635736 /* MainStoryboard.storyboard */,
				D3972B86157D4F91000C1819 /* QATMainMenuListViewController.h */,
				D3972B87157D4F91000C1819 /* QATMainMenuListViewController.m */,
				D387EF241536EF0400635736 /* QATViewController.h */,
				D387EF251536EF0400635736 /* QATViewController.m */,
				D387EF441536FADF00635736 /* QATTopicsListViewController.h */,
				D387EF451536FADF00635736 /* QATTopicsListViewController.m */,
				D387EF471537192600635736 /* QATTopicDetailsViewController.h */,
				D387EF481537192600635736 /* QATTopicDetailsViewController.m */,
				D338B77C153B0DE200611765 /* QATPlanningPokerViewController.h */,
				D338B77D153B0DE200611765 /* QATPlanningPokerViewController.m */,
				6D5421D91595148A0079061F /* QATQuestionsTableViewController.h */,
				6D5421DA1595148A0079061F /* QATQuestionsTableViewController.m */,
			);
			path = AgileToolbox;
			sourceTree = "<group>";
		};
		D387EF161536EF0400635736 /* Supporting Files */ = {
			isa = PBXGroup;
			children = (
				D387EF171536EF0400635736 /* AgileToolbox-Info.plist */,
				D387EF181536EF0400635736 /* InfoPlist.strings */,
				D387EF1B1536EF0400635736 /* main.m */,
				D387EF1D1536EF0400635736 /* AgileToolbox-Prefix.pch */,
			);
			name = "Supporting Files";
			sourceTree = "<group>";
		};
		D387EF331536EF0500635736 /* ApplicationUnitTests */ = {
			isa = PBXGroup;
			children = (
				D387EF391536EF0500635736 /* AgileToolboxTests.h */,
				D387EF3A1536EF0500635736 /* AgileToolboxTests.m */,
				D387EF341536EF0500635736 /* Supporting Files */,
			);
			name = ApplicationUnitTests;
			path = AgileToolboxTests;
			sourceTree = "<group>";
		};
		D387EF341536EF0500635736 /* Supporting Files */ = {
			isa = PBXGroup;
			children = (
				D387EF351536EF0500635736 /* AgileToolboxTests-Info.plist */,
				D387EF361536EF0500635736 /* InfoPlist.strings */,
			);
			name = "Supporting Files";
			sourceTree = "<group>";
		};
		D397282E157D07FC000C1819 /* images */ = {
			isa = PBXGroup;
			children = (
				D397282F157D07FC000C1819 /* Concepts.png */,
				D3972830157D07FC000C1819 /* Concepts@2x.png */,
				D3972831157D07FC000C1819 /* ConceptsHighlighted.png */,
				D3972832157D07FC000C1819 /* ConceptsHighlighted@2x.png */,
				D3972833157D07FC000C1819 /* PlanningPoker.png */,
				D3972834157D07FC000C1819 /* PlanningPoker2.png */,
				D3972835157D07FC000C1819 /* PlanningPoker2@2x.png */,
				D3972836157D07FC000C1819 /* PlanningPoker2Highlighted.png */,
				D3972837157D07FC000C1819 /* PlanningPoker2Highlighted@2x.png */,
				D3972838157D07FC000C1819 /* PlanningPoker@2x.png */,
				D3972839157D07FC000C1819 /* PlanningPokerCard.png */,
				D397283A157D07FC000C1819 /* PlanninPokerCard.png */,
				D397283B157D07FC000C1819 /* QATBackground.png */,
				D397283C157D07FC000C1819 /* QATBackground@2x.png */,
				D397283D157D07FC000C1819 /* QATBackgroundR.png */,
				D397283E157D07FC000C1819 /* QATBackgroundR@2x.png */,
				D397283F157D07FC000C1819 /* QuantumNavigationBarLogo.png */,
				D3972840157D07FC000C1819 /* QuantumNavigationBarLogo@2x.png */,
			);
			path = images;
			sourceTree = "<group>";
		};
		D3972853157D0811000C1819 /* topics */ = {
			isa = PBXGroup;
			children = (
				D3972854157D0811000C1819 /* javascript */,
				D3972856157D0811000C1819 /* ProductOwner.html */,
				D3972857157D0811000C1819 /* ScrumMaster.html */,
			);
			path = topics;
			sourceTree = "<group>";
		};
		D3972854157D0811000C1819 /* javascript */ = {
			isa = PBXGroup;
			children = (
				D3972855157D0811000C1819 /* tapDetector.js */,
			);
			path = javascript;
			sourceTree = "<group>";
		};
		D3972BA0157D89C7000C1819 /* LogicUnitTests */ = {
			isa = PBXGroup;
			children = (
				D3C986DE15A74FC8007A41D8 /* QATMainMenuListViewControllerTests.m */,
				D3972BA7157D89C7000C1819 /* LogicUnitTests.m */,
				D3972BA1157D89C7000C1819 /* Supporting Files */,
			);
			path = LogicUnitTests;
			sourceTree = "<group>";
		};
		D3972BA1157D89C7000C1819 /* Supporting Files */ = {
			isa = PBXGroup;
			children = (
				D3972BA2157D89C7000C1819 /* LogicUnitTests-Info.plist */,
				D3972BA3157D89C7000C1819 /* InfoPlist.strings */,
				D3972BA9157D89C7000C1819 /* LogicUnitTests-Prefix.pch */,
			);
			name = "Supporting Files";
			sourceTree = "<group>";
		};
		D3972BD9157EBAB0000C1819 /* OCMock */ = {
			isa = PBXGroup;
			children = (
				D3972BDA157EBAB0000C1819 /* include */,
				D3972BE2157EBAB0000C1819 /* lib */,
			);
			path = OCMock;
			sourceTree = "<group>";
		};
		D3972BDA157EBAB0000C1819 /* include */ = {
			isa = PBXGroup;
			children = (
				D3972BDB157EBAB0000C1819 /* OCMock */,
			);
			path = include;
			sourceTree = "<group>";
		};
		D3972BDB157EBAB0000C1819 /* OCMock */ = {
			isa = PBXGroup;
			children = (
				D3972BDC157EBAB0000C1819 /* NSNotificationCenter+OCMAdditions.h */,
				D3972BDD157EBAB0000C1819 /* OCMArg.h */,
				D3972BDE157EBAB0000C1819 /* OCMConstraint.h */,
				D3972BDF157EBAB0000C1819 /* OCMock.h */,
				D3972BE0157EBAB0000C1819 /* OCMockObject.h */,
				D3972BE1157EBAB0000C1819 /* OCMockRecorder.h */,
			);
			path = OCMock;
			sourceTree = "<group>";
		};
		D3972BE2157EBAB0000C1819 /* lib */ = {
			isa = PBXGroup;
			children = (
				D3972BE3157EBAB0000C1819 /* libOCMock.a */,
			);
			path = lib;
			sourceTree = "<group>";
		};
		D3C1F5E215A4544200F0900D /* QATLibrary */ = {
			isa = PBXGroup;
			children = (
				D3C986FD15A9E6DE007A41D8 /* QATConnectionProtocol.h */,
				D3C9870315A9F38B007A41D8 /* QATConnectionDelegateProtocol.h */,
				D3C1F5E515A4544200F0900D /* QATConnection.h */,
				D3C1F5E615A4544200F0900D /* QATConnection.m */,
				D3C986E615A78409007A41D8 /* QATSmartTableViewCell.h */,
				D3C986E715A78409007A41D8 /* QATSmartTableViewCell.m */,
				D3C986EF15A7955F007A41D8 /* QATMenuListSmartTableViewCell.h */,
				D3C986F015A7955F007A41D8 /* QATMenuListSmartTableViewCell.m */,
				D3C986FF15A9EB0A007A41D8 /* QATQuestionsDataSource.h */,
				D3C9870015A9EB0A007A41D8 /* QATQuestionsDataSource.m */,
				D3C1F5E315A4544200F0900D /* Supporting Files */,
			);
			path = QATLibrary;
			sourceTree = "<group>";
		};
		D3C1F5E315A4544200F0900D /* Supporting Files */ = {
			isa = PBXGroup;
			children = (
				D3C1F5E415A4544200F0900D /* QATLibrary-Prefix.pch */,
			);
			name = "Supporting Files";
			sourceTree = "<group>";
		};
		D3C1F5F415A4544300F0900D /* QATLibraryTests */ = {
			isa = PBXGroup;
			children = (
				D3C1F5D915A37F3100F0900D /* QATConnectionTests.m */,
				D3C986E415A7832F007A41D8 /* QATSmartTableViewCellTest.m */,
				D3C986ED15A793E7007A41D8 /* QATMenuListSmartTableViewCellTests.m */,
				D3C986F915A89E1C007A41D8 /* QATQuestionsDataSourceTests.m */,
				D3C1F5F515A4544300F0900D /* Supporting Files */,
			);
			path = QATLibraryTests;
			sourceTree = "<group>";
		};
		D3C1F5F515A4544300F0900D /* Supporting Files */ = {
			isa = PBXGroup;
			children = (
				D3C1F5F615A4544300F0900D /* QATLibraryTests-Info.plist */,
				D3C1F5F715A4544300F0900D /* InfoPlist.strings */,
			);
			name = "Supporting Files";
			sourceTree = "<group>";
		};
/* End PBXGroup section */

/* Begin PBXHeadersBuildPhase section */
		D3C1F5DE15A4544200F0900D /* Headers */ = {
			isa = PBXHeadersBuildPhase;
			buildActionMask = 2147483647;
			files = (
				D3C986E815A78409007A41D8 /* QATSmartTableViewCell.h in Headers */,
				D3C986F115A7955F007A41D8 /* QATMenuListSmartTableViewCell.h in Headers */,
				D3C986FE15A9E6DE007A41D8 /* QATConnectionProtocol.h in Headers */,
				D3C9870115A9EB0A007A41D8 /* QATQuestionsDataSource.h in Headers */,
				D3C9870415A9F38B007A41D8 /* QATConnectionDelegateProtocol.h in Headers */,
			);
			runOnlyForDeploymentPostprocessing = 0;
		};
/* End PBXHeadersBuildPhase section */

/* Begin PBXNativeTarget section */
		D387EF0A1536EF0400635736 /* AgileToolbox */ = {
			isa = PBXNativeTarget;
			buildConfigurationList = D387EF3E1536EF0500635736 /* Build configuration list for PBXNativeTarget "AgileToolbox" */;
			buildPhases = (
				D387EF071536EF0400635736 /* Sources */,
				D387EF081536EF0400635736 /* Frameworks */,
				D387EF091536EF0400635736 /* Resources */,
			);
			buildRules = (
			);
			dependencies = (
				D3C986F615A79ECD007A41D8 /* PBXTargetDependency */,
			);
			name = AgileToolbox;
			productName = AgileToolbox;
			productReference = D387EF0B1536EF0400635736 /* AgileToolbox.app */;
			productType = "com.apple.product-type.application";
		};
		D387EF2B1536EF0400635736 /* ApplicationUnitTests */ = {
			isa = PBXNativeTarget;
			buildConfigurationList = D387EF411536EF0500635736 /* Build configuration list for PBXNativeTarget "ApplicationUnitTests" */;
			buildPhases = (
				D387EF271536EF0400635736 /* Sources */,
				D387EF281536EF0400635736 /* Frameworks */,
				D387EF291536EF0400635736 /* Resources */,
				D387EF2A1536EF0400635736 /* ShellScript */,
			);
			buildRules = (
			);
			dependencies = (
				D387EF321536EF0500635736 /* PBXTargetDependency */,
			);
			name = ApplicationUnitTests;
			productName = AgileToolboxTests;
			productReference = D387EF2C1536EF0400635736 /* ApplicationUnitTests.octest */;
			productType = "com.apple.product-type.bundle";
		};
		D3972B9B157D89C7000C1819 /* LogicUnitTests */ = {
			isa = PBXNativeTarget;
			buildConfigurationList = D3972BAA157D89C7000C1819 /* Build configuration list for PBXNativeTarget "LogicUnitTests" */;
			buildPhases = (
				D3972B97157D89C7000C1819 /* Sources */,
				D3972B98157D89C7000C1819 /* Frameworks */,
				D3972B99157D89C7000C1819 /* Resources */,
				D3972B9A157D89C7000C1819 /* ShellScript */,
			);
			buildRules = (
			);
			dependencies = (
			);
			name = LogicUnitTests;
			productName = LogicUnitTests;
			productReference = D3972B9C157D89C7000C1819 /* LogicUnitTests.octest */;
			productType = "com.apple.product-type.bundle";
		};
		D3C1F5DF15A4544200F0900D /* QATLibrary */ = {
			isa = PBXNativeTarget;
			buildConfigurationList = D3C1F5FD15A4544300F0900D /* Build configuration list for PBXNativeTarget "QATLibrary" */;
			buildPhases = (
				D3C1F5DC15A4544200F0900D /* Sources */,
				D3C1F5DD15A4544200F0900D /* Frameworks */,
				D3C1F5DE15A4544200F0900D /* Headers */,
			);
			buildRules = (
			);
			dependencies = (
			);
			name = QATLibrary;
			productName = QATLibrary;
			productReference = D3C1F5E015A4544200F0900D /* libQATLibrary.a */;
			productType = "com.apple.product-type.library.static";
		};
		D3C1F5EC15A4544200F0900D /* QATLibraryTests */ = {
			isa = PBXNativeTarget;
			buildConfigurationList = D3C1F60015A4544300F0900D /* Build configuration list for PBXNativeTarget "QATLibraryTests" */;
			buildPhases = (
				D3C1F5E815A4544200F0900D /* Sources */,
				D3C1F5E915A4544200F0900D /* Frameworks */,
				D3C1F5EA15A4544200F0900D /* Resources */,
				D3C1F5EB15A4544200F0900D /* ShellScript */,
			);
			buildRules = (
			);
			dependencies = (
				D3C1F5F215A4544300F0900D /* PBXTargetDependency */,
			);
			name = QATLibraryTests;
			productName = QATLibraryTests;
			productReference = D3C1F5ED15A4544200F0900D /* QATLibraryTests.octest */;
			productType = "com.apple.product-type.bundle";
		};
/* End PBXNativeTarget section */

/* Begin PBXProject section */
		D387EF021536EF0400635736 /* Project object */ = {
			isa = PBXProject;
			attributes = {
				CLASSPREFIX = QAT;
				LastUpgradeCheck = 0430;
			};
			buildConfigurationList = D387EF051536EF0400635736 /* Build configuration list for PBXProject "AgileToolbox" */;
			compatibilityVersion = "Xcode 3.2";
			developmentRegion = English;
			hasScannedForEncodings = 0;
			knownRegions = (
				en,
			);
			mainGroup = D387EF001536EF0400635736;
			productRefGroup = D387EF0C1536EF0400635736 /* Products */;
			projectDirPath = "";
			projectRoot = "";
			targets = (
				D387EF0A1536EF0400635736 /* AgileToolbox */,
				D387EF2B1536EF0400635736 /* ApplicationUnitTests */,
				D3972B9B157D89C7000C1819 /* LogicUnitTests */,
				D3C1F5DF15A4544200F0900D /* QATLibrary */,
				D3C1F5EC15A4544200F0900D /* QATLibraryTests */,
			);
		};
/* End PBXProject section */

/* Begin PBXResourcesBuildPhase section */
		D387EF091536EF0400635736 /* Resources */ = {
			isa = PBXResourcesBuildPhase;
			buildActionMask = 2147483647;
			files = (
				D397285B157D4438000C1819 /* tapDetector.js in Resources */,
				D387EF1A1536EF0400635736 /* InfoPlist.strings in Resources */,
				D387EF231536EF0400635736 /* MainStoryboard.storyboard in Resources */,
				D3972841157D07FC000C1819 /* Concepts.png in Resources */,
				D3972842157D07FC000C1819 /* Concepts@2x.png in Resources */,
				D3972843157D07FC000C1819 /* ConceptsHighlighted.png in Resources */,
				D3972844157D07FC000C1819 /* ConceptsHighlighted@2x.png in Resources */,
				D3972845157D07FC000C1819 /* PlanningPoker.png in Resources */,
				D3972846157D07FC000C1819 /* PlanningPoker2.png in Resources */,
				D3972847157D07FC000C1819 /* PlanningPoker2@2x.png in Resources */,
				D3972848157D07FC000C1819 /* PlanningPoker2Highlighted.png in Resources */,
				D3972849157D07FC000C1819 /* PlanningPoker2Highlighted@2x.png in Resources */,
				D397284A157D07FC000C1819 /* PlanningPoker@2x.png in Resources */,
				D397284B157D07FC000C1819 /* PlanningPokerCard.png in Resources */,
				D397284C157D07FC000C1819 /* PlanninPokerCard.png in Resources */,
				D397284D157D07FC000C1819 /* QATBackground.png in Resources */,
				D397284E157D07FC000C1819 /* QATBackground@2x.png in Resources */,
				D397284F157D07FC000C1819 /* QATBackgroundR.png in Resources */,
				D3972850157D07FC000C1819 /* QATBackgroundR@2x.png in Resources */,
				D3972851157D07FC000C1819 /* QuantumNavigationBarLogo.png in Resources */,
				D3972852157D07FC000C1819 /* QuantumNavigationBarLogo@2x.png in Resources */,
				D3972859157D0811000C1819 /* ProductOwner.html in Resources */,
				D397285A157D0811000C1819 /* ScrumMaster.html in Resources */,
			);
			runOnlyForDeploymentPostprocessing = 0;
		};
		D387EF291536EF0400635736 /* Resources */ = {
			isa = PBXResourcesBuildPhase;
			buildActionMask = 2147483647;
			files = (
				D387EF381536EF0500635736 /* InfoPlist.strings in Resources */,
			);
			runOnlyForDeploymentPostprocessing = 0;
		};
		D3972B99157D89C7000C1819 /* Resources */ = {
			isa = PBXResourcesBuildPhase;
			buildActionMask = 2147483647;
			files = (
				D3972BA5157D89C7000C1819 /* InfoPlist.strings in Resources */,
			);
			runOnlyForDeploymentPostprocessing = 0;
		};
		D3C1F5EA15A4544200F0900D /* Resources */ = {
			isa = PBXResourcesBuildPhase;
			buildActionMask = 2147483647;
			files = (
				D3C1F5F915A4544300F0900D /* InfoPlist.strings in Resources */,
			);
			runOnlyForDeploymentPostprocessing = 0;
		};
/* End PBXResourcesBuildPhase section */

/* Begin PBXShellScriptBuildPhase section */
		D387EF2A1536EF0400635736 /* ShellScript */ = {
			isa = PBXShellScriptBuildPhase;
			buildActionMask = 2147483647;
			files = (
			);
			inputPaths = (
			);
			outputPaths = (
			);
			runOnlyForDeploymentPostprocessing = 0;
			shellPath = /bin/sh;
			shellScript = "# Run the unit tests in this test bundle.\n\"${PROJECT_DIR}/XcodeScripts/RunPlatformUnitTests\"\n# \"${SYSTEM_DEVELOPER_DIR}/Tools/RunUnitTests\"\n";
		};
		D3972B9A157D89C7000C1819 /* ShellScript */ = {
			isa = PBXShellScriptBuildPhase;
			buildActionMask = 2147483647;
			files = (
			);
			inputPaths = (
			);
			outputPaths = (
			);
			runOnlyForDeploymentPostprocessing = 0;
			shellPath = /bin/sh;
			shellScript = "# Run the unit tests in this test bundle.\n\"${SYSTEM_DEVELOPER_DIR}/Tools/RunUnitTests\"\n";
		};
		D3C1F5EB15A4544200F0900D /* ShellScript */ = {
			isa = PBXShellScriptBuildPhase;
			buildActionMask = 2147483647;
			files = (
			);
			inputPaths = (
			);
			outputPaths = (
			);
			runOnlyForDeploymentPostprocessing = 0;
			shellPath = /bin/sh;
			shellScript = "# Run the unit tests in this test bundle.\n\"${SYSTEM_DEVELOPER_DIR}/Tools/RunUnitTests\"\n";
		};
/* End PBXShellScriptBuildPhase section */

/* Begin PBXSourcesBuildPhase section */
		D387EF071536EF0400635736 /* Sources */ = {
			isa = PBXSourcesBuildPhase;
			buildActionMask = 2147483647;
			files = (
				D387EF1C1536EF0400635736 /* main.m in Sources */,
				D387EF201536EF0400635736 /* QATAppDelegate.m in Sources */,
				D387EF261536EF0400635736 /* QATViewController.m in Sources */,
				D387EF461536FADF00635736 /* QATTopicsListViewController.m in Sources */,
				D387EF491537192600635736 /* QATTopicDetailsViewController.m in Sources */,
				D338B77E153B0DE200611765 /* QATPlanningPokerViewController.m in Sources */,
				D3972B88157D4F91000C1819 /* QATMainMenuListViewController.m in Sources */,
				6D5421DB1595148A0079061F /* QATQuestionsTableViewController.m in Sources */,
			);
			runOnlyForDeploymentPostprocessing = 0;
		};
		D387EF271536EF0400635736 /* Sources */ = {
			isa = PBXSourcesBuildPhase;
			buildActionMask = 2147483647;
			files = (
				D387EF3B1536EF0500635736 /* AgileToolboxTests.m in Sources */,
			);
			runOnlyForDeploymentPostprocessing = 0;
		};
		D3972B97157D89C7000C1819 /* Sources */ = {
			isa = PBXSourcesBuildPhase;
			buildActionMask = 2147483647;
			files = (
				D3972BA8157D89C7000C1819 /* LogicUnitTests.m in Sources */,
				D3C986DF15A74FC8007A41D8 /* QATMainMenuListViewControllerTests.m in Sources */,
				D3C986E115A7543B007A41D8 /* QATMainMenuListViewController.m in Sources */,
			);
			runOnlyForDeploymentPostprocessing = 0;
		};
		D3C1F5DC15A4544200F0900D /* Sources */ = {
			isa = PBXSourcesBuildPhase;
			buildActionMask = 2147483647;
			files = (
				D3C1F5E715A4544200F0900D /* QATConnection.m in Sources */,
				D3C986E915A78409007A41D8 /* QATSmartTableViewCell.m in Sources */,
				D3C986F215A7955F007A41D8 /* QATMenuListSmartTableViewCell.m in Sources */,
				D3C9870215A9EB0A007A41D8 /* QATQuestionsDataSource.m in Sources */,
			);
			runOnlyForDeploymentPostprocessing = 0;
		};
		D3C1F5E815A4544200F0900D /* Sources */ = {
			isa = PBXSourcesBuildPhase;
			buildActionMask = 2147483647;
			files = (
				D3C1F60315A4577E00F0900D /* QATConnectionTests.m in Sources */,
				D3C986E515A7832F007A41D8 /* QATSmartTableViewCellTest.m in Sources */,
				D3C986EE15A793E7007A41D8 /* QATMenuListSmartTableViewCellTests.m in Sources */,
				D3C986FA15A89E1C007A41D8 /* QATQuestionsDataSourceTests.m in Sources */,
			);
			runOnlyForDeploymentPostprocessing = 0;
		};
/* End PBXSourcesBuildPhase section */

/* Begin PBXTargetDependency section */
		D387EF321536EF0500635736 /* PBXTargetDependency */ = {
			isa = PBXTargetDependency;
			target = D387EF0A1536EF0400635736 /* AgileToolbox */;
			targetProxy = D387EF311536EF0500635736 /* PBXContainerItemProxy */;
		};
		D3C1F5F215A4544300F0900D /* PBXTargetDependency */ = {
			isa = PBXTargetDependency;
			target = D3C1F5DF15A4544200F0900D /* QATLibrary */;
			targetProxy = D3C1F5F115A4544300F0900D /* PBXContainerItemProxy */;
		};
		D3C986F615A79ECD007A41D8 /* PBXTargetDependency */ = {
			isa = PBXTargetDependency;
			target = D3C1F5DF15A4544200F0900D /* QATLibrary */;
			targetProxy = D3C986F515A79ECD007A41D8 /* PBXContainerItemProxy */;
		};
/* End PBXTargetDependency section */

/* Begin PBXVariantGroup section */
		D387EF181536EF0400635736 /* InfoPlist.strings */ = {
			isa = PBXVariantGroup;
			children = (
				D387EF191536EF0400635736 /* en */,
			);
			name = InfoPlist.strings;
			sourceTree = "<group>";
		};
		D387EF211536EF0400635736 /* MainStoryboard.storyboard */ = {
			isa = PBXVariantGroup;
			children = (
				D387EF221536EF0400635736 /* en */,
			);
			name = MainStoryboard.storyboard;
			sourceTree = "<group>";
		};
		D387EF361536EF0500635736 /* InfoPlist.strings */ = {
			isa = PBXVariantGroup;
			children = (
				D387EF371536EF0500635736 /* en */,
			);
			name = InfoPlist.strings;
			sourceTree = "<group>";
		};
		D3972BA3157D89C7000C1819 /* InfoPlist.strings */ = {
			isa = PBXVariantGroup;
			children = (
				D3972BA4157D89C7000C1819 /* en */,
			);
			name = InfoPlist.strings;
			sourceTree = "<group>";
		};
		D3C1F5F715A4544300F0900D /* InfoPlist.strings */ = {
			isa = PBXVariantGroup;
			children = (
				D3C1F5F815A4544300F0900D /* en */,
			);
			name = InfoPlist.strings;
			sourceTree = "<group>";
		};
/* End PBXVariantGroup section */

/* Begin XCBuildConfiguration section */
		D387EF3C1536EF0500635736 /* Debug */ = {
			isa = XCBuildConfiguration;
			buildSettings = {
				ALWAYS_SEARCH_USER_PATHS = NO;
				ARCHS = "$(ARCHS_STANDARD_32_BIT)";
				CLANG_ENABLE_OBJC_ARC = YES;
				"CODE_SIGN_IDENTITY[sdk=iphoneos*]" = "iPhone Developer";
				COPY_PHASE_STRIP = NO;
				GCC_C_LANGUAGE_STANDARD = gnu99;
				GCC_DYNAMIC_NO_PIC = NO;
				GCC_OPTIMIZATION_LEVEL = 0;
				GCC_PREPROCESSOR_DEFINITIONS = (
					"DEBUG=1",
					"$(inherited)",
				);
				GCC_SYMBOLS_PRIVATE_EXTERN = NO;
				GCC_VERSION = com.apple.compilers.llvm.clang.1_0;
				GCC_WARN_ABOUT_RETURN_TYPE = YES;
				GCC_WARN_UNINITIALIZED_AUTOS = YES;
				GCC_WARN_UNUSED_VARIABLE = YES;
				IPHONEOS_DEPLOYMENT_TARGET = 5.1;
				SDKROOT = iphoneos;
			};
			name = Debug;
		};
		D387EF3D1536EF0500635736 /* Release */ = {
			isa = XCBuildConfiguration;
			buildSettings = {
				ALWAYS_SEARCH_USER_PATHS = NO;
				ARCHS = "$(ARCHS_STANDARD_32_BIT)";
				CLANG_ENABLE_OBJC_ARC = YES;
				"CODE_SIGN_IDENTITY[sdk=iphoneos*]" = "iPhone Developer";
				COPY_PHASE_STRIP = YES;
				GCC_C_LANGUAGE_STANDARD = gnu99;
				GCC_VERSION = com.apple.compilers.llvm.clang.1_0;
				GCC_WARN_ABOUT_RETURN_TYPE = YES;
				GCC_WARN_UNINITIALIZED_AUTOS = YES;
				GCC_WARN_UNUSED_VARIABLE = YES;
				IPHONEOS_DEPLOYMENT_TARGET = 5.1;
				OTHER_CFLAGS = "-DNS_BLOCK_ASSERTIONS=1";
				SDKROOT = iphoneos;
				VALIDATE_PRODUCT = YES;
			};
			name = Release;
		};
		D387EF3F1536EF0500635736 /* Debug */ = {
			isa = XCBuildConfiguration;
			buildSettings = {
				GCC_PRECOMPILE_PREFIX_HEADER = YES;
				GCC_PREFIX_HEADER = "AgileToolbox/AgileToolbox-Prefix.pch";
				INFOPLIST_FILE = "AgileToolbox/AgileToolbox-Info.plist";
				IPHONEOS_DEPLOYMENT_TARGET = 5.1;
				PRODUCT_NAME = "$(TARGET_NAME)";
				WRAPPER_EXTENSION = app;
			};
			name = Debug;
		};
		D387EF401536EF0500635736 /* Release */ = {
			isa = XCBuildConfiguration;
			buildSettings = {
				GCC_PRECOMPILE_PREFIX_HEADER = YES;
				GCC_PREFIX_HEADER = "AgileToolbox/AgileToolbox-Prefix.pch";
				INFOPLIST_FILE = "AgileToolbox/AgileToolbox-Info.plist";
				IPHONEOS_DEPLOYMENT_TARGET = 5.1;
				PRODUCT_NAME = "$(TARGET_NAME)";
				WRAPPER_EXTENSION = app;
			};
			name = Release;
		};
		D387EF421536EF0500635736 /* Debug */ = {
			isa = XCBuildConfiguration;
			buildSettings = {
				BUNDLE_LOADER = "$(BUILT_PRODUCTS_DIR)/AgileToolbox.app/AgileToolbox";
				FRAMEWORK_SEARCH_PATHS = (
					"$(SDKROOT)/Developer/Library/Frameworks",
					"$(DEVELOPER_LIBRARY_DIR)/Frameworks",
				);
				GCC_PRECOMPILE_PREFIX_HEADER = YES;
				GCC_PREFIX_HEADER = "AgileToolbox/AgileToolbox-Prefix.pch";
				HEADER_SEARCH_PATHS = "\"$(PROJECT_DIR)/OCMock/include\"";
				INFOPLIST_FILE = "AgileToolboxTests/AgileToolboxTests-Info.plist";
				LIBRARY_SEARCH_PATHS = (
					"$(inherited)",
					"\"$(SRCROOT)/OCMock/lib\"",
				);
				OTHER_LDFLAGS = (
					"-force_load",
					"\"$(SRCROOT)/OCMock/lib/libOCMock.a\"",
				);
				PRODUCT_NAME = "$(TARGET_NAME)";
				TEST_HOST = "$(BUNDLE_LOADER)";
				WRAPPER_EXTENSION = octest;
			};
			name = Debug;
		};
		D387EF431536EF0500635736 /* Release */ = {
			isa = XCBuildConfiguration;
			buildSettings = {
				BUNDLE_LOADER = "$(BUILT_PRODUCTS_DIR)/AgileToolbox.app/AgileToolbox";
				FRAMEWORK_SEARCH_PATHS = (
					"$(SDKROOT)/Developer/Library/Frameworks",
					"$(DEVELOPER_LIBRARY_DIR)/Frameworks",
				);
				GCC_PRECOMPILE_PREFIX_HEADER = YES;
				GCC_PREFIX_HEADER = "AgileToolbox/AgileToolbox-Prefix.pch";
				HEADER_SEARCH_PATHS = "\"$(PROJECT_DIR)/OCMock/include\"";
				INFOPLIST_FILE = "AgileToolboxTests/AgileToolboxTests-Info.plist";
				LIBRARY_SEARCH_PATHS = (
					"$(inherited)",
					"\"$(SRCROOT)/OCMock/lib\"",
				);
				OTHER_LDFLAGS = (
					"-force_load",
					"\"$(SRCROOT)/OCMock/lib/libOCMock.a\"",
				);
				PRODUCT_NAME = "$(TARGET_NAME)";
				TEST_HOST = "$(BUNDLE_LOADER)";
				WRAPPER_EXTENSION = octest;
			};
			name = Release;
		};
		D3972BAB157D89C7000C1819 /* Debug */ = {
			isa = XCBuildConfiguration;
			buildSettings = {
				FRAMEWORK_SEARCH_PATHS = (
					"$(SDKROOT)/Developer/Library/Frameworks",
					"$(DEVELOPER_LIBRARY_DIR)/Frameworks",
				);
				GCC_PRECOMPILE_PREFIX_HEADER = YES;
				GCC_PREFIX_HEADER = "LogicUnitTests/LogicUnitTests-Prefix.pch";
				HEADER_SEARCH_PATHS = "\"$(PROJECT_DIR)/OCMock/include\"";
				INFOPLIST_FILE = "LogicUnitTests/LogicUnitTests-Info.plist";
				LIBRARY_SEARCH_PATHS = (
					"$(inherited)",
					"\"$(SRCROOT)/OCMock/lib\"",
				);
				OTHER_LDFLAGS = (
					"-force_load",
					"\"$(SRCROOT)/OCMock/lib/libOCMock.a\"",
				);
				PRODUCT_NAME = "$(TARGET_NAME)";
				TEST_AFTER_BUILD = NO;
				WRAPPER_EXTENSION = octest;
			};
			name = Debug;
		};
		D3972BAC157D89C7000C1819 /* Release */ = {
			isa = XCBuildConfiguration;
			buildSettings = {
				FRAMEWORK_SEARCH_PATHS = (
					"$(SDKROOT)/Developer/Library/Frameworks",
					"$(DEVELOPER_LIBRARY_DIR)/Frameworks",
				);
				GCC_PRECOMPILE_PREFIX_HEADER = YES;
				GCC_PREFIX_HEADER = "LogicUnitTests/LogicUnitTests-Prefix.pch";
				HEADER_SEARCH_PATHS = "\"$(PROJECT_DIR)/OCMock/include\"";
				INFOPLIST_FILE = "LogicUnitTests/LogicUnitTests-Info.plist";
				LIBRARY_SEARCH_PATHS = (
					"$(inherited)",
					"\"$(SRCROOT)/OCMock/lib\"",
				);
				OTHER_LDFLAGS = (
					"-force_load",
					"\"$(SRCROOT)/OCMock/lib/libOCMock.a\"",
				);
				PRODUCT_NAME = "$(TARGET_NAME)";
				TEST_AFTER_BUILD = NO;
				WRAPPER_EXTENSION = octest;
			};
			name = Release;
		};
		D3C1F5FE15A4544300F0900D /* Debug */ = {
			isa = XCBuildConfiguration;
			buildSettings = {
				DSTROOT = /tmp/QATLibrary.dst;
				GCC_PRECOMPILE_PREFIX_HEADER = YES;
				GCC_PREFIX_HEADER = "QATLibrary/QATLibrary-Prefix.pch";
				OTHER_LDFLAGS = "-ObjC";
				PRODUCT_NAME = "$(TARGET_NAME)";
				SKIP_INSTALL = YES;
			};
			name = Debug;
		};
		D3C1F5FF15A4544300F0900D /* Release */ = {
			isa = XCBuildConfiguration;
			buildSettings = {
				DSTROOT = /tmp/QATLibrary.dst;
				GCC_PRECOMPILE_PREFIX_HEADER = YES;
				GCC_PREFIX_HEADER = "QATLibrary/QATLibrary-Prefix.pch";
				OTHER_LDFLAGS = "-ObjC";
				PRODUCT_NAME = "$(TARGET_NAME)";
				SKIP_INSTALL = YES;
			};
			name = Release;
		};
		D3C1F60115A4544300F0900D /* Debug */ = {
			isa = XCBuildConfiguration;
			buildSettings = {
				FRAMEWORK_SEARCH_PATHS = (
					"$(SDKROOT)/Developer/Library/Frameworks",
					"$(DEVELOPER_LIBRARY_DIR)/Frameworks",
				);
				GCC_PRECOMPILE_PREFIX_HEADER = YES;
				GCC_PREFIX_HEADER = "QATLibrary/QATLibrary-Prefix.pch";
				HEADER_SEARCH_PATHS = "\"$(PROJECT_DIR)/OCMock/include\"";
				INFOPLIST_FILE = "QATLibraryTests/QATLibraryTests-Info.plist";
				LIBRARY_SEARCH_PATHS = (
					"$(inherited)",
					"\"$(SRCROOT)/OCMock/lib\"",
				);
				OTHER_LDFLAGS = (
					"-force_load",
					"\"$(SRCROOT)/OCMock/lib/libOCMock.a\"",
					"-ObjC",
				);
				PRODUCT_NAME = "$(TARGET_NAME)";
				WRAPPER_EXTENSION = octest;
			};
			name = Debug;
		};
		D3C1F60215A4544300F0900D /* Release */ = {
			isa = XCBuildConfiguration;
			buildSettings = {
				FRAMEWORK_SEARCH_PATHS = (
					"$(SDKROOT)/Developer/Library/Frameworks",
					"$(DEVELOPER_LIBRARY_DIR)/Frameworks",
				);
				GCC_PRECOMPILE_PREFIX_HEADER = YES;
				GCC_PREFIX_HEADER = "QATLibrary/QATLibrary-Prefix.pch";
				HEADER_SEARCH_PATHS = "\"$(PROJECT_DIR)/OCMock/include\"";
				INFOPLIST_FILE = "QATLibraryTests/QATLibraryTests-Info.plist";
				LIBRARY_SEARCH_PATHS = (
					"$(inherited)",
					"\"$(SRCROOT)/OCMock/lib\"",
				);
				OTHER_LDFLAGS = (
					"-force_load",
					"\"$(SRCROOT)/OCMock/lib/libOCMock.a\"",
					"-ObjC",
				);
				PRODUCT_NAME = "$(TARGET_NAME)";
				WRAPPER_EXTENSION = octest;
			};
			name = Release;
		};
/* End XCBuildConfiguration section */

/* Begin XCConfigurationList section */
		D387EF051536EF0400635736 /* Build configuration list for PBXProject "AgileToolbox" */ = {
			isa = XCConfigurationList;
			buildConfigurations = (
				D387EF3C1536EF0500635736 /* Debug */,
				D387EF3D1536EF0500635736 /* Release */,
			);
			defaultConfigurationIsVisible = 0;
			defaultConfigurationName = Release;
		};
		D387EF3E1536EF0500635736 /* Build configuration list for PBXNativeTarget "AgileToolbox" */ = {
			isa = XCConfigurationList;
			buildConfigurations = (
				D387EF3F1536EF0500635736 /* Debug */,
				D387EF401536EF0500635736 /* Release */,
			);
			defaultConfigurationIsVisible = 0;
			defaultConfigurationName = Release;
		};
		D387EF411536EF0500635736 /* Build configuration list for PBXNativeTarget "ApplicationUnitTests" */ = {
			isa = XCConfigurationList;
			buildConfigurations = (
				D387EF421536EF0500635736 /* Debug */,
				D387EF431536EF0500635736 /* Release */,
			);
			defaultConfigurationIsVisible = 0;
			defaultConfigurationName = Release;
		};
		D3972BAA157D89C7000C1819 /* Build configuration list for PBXNativeTarget "LogicUnitTests" */ = {
			isa = XCConfigurationList;
			buildConfigurations = (
				D3972BAB157D89C7000C1819 /* Debug */,
				D3972BAC157D89C7000C1819 /* Release */,
			);
			defaultConfigurationIsVisible = 0;
			defaultConfigurationName = Release;
		};
		D3C1F5FD15A4544300F0900D /* Build configuration list for PBXNativeTarget "QATLibrary" */ = {
			isa = XCConfigurationList;
			buildConfigurations = (
				D3C1F5FE15A4544300F0900D /* Debug */,
				D3C1F5FF15A4544300F0900D /* Release */,
			);
			defaultConfigurationIsVisible = 0;
			defaultConfigurationName = Release;
		};
		D3C1F60015A4544300F0900D /* Build configuration list for PBXNativeTarget "QATLibraryTests" */ = {
			isa = XCConfigurationList;
			buildConfigurations = (
				D3C1F60115A4544300F0900D /* Debug */,
				D3C1F60215A4544300F0900D /* Release */,
			);
			defaultConfigurationIsVisible = 0;
			defaultConfigurationName = Release;
		};
/* End XCConfigurationList section */
	};
	rootObject = D387EF021536EF0400635736 /* Project object */;
}
