// !$*UTF8*$!
{
	archiveVersion = 1;
	classes = {
	};
	objectVersion = 46;
	objects = {

/* Begin PBXBuildFile section */
		D387EF101536EF0400635736 /* UIKit.framework in Frameworks */ = {isa = PBXBuildFile; fileRef = D387EF0F1536EF0400635736 /* UIKit.framework */; };
		D387EF121536EF0400635736 /* Foundation.framework in Frameworks */ = {isa = PBXBuildFile; fileRef = D387EF111536EF0400635736 /* Foundation.framework */; };
		D387EF141536EF0400635736 /* CoreGraphics.framework in Frameworks */ = {isa = PBXBuildFile; fileRef = D387EF131536EF0400635736 /* CoreGraphics.framework */; };
		D387EF1A1536EF0400635736 /* InfoPlist.strings in Resources */ = {isa = PBXBuildFile; fileRef = D387EF181536EF0400635736 /* InfoPlist.strings */; };
		D387EF1C1536EF0400635736 /* main.m in Sources */ = {isa = PBXBuildFile; fileRef = D387EF1B1536EF0400635736 /* main.m */; };
		D387EF201536EF0400635736 /* QATAppDelegate.m in Sources */ = {isa = PBXBuildFile; fileRef = D387EF1F1536EF0400635736 /* QATAppDelegate.m */; };
		D387EF231536EF0400635736 /* MainStoryboard.storyboard in Resources */ = {isa = PBXBuildFile; fileRef = D387EF211536EF0400635736 /* MainStoryboard.storyboard */; };
		D387EF261536EF0400635736 /* QATViewController.m in Sources */ = {isa = PBXBuildFile; fileRef = D387EF251536EF0400635736 /* QATViewController.m */; };
		D387EF2E1536EF0400635736 /* SenTestingKit.framework in Frameworks */ = {isa = PBXBuildFile; fileRef = D387EF2D1536EF0400635736 /* SenTestingKit.framework */; };
		D387EF2F1536EF0500635736 /* UIKit.framework in Frameworks */ = {isa = PBXBuildFile; fileRef = D387EF0F1536EF0400635736 /* UIKit.framework */; };
		D387EF301536EF0500635736 /* Foundation.framework in Frameworks */ = {isa = PBXBuildFile; fileRef = D387EF111536EF0400635736 /* Foundation.framework */; };
		D387EF381536EF0500635736 /* InfoPlist.strings in Resources */ = {isa = PBXBuildFile; fileRef = D387EF361536EF0500635736 /* InfoPlist.strings */; };
		D387EF3B1536EF0500635736 /* AgileToolboxTests.m in Sources */ = {isa = PBXBuildFile; fileRef = D387EF3A1536EF0500635736 /* AgileToolboxTests.m */; };
/* End PBXBuildFile section */

/* Begin PBXContainerItemProxy section */
		D387EF311536EF0500635736 /* PBXContainerItemProxy */ = {
			isa = PBXContainerItemProxy;
			containerPortal = D387EF021536EF0400635736 /* Project object */;
			proxyType = 1;
			remoteGlobalIDString = D387EF0A1536EF0400635736;
			remoteInfo = AgileToolbox;
		};
/* End PBXContainerItemProxy section */

/* Begin PBXFileReference section */
		D387EF0B1536EF0400635736 /* AgileToolbox.app */ = {isa = PBXFileReference; explicitFileType = wrapper.application; includeInIndex = 0; path = AgileToolbox.app; sourceTree = BUILT_PRODUCTS_DIR; };
		D387EF0F1536EF0400635736 /* UIKit.framework */ = {isa = PBXFileReference; lastKnownFileType = wrapper.framework; name = UIKit.framework; path = System/Library/Frameworks/UIKit.framework; sourceTree = SDKROOT; };
		D387EF111536EF0400635736 /* Foundation.framework */ = {isa = PBXFileReference; lastKnownFileType = wrapper.framework; name = Foundation.framework; path = System/Library/Frameworks/Foundation.framework; sourceTree = SDKROOT; };
		D387EF131536EF0400635736 /* CoreGraphics.framework */ = {isa = PBXFileReference; lastKnownFileType = wrapper.framework; name = CoreGraphics.framework; path = System/Library/Frameworks/CoreGraphics.framework; sourceTree = SDKROOT; };
		D387EF171536EF0400635736 /* AgileToolbox-Info.plist */ = {isa = PBXFileReference; path = "AgileToolbox-Info.plist"; sourceTree = "<group>"; };
		D387EF191536EF0400635736 /* en */ = {isa = PBXFileReference; lastKnownFileType = text.plist.strings; name = en; path = en.lproj/InfoPlist.strings; sourceTree = "<group>"; };
		D387EF1B1536EF0400635736 /* main.m */ = {isa = PBXFileReference; lastKnownFileType = sourcecode.c.objc; path = main.m; sourceTree = "<group>"; };
		D387EF1D1536EF0400635736 /* AgileToolbox-Prefix.pch */ = {isa = PBXFileReference; path = "AgileToolbox-Prefix.pch"; sourceTree = "<group>"; };
		D387EF1E1536EF0400635736 /* QATAppDelegate.h */ = {isa = PBXFileReference; path = QATAppDelegate.h; sourceTree = "<group>"; };
		D387EF1F1536EF0400635736 /* QATAppDelegate.m */ = {isa = PBXFileReference; lastKnownFileType = sourcecode.c.objc; path = QATAppDelegate.m; sourceTree = "<group>"; };
		D387EF221536EF0400635736 /* en */ = {isa = PBXFileReference; lastKnownFileType = file.storyboard; name = en; path = en.lproj/MainStoryboard.storyboard; sourceTree = "<group>"; };
		D387EF241536EF0400635736 /* QATViewController.h */ = {isa = PBXFileReference; path = QATViewController.h; sourceTree = "<group>"; };
		D387EF251536EF0400635736 /* QATViewController.m */ = {isa = PBXFileReference; lastKnownFileType = sourcecode.c.objc; path = QATViewController.m; sourceTree = "<group>"; };
		D387EF2C1536EF0400635736 /* AgileToolboxTests.octest */ = {isa = PBXFileReference; explicitFileType = wrapper.cfbundle; includeInIndex = 0; path = AgileToolboxTests.octest; sourceTree = BUILT_PRODUCTS_DIR; };
		D387EF2D1536EF0400635736 /* SenTestingKit.framework */ = {isa = PBXFileReference; lastKnownFileType = wrapper.framework; name = SenTestingKit.framework; path = Library/Frameworks/SenTestingKit.framework; sourceTree = DEVELOPER_DIR; };
		D387EF351536EF0500635736 /* AgileToolboxTests-Info.plist */ = {isa = PBXFileReference; path = "AgileToolboxTests-Info.plist"; sourceTree = "<group>"; };
		D387EF371536EF0500635736 /* en */ = {isa = PBXFileReference; lastKnownFileType = text.plist.strings; name = en; path = en.lproj/InfoPlist.strings; sourceTree = "<group>"; };
		D387EF391536EF0500635736 /* AgileToolboxTests.h */ = {isa = PBXFileReference; path = AgileToolboxTests.h; sourceTree = "<group>"; };
		D387EF3A1536EF0500635736 /* AgileToolboxTests.m */ = {isa = PBXFileReference; lastKnownFileType = sourcecode.c.objc; path = AgileToolboxTests.m; sourceTree = "<group>"; };
/* End PBXFileReference section */

/* Begin PBXFrameworksBuildPhase section */
		D387EF081536EF0400635736 /* Frameworks */ = {
			isa = PBXFrameworksBuildPhase;
			buildActionMask = 2147483647;
			files = (
				D387EF101536EF0400635736 /* UIKit.framework in Frameworks */,
				D387EF121536EF0400635736 /* Foundation.framework in Frameworks */,
				D387EF141536EF0400635736 /* CoreGraphics.framework in Frameworks */,
			);
			runOnlyForDeploymentPostprocessing = 0;
		};
		D387EF281536EF0400635736 /* Frameworks */ = {
			isa = PBXFrameworksBuildPhase;
			buildActionMask = 2147483647;
			files = (
				D387EF2E1536EF0400635736 /* SenTestingKit.framework in Frameworks */,
				D387EF2F1536EF0500635736 /* UIKit.framework in Frameworks */,
				D387EF301536EF0500635736 /* Foundation.framework in Frameworks */,
			);
			runOnlyForDeploymentPostprocessing = 0;
		};
/* End PBXFrameworksBuildPhase section */

/* Begin PBXGroup section */
		D387EF001536EF0400635736 = {
			isa = PBXGroup;
			children = (
				D387EF151536EF0400635736 /* AgileToolbox */,
				D387EF331536EF0500635736 /* AgileToolboxTests */,
				D387EF0E1536EF0400635736 /* Frameworks */,
				D387EF0C1536EF0400635736 /* Products */,
			);
			sourceTree = "<group>";
		};
		D387EF0C1536EF0400635736 /* Products */ = {
			isa = PBXGroup;
			children = (
				D387EF0B1536EF0400635736 /* AgileToolbox.app */,
				D387EF2C1536EF0400635736 /* AgileToolboxTests.octest */,
			);
			name = Products;
			sourceTree = "<group>";
		};
		D387EF0E1536EF0400635736 /* Frameworks */ = {
			isa = PBXGroup;
			children = (
				D387EF0F1536EF0400635736 /* UIKit.framework */,
				D387EF111536EF0400635736 /* Foundation.framework */,
				D387EF131536EF0400635736 /* CoreGraphics.framework */,
				D387EF2D1536EF0400635736 /* SenTestingKit.framework */,
			);
			name = Frameworks;
			sourceTree = "<group>";
		};
		D387EF151536EF0400635736 /* AgileToolbox */ = {
			isa = PBXGroup;
			children = (
				D387EF1E1536EF0400635736 /* QATAppDelegate.h */,
				D387EF1F1536EF0400635736 /* QATAppDelegate.m */,
				D387EF211536EF0400635736 /* MainStoryboard.storyboard */,
				D387EF241536EF0400635736 /* QATViewController.h */,
				D387EF251536EF0400635736 /* QATViewController.m */,
				D387EF161536EF0400635736 /* Supporting Files */,
			);
			path = AgileToolbox;
			sourceTree = "<group>";
		};
		D387EF161536EF0400635736 /* Supporting Files */ = {
			isa = PBXGroup;
			children = (
				D387EF171536EF0400635736 /* AgileToolbox-Info.plist */,
				D387EF181536EF0400635736 /* InfoPlist.strings */,
				D387EF1B1536EF0400635736 /* main.m */,
				D387EF1D1536EF0400635736 /* AgileToolbox-Prefix.pch */,
			);
			name = "Supporting Files";
			sourceTree = "<group>";
		};
		D387EF331536EF0500635736 /* AgileToolboxTests */ = {
			isa = PBXGroup;
			children = (
				D387EF391536EF0500635736 /* AgileToolboxTests.h */,
				D387EF3A1536EF0500635736 /* AgileToolboxTests.m */,
				D387EF341536EF0500635736 /* Supporting Files */,
			);
			path = AgileToolboxTests;
			sourceTree = "<group>";
		};
		D387EF341536EF0500635736 /* Supporting Files */ = {
			isa = PBXGroup;
			children = (
				D387EF351536EF0500635736 /* AgileToolboxTests-Info.plist */,
				D387EF361536EF0500635736 /* InfoPlist.strings */,
			);
			name = "Supporting Files";
			sourceTree = "<group>";
		};
/* End PBXGroup section */

/* Begin PBXNativeTarget section */
		D387EF0A1536EF0400635736 /* AgileToolbox */ = {
			isa = PBXNativeTarget;
			buildConfigurationList = D387EF3E1536EF0500635736 /* Build configuration list for PBXNativeTarget "AgileToolbox" */;
			buildPhases = (
				D387EF071536EF0400635736 /* Sources */,
				D387EF081536EF0400635736 /* Frameworks */,
				D387EF091536EF0400635736 /* Resources */,
			);
			buildRules = (
			);
			dependencies = (
			);
			name = AgileToolbox;
			productName = AgileToolbox;
			productReference = D387EF0B1536EF0400635736 /* AgileToolbox.app */;
			productType = "com.apple.product-type.application";
		};
		D387EF2B1536EF0400635736 /* AgileToolboxTests */ = {
			isa = PBXNativeTarget;
			buildConfigurationList = D387EF411536EF0500635736 /* Build configuration list for PBXNativeTarget "AgileToolboxTests" */;
			buildPhases = (
				D387EF271536EF0400635736 /* Sources */,
				D387EF281536EF0400635736 /* Frameworks */,
				D387EF291536EF0400635736 /* Resources */,
				D387EF2A1536EF0400635736 /* ShellScript */,
			);
			buildRules = (
			);
			dependencies = (
				D387EF321536EF0500635736 /* PBXTargetDependency */,
			);
			name = AgileToolboxTests;
			productName = AgileToolboxTests;
			productReference = D387EF2C1536EF0400635736 /* AgileToolboxTests.octest */;
			productType = "com.apple.product-type.bundle";
		};
/* End PBXNativeTarget section */

/* Begin PBXProject section */
		D387EF021536EF0400635736 /* Project object */ = {
			isa = PBXProject;
			attributes = {
				CLASSPREFIX = QAT;
				LastUpgradeCheck = 0430;
			};
			buildConfigurationList = D387EF051536EF0400635736 /* Build configuration list for PBXProject "AgileToolbox" */;
			compatibilityVersion = "Xcode 3.2";
			developmentRegion = English;
			hasScannedForEncodings = 0;
			knownRegions = (
				en,
			);
			mainGroup = D387EF001536EF0400635736;
			productRefGroup = D387EF0C1536EF0400635736 /* Products */;
			projectDirPath = "";
			projectRoot = "";
			targets = (
				D387EF0A1536EF0400635736 /* AgileToolbox */,
				D387EF2B1536EF0400635736 /* AgileToolboxTests */,
			);
		};
/* End PBXProject section */

/* Begin PBXResourcesBuildPhase section */
		D387EF091536EF0400635736 /* Resources */ = {
			isa = PBXResourcesBuildPhase;
			buildActionMask = 2147483647;
			files = (
				D387EF1A1536EF0400635736 /* InfoPlist.strings in Resources */,
				D387EF231536EF0400635736 /* MainStoryboard.storyboard in Resources */,
			);
			runOnlyForDeploymentPostprocessing = 0;
		};
		D387EF291536EF0400635736 /* Resources */ = {
			isa = PBXResourcesBuildPhase;
			buildActionMask = 2147483647;
			files = (
				D387EF381536EF0500635736 /* InfoPlist.strings in Resources */,
			);
			runOnlyForDeploymentPostprocessing = 0;
		};
/* End PBXResourcesBuildPhase section */

/* Begin PBXShellScriptBuildPhase section */
		D387EF2A1536EF0400635736 /* ShellScript */ = {
			isa = PBXShellScriptBuildPhase;
			buildActionMask = 2147483647;
			files = (
			);
			inputPaths = (
			);
			outputPaths = (
			);
			runOnlyForDeploymentPostprocessing = 0;
			shellPath = /bin/sh;
			shellScript = "# Run the unit tests in this test bundle.\n\"${SYSTEM_DEVELOPER_DIR}/Tools/RunUnitTests\"\n";
		};
/* End PBXShellScriptBuildPhase section */

/* Begin PBXSourcesBuildPhase section */
		D387EF071536EF0400635736 /* Sources */ = {
			isa = PBXSourcesBuildPhase;
			buildActionMask = 2147483647;
			files = (
				D387EF1C1536EF0400635736 /* main.m in Sources */,
				D387EF201536EF0400635736 /* QATAppDelegate.m in Sources */,
				D387EF261536EF0400635736 /* QATViewController.m in Sources */,
			);
			runOnlyForDeploymentPostprocessing = 0;
		};
		D387EF271536EF0400635736 /* Sources */ = {
			isa = PBXSourcesBuildPhase;
			buildActionMask = 2147483647;
			files = (
				D387EF3B1536EF0500635736 /* AgileToolboxTests.m in Sources */,
			);
			runOnlyForDeploymentPostprocessing = 0;
		};
/* End PBXSourcesBuildPhase section */

/* Begin PBXTargetDependency section */
		D387EF321536EF0500635736 /* PBXTargetDependency */ = {
			isa = PBXTargetDependency;
			target = D387EF0A1536EF0400635736 /* AgileToolbox */;
			targetProxy = D387EF311536EF0500635736 /* PBXContainerItemProxy */;
		};
/* End PBXTargetDependency section */

/* Begin PBXVariantGroup section */
		D387EF181536EF0400635736 /* InfoPlist.strings */ = {
			isa = PBXVariantGroup;
			children = (
				D387EF191536EF0400635736 /* en */,
			);
			name = InfoPlist.strings;
			sourceTree = "<group>";
		};
		D387EF211536EF0400635736 /* MainStoryboard.storyboard */ = {
			isa = PBXVariantGroup;
			children = (
				D387EF221536EF0400635736 /* en */,
			);
			name = MainStoryboard.storyboard;
			sourceTree = "<group>";
		};
		D387EF361536EF0500635736 /* InfoPlist.strings */ = {
			isa = PBXVariantGroup;
			children = (
				D387EF371536EF0500635736 /* en */,
			);
			name = InfoPlist.strings;
			sourceTree = "<group>";
		};
/* End PBXVariantGroup section */

/* Begin XCBuildConfiguration section */
		D387EF3C1536EF0500635736 /* Debug */ = {
			isa = XCBuildConfiguration;
			buildSettings = {
				ALWAYS_SEARCH_USER_PATHS = NO;
				ARCHS = "$(ARCHS_STANDARD_32_BIT)";
				CLANG_ENABLE_OBJC_ARC = YES;
				"CODE_SIGN_IDENTITY[sdk=iphoneos*]" = "iPhone Developer";
				COPY_PHASE_STRIP = NO;
				GCC_C_LANGUAGE_STANDARD = gnu99;
				GCC_DYNAMIC_NO_PIC = NO;
				GCC_OPTIMIZATION_LEVEL = 0;
				GCC_PREPROCESSOR_DEFINITIONS = (
					"DEBUG=1",
					"$(inherited)",
				);
				GCC_SYMBOLS_PRIVATE_EXTERN = NO;
				GCC_VERSION = com.apple.compilers.llvm.clang.1_0;
				GCC_WARN_ABOUT_RETURN_TYPE = YES;
				GCC_WARN_UNINITIALIZED_AUTOS = YES;
				GCC_WARN_UNUSED_VARIABLE = YES;
				IPHONEOS_DEPLOYMENT_TARGET = 5.1;
				SDKROOT = iphoneos;
			};
			name = Debug;
		};
		D387EF3D1536EF0500635736 /* Release */ = {
			isa = XCBuildConfiguration;
			buildSettings = {
				ALWAYS_SEARCH_USER_PATHS = NO;
				ARCHS = "$(ARCHS_STANDARD_32_BIT)";
				CLANG_ENABLE_OBJC_ARC = YES;
				"CODE_SIGN_IDENTITY[sdk=iphoneos*]" = "iPhone Developer";
				COPY_PHASE_STRIP = YES;
				GCC_C_LANGUAGE_STANDARD = gnu99;
				GCC_VERSION = com.apple.compilers.llvm.clang.1_0;
				GCC_WARN_ABOUT_RETURN_TYPE = YES;
				GCC_WARN_UNINITIALIZED_AUTOS = YES;
				GCC_WARN_UNUSED_VARIABLE = YES;
				IPHONEOS_DEPLOYMENT_TARGET = 5.1;
				OTHER_CFLAGS = "-DNS_BLOCK_ASSERTIONS=1";
				SDKROOT = iphoneos;
				VALIDATE_PRODUCT = YES;
			};
			name = Release;
		};
		D387EF3F1536EF0500635736 /* Debug */ = {
			isa = XCBuildConfiguration;
			buildSettings = {
				GCC_PRECOMPILE_PREFIX_HEADER = YES;
				GCC_PREFIX_HEADER = "AgileToolbox/AgileToolbox-Prefix.pch";
				INFOPLIST_FILE = "AgileToolbox/AgileToolbox-Info.plist";
				PRODUCT_NAME = "$(TARGET_NAME)";
				WRAPPER_EXTENSION = app;
			};
			name = Debug;
		};
		D387EF401536EF0500635736 /* Release */ = {
			isa = XCBuildConfiguration;
			buildSettings = {
				GCC_PRECOMPILE_PREFIX_HEADER = YES;
				GCC_PREFIX_HEADER = "AgileToolbox/AgileToolbox-Prefix.pch";
				INFOPLIST_FILE = "AgileToolbox/AgileToolbox-Info.plist";
				PRODUCT_NAME = "$(TARGET_NAME)";
				WRAPPER_EXTENSION = app;
			};
			name = Release;
		};
		D387EF421536EF0500635736 /* Debug */ = {
			isa = XCBuildConfiguration;
			buildSettings = {
				BUNDLE_LOADER = "$(BUILT_PRODUCTS_DIR)/AgileToolbox.app/AgileToolbox";
				FRAMEWORK_SEARCH_PATHS = (
					"$(SDKROOT)/Developer/Library/Frameworks",
					"$(DEVELOPER_LIBRARY_DIR)/Frameworks",
				);
				GCC_PRECOMPILE_PREFIX_HEADER = YES;
				GCC_PREFIX_HEADER = "AgileToolbox/AgileToolbox-Prefix.pch";
				INFOPLIST_FILE = "AgileToolboxTests/AgileToolboxTests-Info.plist";
				PRODUCT_NAME = "$(TARGET_NAME)";
				TEST_HOST = "$(BUNDLE_LOADER)";
				WRAPPER_EXTENSION = octest;
			};
			name = Debug;
		};
		D387EF431536EF0500635736 /* Release */ = {
			isa = XCBuildConfiguration;
			buildSettings = {
				BUNDLE_LOADER = "$(BUILT_PRODUCTS_DIR)/AgileToolbox.app/AgileToolbox";
				FRAMEWORK_SEARCH_PATHS = (
					"$(SDKROOT)/Developer/Library/Frameworks",
					"$(DEVELOPER_LIBRARY_DIR)/Frameworks",
				);
				GCC_PRECOMPILE_PREFIX_HEADER = YES;
				GCC_PREFIX_HEADER = "AgileToolbox/AgileToolbox-Prefix.pch";
				INFOPLIST_FILE = "AgileToolboxTests/AgileToolboxTests-Info.plist";
				PRODUCT_NAME = "$(TARGET_NAME)";
				TEST_HOST = "$(BUNDLE_LOADER)";
				WRAPPER_EXTENSION = octest;
			};
			name = Release;
		};
/* End XCBuildConfiguration section */

/* Begin XCConfigurationList section */
		D387EF051536EF0400635736 /* Build configuration list for PBXProject "AgileToolbox" */ = {
			isa = XCConfigurationList;
			buildConfigurations = (
				D387EF3C1536EF0500635736 /* Debug */,
				D387EF3D1536EF0500635736 /* Release */,
			);
			defaultConfigurationIsVisible = 0;
			defaultConfigurationName = Release;
		};
		D387EF3E1536EF0500635736 /* Build configuration list for PBXNativeTarget "AgileToolbox" */ = {
			isa = XCConfigurationList;
			buildConfigurations = (
				D387EF3F1536EF0500635736 /* Debug */,
				D387EF401536EF0500635736 /* Release */,
			);
			defaultConfigurationIsVisible = 0;
		};
		D387EF411536EF0500635736 /* Build configuration list for PBXNativeTarget "AgileToolboxTests" */ = {
			isa = XCConfigurationList;
			buildConfigurations = (
				D387EF421536EF0500635736 /* Debug */,
				D387EF431536EF0500635736 /* Release */,
			);
			defaultConfigurationIsVisible = 0;
		};
/* End XCConfigurationList section */
	};
	rootObject = D387EF021536EF0400635736 /* Project object */;
}
